{
  "version": 4,
  "terraform_version": "1.12.1",
  "serial": 75,
  "lineage": "9043d060-ea2d-4cf1-314a-169b4536fb02",
  "outputs": {
    "bastion_id": {
      "value": "ocid1.instance.oc1.ap-sydney-1.anzxsljruvuxtpqcj3lrot36eyfo4uyl3rqrt7z4u5aoz53mmhpytwrxgk3q",
      "type": "string"
    },
    "bastion_private_ip": {
      "value": "10.0.1.10",
      "type": "string"
    },
    "bastion_private_ip_id": {
      "value": "ocid1.privateip.oc1.ap-sydney-1.aaaaaaaaaqr7tqaghgrbf37ucq5by2qdqyrqskp5s3uazprtmrbmh7xfaara",
      "type": "string"
    },
    "bastion_public_ip": {
      "value": "152.67.114.133",
      "type": "string"
    },
    "bastion_vnic_id": {
      "value": "ocid1.vnic.oc1.ap-sydney-1.abzxsljr4uluu3fpp326txsrfivp25tczpe5mnkzrtiugofg7xeibgfnlrxa",
      "type": "string"
    },
    "private_instance_id": {
      "value": "ocid1.instance.oc1.ap-sydney-1.anzxsljruvuxtpqceattj43xifaygscmscp6ggxmoehdoy6v5hk3vpdqilvq",
      "type": "string"
    },
    "private_instance_private_ip": {
      "value": "10.0.2.10",
      "type": "string"
    },
    "private_instance_private_ip_id": {
      "value": "ocid1.privateip.oc1.ap-sydney-1.aaaaaaaaue7tfhndcg7kaptjeiatr5qxpefkdwmvhe7o3cywxuajrglmessq",
      "type": "string"
    },
    "private_instance_vnic_id": {
      "value": "ocid1.vnic.oc1.ap-sydney-1.abzxsljrcot4jyk5fpwdtyidzsf3t4rsrzfzwpfyy6b5at2ycr3r2moqvrsa",
      "type": "string"
    },
    "private_subnet_cidr": {
      "value": "10.0.2.0/24",
      "type": "string"
    },
    "public_subnet_cidr": {
      "value": "10.0.1.0/24",
      "type": "string"
    }
  },
  "resources": [
    {
      "mode": "managed",
      "type": "null_resource",
      "name": "ansible_provisioning",
      "provider": "provider[\"registry.terraform.io/hashicorp/null\"]",
      "instances": [
        {
          "status": "tainted",
          "schema_version": 0,
          "attributes": {
            "id": "1343554398103426695",
            "triggers": {
              "bastion_id": "ocid1.instance.oc1.ap-sydney-1.anzxsljruvuxtpqcj3lrot36eyfo4uyl3rqrt7z4u5aoz53mmhpytwrxgk3q",
              "private_instance_id": "ocid1.instance.oc1.ap-sydney-1.anzxsljruvuxtpqceattj43xifaygscmscp6ggxmoehdoy6v5hk3vpdqilvq",
              "second_private_instance_id": "none"
            }
          },
          "sensitive_attributes": [],
          "identity_schema_version": 0,
          "dependencies": [
            "oci_core_instance.bastion",
            "oci_core_instance.private_instance",
            "oci_core_instance.private_instance_secondary",
            "oci_core_internet_gateway.internet_gateway",
            "oci_core_nat_gateway.nat_gateway",
            "oci_core_route_table.private_route_table",
            "oci_core_route_table.public_route_table",
            "oci_core_security_list.private_security_list",
            "oci_core_security_list.public_security_list",
            "oci_core_subnet.private_subnet",
            "oci_core_subnet.public_subnet",
            "oci_core_vcn.vcn"
          ]
        }
      ]
    },
    {
      "mode": "managed",
      "type": "null_resource",
      "name": "detach_bastion_private_ip",
      "provider": "provider[\"registry.terraform.io/hashicorp/null\"]",
      "instances": [
        {
          "schema_version": 0,
          "attributes": {
            "id": "7936515589200117816",
            "triggers": {
              "private_ip_id": "ocid1.privateip.oc1.ap-sydney-1.aaaaaaaaaqr7tqaghgrbf37ucq5by2qdqyrqskp5s3uazprtmrbmh7xfaara"
            }
          },
          "sensitive_attributes": [],
          "identity_schema_version": 0,
          "dependencies": [
            "oci_core_instance.bastion",
            "oci_core_internet_gateway.internet_gateway",
            "oci_core_private_ip.bastion_private_ip",
            "oci_core_route_table.public_route_table",
            "oci_core_security_list.public_security_list",
            "oci_core_subnet.public_subnet",
            "oci_core_vcn.vcn",
            "oci_core_vnic_attachment.bastion_vnic_attachment"
          ]
        }
      ]
    },
    {
      "mode": "managed",
      "type": "null_resource",
      "name": "detach_private_instance_private_ip",
      "provider": "provider[\"registry.terraform.io/hashicorp/null\"]",
      "instances": [
        {
          "schema_version": 0,
          "attributes": {
            "id": "6664770299727736140",
            "triggers": {
              "private_ip_id": "ocid1.privateip.oc1.ap-sydney-1.aaaaaaaaue7tfhndcg7kaptjeiatr5qxpefkdwmvhe7o3cywxuajrglmessq"
            }
          },
          "sensitive_attributes": [],
          "identity_schema_version": 0,
          "dependencies": [
            "oci_core_instance.private_instance",
            "oci_core_nat_gateway.nat_gateway",
            "oci_core_private_ip.private_instance_private_ip",
            "oci_core_route_table.private_route_table",
            "oci_core_security_list.private_security_list",
            "oci_core_subnet.private_subnet",
            "oci_core_vcn.vcn",
            "oci_core_vnic_attachment.private_instance_vnic_attachment"
          ]
        }
      ]
    },
    {
      "mode": "managed",
      "type": "null_resource",
      "name": "detach_private_instance_secondary_private_ip",
      "provider": "provider[\"registry.terraform.io/hashicorp/null\"]",
      "instances": []
    },
    {
      "mode": "managed",
      "type": "oci_core_instance",
      "name": "bastion",
      "provider": "provider[\"registry.terraform.io/oracle/oci\"]",
      "instances": [
        {
          "schema_version": 0,
          "attributes": {
            "agent_config": [
              {
                "are_all_plugins_disabled": false,
                "is_management_disabled": false,
                "is_monitoring_disabled": false,
                "plugins_config": []
              }
            ],
            "async": null,
            "availability_config": [
              {
                "is_live_migration_preferred": false,
                "recovery_action": "RESTORE_INSTANCE"
              }
            ],
            "availability_domain": "Brdh:AP-SYDNEY-1-AD-1",
            "boot_volume_id": "ocid1.bootvolume.oc1.ap-sydney-1.abzxsljry26mihva3y5krht3sa6ot5ftvixgs7c6nwinw4i2yvpasojuaifq",
            "capacity_reservation_id": null,
            "cluster_placement_group_id": null,
            "compartment_id": "ocid1.compartment.oc1..aaaaaaaa3bfgcrogwd3smdq7aeybl3lamkkfvtwmedfkt7whoizspclhghnq",
            "compute_cluster_id": null,
            "create_vnic_details": [
              {
                "assign_ipv6ip": false,
                "assign_private_dns_record": false,
                "assign_public_ip": "true",
                "defined_tags": {},
                "display_name": "test-ext-bastion-vnic",
                "freeform_tags": {},
                "hostname_label": "ext-bastion",
                "ipv6address_ipv6subnet_cidr_pair_details": [],
                "nsg_ids": [],
                "private_ip": "10.0.1.209",
                "security_attributes": {},
                "skip_source_dest_check": false,
                "subnet_id": "ocid1.subnet.oc1.ap-sydney-1.aaaaaaaa5z5hsog6ehfm3lptmxksne5wi5jy5agxd2chpbwgudnoodrwuxqa",
                "vlan_id": ""
              }
            ],
            "dedicated_vm_host_id": null,
            "defined_tags": {},
            "display_name": "test-ext-bastion",
            "extended_metadata": {},
            "fault_domain": "FAULT-DOMAIN-3",
            "freeform_tags": {},
            "hostname_label": "ext-bastion",
            "id": "ocid1.instance.oc1.ap-sydney-1.anzxsljruvuxtpqcj3lrot36eyfo4uyl3rqrt7z4u5aoz53mmhpytwrxgk3q",
            "image": "ocid1.image.oc1.ap-sydney-1.aaaaaaaa7l5t44goumyeu2ahf6cknh5lkfcetwzdagl5tj6e7gsoyjhdt7sa",
            "instance_configuration_id": null,
            "instance_options": [
              {
                "are_legacy_imds_endpoints_disabled": false
              }
            ],
            "ipxe_script": null,
            "is_cross_numa_node": false,
            "is_pv_encryption_in_transit_enabled": null,
            "launch_mode": "PARAVIRTUALIZED",
            "launch_options": [
              {
                "boot_volume_type": "PARAVIRTUALIZED",
                "firmware": "UEFI_64",
                "is_consistent_volume_naming_enabled": true,
                "is_pv_encryption_in_transit_enabled": false,
                "network_type": "PARAVIRTUALIZED",
                "remote_data_volume_type": "PARAVIRTUALIZED"
              }
            ],
            "launch_volume_attachments": [],
            "licensing_configs": [],
            "metadata": {
              "ssh_authorized_keys": "ssh-rsa AAAAB3NzaC1yc2EAAAADAQABAAABAQC1L8vO5zX7ZnWqoxbHh12KrG8nHxSDU1y+p39A7pm/Xu4Jp1IH8oyvCOhzkO5k8djbDCOo/BKmvKXq3tnKxcjvqSClLufDDQkUdeBa0RIcgvvQEuSNyWcKHPHN47i3vtJQu7ZTUdMMxu1LiaFUxH2Xrzxoeg9kvpqhjheGzgnowpUtAMiEt2welwADTo64888oyo+zv9csiD932I8CyglkxmVG6Jd7+HrmLR2iMPY1u/augi2NbCGIeoek7HeGMMPfXuKadJmRRBXE3tzQrk5nQiHOZYcpISGe9F1A5HXWoHzgtg6oTRP4Yo5gFuoRAxpS/6GsGgB1NP7CtA5dkb27"
            },
            "placement_constraint_details": [],
            "platform_config": [],
            "preemptible_instance_config": [],
            "preserve_boot_volume": null,
            "preserve_data_volumes_created_at_launch": null,
            "private_ip": "10.0.1.209",
            "public_ip": "152.67.114.133",
            "region": "ap-sydney-1",
            "security_attributes": {},
            "security_attributes_state": "STABLE",
            "shape": "VM.Standard.E4.Flex",
            "shape_config": [
              {
                "baseline_ocpu_utilization": "",
                "gpu_description": "",
                "gpus": 0,
                "local_disk_description": "",
                "local_disks": 0,
                "local_disks_total_size_in_gbs": 0,
                "max_vnic_attachments": 2,
                "memory_in_gbs": 16,
                "networking_bandwidth_in_gbps": 1,
                "nvmes": 0,
                "ocpus": 1,
                "processor_description": "2.55 GHz AMD EPYC™ 7J13 (Milan)",
                "vcpus": 2
              }
            ],
            "source_details": [
              {
                "boot_volume_size_in_gbs": "47",
                "boot_volume_vpus_per_gb": "10",
                "instance_source_image_filter_details": [],
                "is_preserve_boot_volume_enabled": false,
                "kms_key_id": "",
                "source_id": "ocid1.image.oc1.ap-sydney-1.aaaaaaaa7l5t44goumyeu2ahf6cknh5lkfcetwzdagl5tj6e7gsoyjhdt7sa",
                "source_type": "image"
              }
            ],
            "state": "RUNNING",
            "subnet_id": "ocid1.subnet.oc1.ap-sydney-1.aaaaaaaa5z5hsog6ehfm3lptmxksne5wi5jy5agxd2chpbwgudnoodrwuxqa",
            "system_tags": {},
            "time_created": "2025-07-22 19:27:07.019 +0000 UTC",
            "time_maintenance_reboot_due": "",
            "timeouts": null,
            "update_operation_constraint": null
          },
          "sensitive_attributes": [],
          "identity_schema_version": 0,
          "private": "eyJlMmJmYjczMC1lY2FhLTExZTYtOGY4OC0zNDM2M2JjN2M0YzAiOnsiY3JlYXRlIjoyNzAwMDAwMDAwMDAwLCJkZWxldGUiOjQ1MDAwMDAwMDAwMDAsInVwZGF0ZSI6MjcwMDAwMDAwMDAwMH19",
          "dependencies": [
            "oci_core_internet_gateway.internet_gateway",
            "oci_core_route_table.public_route_table",
            "oci_core_security_list.public_security_list",
            "oci_core_subnet.public_subnet",
            "oci_core_vcn.vcn"
          ],
          "create_before_destroy": true
        }
      ]
    },
    {
      "mode": "managed",
      "type": "oci_core_instance",
      "name": "private_instance",
      "provider": "provider[\"registry.terraform.io/oracle/oci\"]",
      "instances": [
        {
          "schema_version": 0,
          "attributes": {
            "agent_config": [
              {
                "are_all_plugins_disabled": false,
                "is_management_disabled": false,
                "is_monitoring_disabled": false,
                "plugins_config": []
              }
            ],
            "async": null,
            "availability_config": [
              {
                "is_live_migration_preferred": false,
                "recovery_action": "RESTORE_INSTANCE"
              }
            ],
            "availability_domain": "Brdh:AP-SYDNEY-1-AD-1",
            "boot_volume_id": "ocid1.bootvolume.oc1.ap-sydney-1.abzxsljr2665bolwrc2ov3dwoavpu4hq2ipip6bac7hytn275mrifab4ss3q",
            "capacity_reservation_id": null,
            "cluster_placement_group_id": null,
            "compartment_id": "ocid1.compartment.oc1..aaaaaaaa3bfgcrogwd3smdq7aeybl3lamkkfvtwmedfkt7whoizspclhghnq",
            "compute_cluster_id": null,
            "create_vnic_details": [
              {
                "assign_ipv6ip": false,
                "assign_private_dns_record": false,
                "assign_public_ip": "false",
                "defined_tags": {},
                "display_name": "test-ext-private-instance-vnic",
                "freeform_tags": {},
                "hostname_label": "ext-private",
                "ipv6address_ipv6subnet_cidr_pair_details": [],
                "nsg_ids": [],
                "private_ip": "10.0.2.151",
                "security_attributes": {},
                "skip_source_dest_check": false,
                "subnet_id": "ocid1.subnet.oc1.ap-sydney-1.aaaaaaaa3s5t3fb4szto3pp4dy7zden2kh4u4e6655pkvknlnqswae4xzpwa",
                "vlan_id": ""
              }
            ],
            "dedicated_vm_host_id": null,
            "defined_tags": {},
            "display_name": "test-ext-private-instance",
            "extended_metadata": {},
            "fault_domain": "FAULT-DOMAIN-3",
            "freeform_tags": {},
            "hostname_label": "ext-private",
            "id": "ocid1.instance.oc1.ap-sydney-1.anzxsljruvuxtpqceattj43xifaygscmscp6ggxmoehdoy6v5hk3vpdqilvq",
            "image": "ocid1.image.oc1.ap-sydney-1.aaaaaaaa7l5t44goumyeu2ahf6cknh5lkfcetwzdagl5tj6e7gsoyjhdt7sa",
            "instance_configuration_id": null,
            "instance_options": [
              {
                "are_legacy_imds_endpoints_disabled": false
              }
            ],
            "ipxe_script": null,
            "is_cross_numa_node": false,
            "is_pv_encryption_in_transit_enabled": null,
            "launch_mode": "PARAVIRTUALIZED",
            "launch_options": [
              {
                "boot_volume_type": "PARAVIRTUALIZED",
                "firmware": "UEFI_64",
                "is_consistent_volume_naming_enabled": true,
                "is_pv_encryption_in_transit_enabled": false,
                "network_type": "PARAVIRTUALIZED",
                "remote_data_volume_type": "PARAVIRTUALIZED"
              }
            ],
            "launch_volume_attachments": [],
            "licensing_configs": [],
            "metadata": {
              "ssh_authorized_keys": "ssh-rsa AAAAB3NzaC1yc2EAAAADAQABAAABAQC1L8vO5zX7ZnWqoxbHh12KrG8nHxSDU1y+p39A7pm/Xu4Jp1IH8oyvCOhzkO5k8djbDCOo/BKmvKXq3tnKxcjvqSClLufDDQkUdeBa0RIcgvvQEuSNyWcKHPHN47i3vtJQu7ZTUdMMxu1LiaFUxH2Xrzxoeg9kvpqhjheGzgnowpUtAMiEt2welwADTo64888oyo+zv9csiD932I8CyglkxmVG6Jd7+HrmLR2iMPY1u/augi2NbCGIeoek7HeGMMPfXuKadJmRRBXE3tzQrk5nQiHOZYcpISGe9F1A5HXWoHzgtg6oTRP4Yo5gFuoRAxpS/6GsGgB1NP7CtA5dkb27"
            },
            "placement_constraint_details": [],
            "platform_config": [],
            "preemptible_instance_config": [],
            "preserve_boot_volume": null,
            "preserve_data_volumes_created_at_launch": null,
            "private_ip": "10.0.2.151",
            "public_ip": "",
            "region": "ap-sydney-1",
            "security_attributes": {},
            "security_attributes_state": "STABLE",
            "shape": "VM.Standard.E4.Flex",
            "shape_config": [
              {
                "baseline_ocpu_utilization": "",
                "gpu_description": "",
                "gpus": 0,
                "local_disk_description": "",
                "local_disks": 0,
                "local_disks_total_size_in_gbs": 0,
                "max_vnic_attachments": 2,
                "memory_in_gbs": 16,
                "networking_bandwidth_in_gbps": 2,
                "nvmes": 0,
                "ocpus": 2,
                "processor_description": "2.55 GHz AMD EPYC™ 7J13 (Milan)",
                "vcpus": 4
              }
            ],
            "source_details": [
              {
                "boot_volume_size_in_gbs": "47",
                "boot_volume_vpus_per_gb": "10",
                "instance_source_image_filter_details": [],
                "is_preserve_boot_volume_enabled": false,
                "kms_key_id": "",
                "source_id": "ocid1.image.oc1.ap-sydney-1.aaaaaaaa7l5t44goumyeu2ahf6cknh5lkfcetwzdagl5tj6e7gsoyjhdt7sa",
                "source_type": "image"
              }
            ],
            "state": "RUNNING",
            "subnet_id": "ocid1.subnet.oc1.ap-sydney-1.aaaaaaaa3s5t3fb4szto3pp4dy7zden2kh4u4e6655pkvknlnqswae4xzpwa",
            "system_tags": {},
            "time_created": "2025-07-22 19:27:07.873 +0000 UTC",
            "time_maintenance_reboot_due": "",
            "timeouts": null,
            "update_operation_constraint": null
          },
          "sensitive_attributes": [],
          "identity_schema_version": 0,
          "private": "eyJlMmJmYjczMC1lY2FhLTExZTYtOGY4OC0zNDM2M2JjN2M0YzAiOnsiY3JlYXRlIjoyNzAwMDAwMDAwMDAwLCJkZWxldGUiOjQ1MDAwMDAwMDAwMDAsInVwZGF0ZSI6MjcwMDAwMDAwMDAwMH19",
          "dependencies": [
            "oci_core_nat_gateway.nat_gateway",
            "oci_core_route_table.private_route_table",
            "oci_core_security_list.private_security_list",
            "oci_core_subnet.private_subnet",
            "oci_core_vcn.vcn"
          ],
          "create_before_destroy": true
        }
      ]
    },
    {
      "mode": "managed",
      "type": "oci_core_instance",
      "name": "private_instance_secondary",
      "provider": "provider[\"registry.terraform.io/oracle/oci\"]",
      "instances": []
    },
    {
      "mode": "managed",
      "type": "oci_core_internet_gateway",
      "name": "internet_gateway",
      "provider": "provider[\"registry.terraform.io/oracle/oci\"]",
      "instances": [
        {
          "schema_version": 0,
          "attributes": {
            "compartment_id": "ocid1.compartment.oc1..aaaaaaaa3bfgcrogwd3smdq7aeybl3lamkkfvtwmedfkt7whoizspclhghnq",
            "defined_tags": {},
            "display_name": "test-ext-internet-gateway",
            "enabled": true,
            "freeform_tags": {},
            "id": "ocid1.internetgateway.oc1.ap-sydney-1.aaaaaaaaxeqjh4tie4ktlamsez5htaliqnwqo7ovcmqafghmv2klqatxvauq",
            "route_table_id": null,
            "state": "AVAILABLE",
            "time_created": "2025-07-22 19:26:41.456 +0000 UTC",
            "timeouts": null,
            "vcn_id": "ocid1.vcn.oc1.ap-sydney-1.amaaaaaauvuxtpqab4murluqq63mfe3zswo6xbz3gwklyaacbzv3ailkgxka"
          },
          "sensitive_attributes": [],
          "identity_schema_version": 0,
          "private": "eyJlMmJmYjczMC1lY2FhLTExZTYtOGY4OC0zNDM2M2JjN2M0YzAiOnsiY3JlYXRlIjoxMjAwMDAwMDAwMDAwLCJkZWxldGUiOjEyMDAwMDAwMDAwMDAsInVwZGF0ZSI6MTIwMDAwMDAwMDAwMH19",
          "dependencies": [
            "oci_core_vcn.vcn"
          ],
          "create_before_destroy": true
        }
      ]
    },
    {
      "mode": "managed",
      "type": "oci_core_nat_gateway",
      "name": "nat_gateway",
      "provider": "provider[\"registry.terraform.io/oracle/oci\"]",
      "instances": [
        {
          "schema_version": 0,
          "attributes": {
            "block_traffic": false,
            "compartment_id": "ocid1.compartment.oc1..aaaaaaaa3bfgcrogwd3smdq7aeybl3lamkkfvtwmedfkt7whoizspclhghnq",
            "defined_tags": {},
            "display_name": "test-ext-nat-gateway",
            "freeform_tags": {},
            "id": "ocid1.natgateway.oc1.ap-sydney-1.aaaaaaaa4k6hgpmhvcxnrhof3snmhbic4ynwjlupnuubyvppl2xwnf2a2xaa",
            "nat_ip": "192.9.168.232",
            "public_ip_id": "ocid1.publicip.oc1.ap-sydney-1.aaaaaaaax4qpqyxhds4dlfvkbbx3jfktxemewq6gwcqj25ipbrmp5djdexiq",
            "route_table_id": null,
            "state": "AVAILABLE",
            "time_created": "2025-07-22 19:26:41.69 +0000 UTC",
            "timeouts": null,
            "vcn_id": "ocid1.vcn.oc1.ap-sydney-1.amaaaaaauvuxtpqab4murluqq63mfe3zswo6xbz3gwklyaacbzv3ailkgxka"
          },
          "sensitive_attributes": [],
          "identity_schema_version": 0,
          "private": "eyJlMmJmYjczMC1lY2FhLTExZTYtOGY4OC0zNDM2M2JjN2M0YzAiOnsiY3JlYXRlIjoxMjAwMDAwMDAwMDAwLCJkZWxldGUiOjEyMDAwMDAwMDAwMDAsInVwZGF0ZSI6MTIwMDAwMDAwMDAwMH19",
          "dependencies": [
            "oci_core_vcn.vcn"
          ],
          "create_before_destroy": true
        }
      ]
    },
    {
      "mode": "managed",
      "type": "oci_core_private_ip",
      "name": "bastion_private_ip",
      "provider": "provider[\"registry.terraform.io/oracle/oci\"]",
      "instances": [
        {
          "schema_version": 0,
          "attributes": {
            "availability_domain": null,
            "compartment_id": "ocid1.compartment.oc1..aaaaaaaa3bfgcrogwd3smdq7aeybl3lamkkfvtwmedfkt7whoizspclhghnq",
            "defined_tags": {},
            "display_name": "test-ext-bastion-private-ip",
            "freeform_tags": {},
            "hostname_label": "bastion-private-ip",
            "id": "ocid1.privateip.oc1.ap-sydney-1.aaaaaaaaaqr7tqaghgrbf37ucq5by2qdqyrqskp5s3uazprtmrbmh7xfaara",
            "ip_address": "10.0.1.10",
            "ip_state": "ASSIGNED",
            "is_primary": false,
            "is_reserved": null,
            "lifetime": "EPHEMERAL",
            "route_table_id": null,
            "subnet_id": "ocid1.subnet.oc1.ap-sydney-1.aaaaaaaa5z5hsog6ehfm3lptmxksne5wi5jy5agxd2chpbwgudnoodrwuxqa",
            "time_created": "2025-07-22 19:27:49.959 +0000 UTC",
            "timeouts": null,
            "vlan_id": null,
            "vnic_id": "ocid1.vnic.oc1.ap-sydney-1.abzxsljr4uluu3fpp326txsrfivp25tczpe5mnkzrtiugofg7xeibgfnlrxa"
          },
          "sensitive_attributes": [],
          "identity_schema_version": 0,
          "private": "eyJlMmJmYjczMC1lY2FhLTExZTYtOGY4OC0zNDM2M2JjN2M0YzAiOnsiY3JlYXRlIjoxMjAwMDAwMDAwMDAwLCJkZWxldGUiOjEyMDAwMDAwMDAwMDAsInVwZGF0ZSI6MTIwMDAwMDAwMDAwMH19",
          "dependencies": [
            "oci_core_instance.bastion",
            "oci_core_internet_gateway.internet_gateway",
            "oci_core_route_table.public_route_table",
            "oci_core_security_list.public_security_list",
            "oci_core_subnet.public_subnet",
            "oci_core_vcn.vcn",
            "oci_core_vnic_attachment.bastion_vnic_attachment"
          ],
          "create_before_destroy": true
        }
      ]
    },
    {
      "mode": "managed",
      "type": "oci_core_private_ip",
      "name": "private_instance_private_ip",
      "provider": "provider[\"registry.terraform.io/oracle/oci\"]",
      "instances": [
        {
          "schema_version": 0,
          "attributes": {
            "availability_domain": null,
            "compartment_id": "ocid1.compartment.oc1..aaaaaaaa3bfgcrogwd3smdq7aeybl3lamkkfvtwmedfkt7whoizspclhghnq",
            "defined_tags": {},
            "display_name": "test-ext-private-instance-private-ip",
            "freeform_tags": {},
            "hostname_label": "private-instance-private-ip",
            "id": "ocid1.privateip.oc1.ap-sydney-1.aaaaaaaaue7tfhndcg7kaptjeiatr5qxpefkdwmvhe7o3cywxuajrglmessq",
            "ip_address": "10.0.2.10",
            "ip_state": "ASSIGNED",
            "is_primary": false,
            "is_reserved": null,
            "lifetime": "EPHEMERAL",
            "route_table_id": null,
            "subnet_id": "ocid1.subnet.oc1.ap-sydney-1.aaaaaaaa3s5t3fb4szto3pp4dy7zden2kh4u4e6655pkvknlnqswae4xzpwa",
            "time_created": "2025-07-22 19:27:51.155 +0000 UTC",
            "timeouts": null,
            "vlan_id": null,
            "vnic_id": "ocid1.vnic.oc1.ap-sydney-1.abzxsljrcot4jyk5fpwdtyidzsf3t4rsrzfzwpfyy6b5at2ycr3r2moqvrsa"
          },
          "sensitive_attributes": [],
          "identity_schema_version": 0,
          "private": "eyJlMmJmYjczMC1lY2FhLTExZTYtOGY4OC0zNDM2M2JjN2M0YzAiOnsiY3JlYXRlIjoxMjAwMDAwMDAwMDAwLCJkZWxldGUiOjEyMDAwMDAwMDAwMDAsInVwZGF0ZSI6MTIwMDAwMDAwMDAwMH19",
          "dependencies": [
            "oci_core_instance.private_instance",
            "oci_core_nat_gateway.nat_gateway",
            "oci_core_route_table.private_route_table",
            "oci_core_security_list.private_security_list",
            "oci_core_subnet.private_subnet",
            "oci_core_vcn.vcn",
            "oci_core_vnic_attachment.private_instance_vnic_attachment"
          ],
          "create_before_destroy": true
        }
      ]
    },
    {
      "mode": "managed",
      "type": "oci_core_private_ip",
      "name": "private_instance_secondary_private_ip",
      "provider": "provider[\"registry.terraform.io/oracle/oci\"]",
      "instances": []
    },
    {
      "mode": "managed",
      "type": "oci_core_route_table",
      "name": "private_route_table",
      "provider": "provider[\"registry.terraform.io/oracle/oci\"]",
      "instances": [
        {
          "schema_version": 0,
          "attributes": {
            "compartment_id": "ocid1.compartment.oc1..aaaaaaaa3bfgcrogwd3smdq7aeybl3lamkkfvtwmedfkt7whoizspclhghnq",
            "defined_tags": {},
            "display_name": "test-ext-private-route-table",
            "freeform_tags": {},
            "id": "ocid1.routetable.oc1.ap-sydney-1.aaaaaaaa5y625nl2fedfueddd5lncw3t7ezbtaqgj3o4tmrygmjg2axfegwq",
            "route_rules": [
              {
                "cidr_block": "",
                "description": "",
                "destination": "0.0.0.0/0",
                "destination_type": "CIDR_BLOCK",
                "network_entity_id": "ocid1.natgateway.oc1.ap-sydney-1.aaaaaaaa4k6hgpmhvcxnrhof3snmhbic4ynwjlupnuubyvppl2xwnf2a2xaa",
                "route_type": ""
              }
            ],
            "state": "AVAILABLE",
            "time_created": "2025-07-22 19:26:42.486 +0000 UTC",
            "timeouts": null,
            "vcn_id": "ocid1.vcn.oc1.ap-sydney-1.amaaaaaauvuxtpqab4murluqq63mfe3zswo6xbz3gwklyaacbzv3ailkgxka"
          },
          "sensitive_attributes": [],
          "identity_schema_version": 0,
          "private": "eyJlMmJmYjczMC1lY2FhLTExZTYtOGY4OC0zNDM2M2JjN2M0YzAiOnsiY3JlYXRlIjoxMjAwMDAwMDAwMDAwLCJkZWxldGUiOjEyMDAwMDAwMDAwMDAsInVwZGF0ZSI6MTIwMDAwMDAwMDAwMH19",
          "dependencies": [
            "oci_core_nat_gateway.nat_gateway",
            "oci_core_vcn.vcn"
          ],
          "create_before_destroy": true
        }
      ]
    },
    {
      "mode": "managed",
      "type": "oci_core_route_table",
      "name": "public_route_table",
      "provider": "provider[\"registry.terraform.io/oracle/oci\"]",
      "instances": [
        {
          "schema_version": 0,
          "attributes": {
            "compartment_id": "ocid1.compartment.oc1..aaaaaaaa3bfgcrogwd3smdq7aeybl3lamkkfvtwmedfkt7whoizspclhghnq",
            "defined_tags": {},
            "display_name": "test-ext-public-route-table",
            "freeform_tags": {},
            "id": "ocid1.routetable.oc1.ap-sydney-1.aaaaaaaaocet4atgfekra2bq7auhecs33gaus7vw2qd67e2csqcwrkhofd6a",
            "route_rules": [
              {
                "cidr_block": "",
                "description": "",
                "destination": "0.0.0.0/0",
                "destination_type": "CIDR_BLOCK",
                "network_entity_id": "ocid1.internetgateway.oc1.ap-sydney-1.aaaaaaaaxeqjh4tie4ktlamsez5htaliqnwqo7ovcmqafghmv2klqatxvauq",
                "route_type": ""
              }
            ],
            "state": "AVAILABLE",
            "time_created": "2025-07-22 19:26:41.886 +0000 UTC",
            "timeouts": null,
            "vcn_id": "ocid1.vcn.oc1.ap-sydney-1.amaaaaaauvuxtpqab4murluqq63mfe3zswo6xbz3gwklyaacbzv3ailkgxka"
          },
          "sensitive_attributes": [],
          "identity_schema_version": 0,
          "private": "eyJlMmJmYjczMC1lY2FhLTExZTYtOGY4OC0zNDM2M2JjN2M0YzAiOnsiY3JlYXRlIjoxMjAwMDAwMDAwMDAwLCJkZWxldGUiOjEyMDAwMDAwMDAwMDAsInVwZGF0ZSI6MTIwMDAwMDAwMDAwMH19",
          "dependencies": [
            "oci_core_internet_gateway.internet_gateway",
            "oci_core_vcn.vcn"
          ],
          "create_before_destroy": true
        }
      ]
    },
    {
      "mode": "managed",
      "type": "oci_core_security_list",
      "name": "private_security_list",
      "provider": "provider[\"registry.terraform.io/oracle/oci\"]",
      "instances": [
        {
          "schema_version": 0,
          "attributes": {
            "compartment_id": "ocid1.compartment.oc1..aaaaaaaa3bfgcrogwd3smdq7aeybl3lamkkfvtwmedfkt7whoizspclhghnq",
            "defined_tags": {},
            "display_name": "test-ext-private-security-list",
            "egress_security_rules": [
              {
                "description": "",
                "destination": "0.0.0.0/0",
                "destination_type": "CIDR_BLOCK",
                "icmp_options": [],
                "protocol": "all",
                "stateless": false,
                "tcp_options": [],
                "udp_options": []
              }
            ],
            "freeform_tags": {},
            "id": "ocid1.securitylist.oc1.ap-sydney-1.aaaaaaaaerhuikjbmcsz4xurwpu3ltqtzkxngstrjbpaeopvxh2xtt5hmlwa",
            "ingress_security_rules": [
              {
                "description": "",
                "icmp_options": [],
                "protocol": "6",
                "source": "10.0.1.0/24",
                "source_type": "CIDR_BLOCK",
                "stateless": false,
                "tcp_options": [
                  {
                    "max": 22,
                    "min": 22,
                    "source_port_range": []
                  }
                ],
                "udp_options": []
              }
            ],
            "state": "AVAILABLE",
            "time_created": "2025-07-22 19:26:41.551 +0000 UTC",
            "timeouts": null,
            "vcn_id": "ocid1.vcn.oc1.ap-sydney-1.amaaaaaauvuxtpqab4murluqq63mfe3zswo6xbz3gwklyaacbzv3ailkgxka"
          },
          "sensitive_attributes": [],
          "identity_schema_version": 0,
          "private": "eyJlMmJmYjczMC1lY2FhLTExZTYtOGY4OC0zNDM2M2JjN2M0YzAiOnsiY3JlYXRlIjoxMjAwMDAwMDAwMDAwLCJkZWxldGUiOjEyMDAwMDAwMDAwMDAsInVwZGF0ZSI6MTIwMDAwMDAwMDAwMH19",
          "dependencies": [
            "oci_core_vcn.vcn"
          ],
          "create_before_destroy": true
        }
      ]
    },
    {
      "mode": "managed",
      "type": "oci_core_security_list",
      "name": "public_security_list",
      "provider": "provider[\"registry.terraform.io/oracle/oci\"]",
      "instances": [
        {
          "schema_version": 0,
          "attributes": {
            "compartment_id": "ocid1.compartment.oc1..aaaaaaaa3bfgcrogwd3smdq7aeybl3lamkkfvtwmedfkt7whoizspclhghnq",
            "defined_tags": {},
            "display_name": "test-ext-public-security-list",
            "egress_security_rules": [
              {
                "description": "",
                "destination": "0.0.0.0/0",
                "destination_type": "CIDR_BLOCK",
                "icmp_options": [],
                "protocol": "all",
                "stateless": false,
                "tcp_options": [],
                "udp_options": []
              }
            ],
            "freeform_tags": {},
            "id": "ocid1.securitylist.oc1.ap-sydney-1.aaaaaaaajfyczv64mele6mhaysi4akmc6vymplbbt4uzmrwmanqu5pjv3ewq",
            "ingress_security_rules": [
              {
                "description": "",
                "icmp_options": [],
                "protocol": "6",
                "source": "0.0.0.0/0",
                "source_type": "CIDR_BLOCK",
                "stateless": false,
                "tcp_options": [
                  {
                    "max": 22,
                    "min": 22,
                    "source_port_range": []
                  }
                ],
                "udp_options": []
              }
            ],
            "state": "AVAILABLE",
            "time_created": "2025-07-22 19:26:41.559 +0000 UTC",
            "timeouts": null,
            "vcn_id": "ocid1.vcn.oc1.ap-sydney-1.amaaaaaauvuxtpqab4murluqq63mfe3zswo6xbz3gwklyaacbzv3ailkgxka"
          },
          "sensitive_attributes": [],
          "identity_schema_version": 0,
          "private": "eyJlMmJmYjczMC1lY2FhLTExZTYtOGY4OC0zNDM2M2JjN2M0YzAiOnsiY3JlYXRlIjoxMjAwMDAwMDAwMDAwLCJkZWxldGUiOjEyMDAwMDAwMDAwMDAsInVwZGF0ZSI6MTIwMDAwMDAwMDAwMH19",
          "dependencies": [
            "oci_core_vcn.vcn"
          ],
          "create_before_destroy": true
        }
      ]
    },
    {
      "mode": "managed",
      "type": "oci_core_subnet",
      "name": "private_subnet",
      "provider": "provider[\"registry.terraform.io/oracle/oci\"]",
      "instances": [
        {
          "schema_version": 0,
          "attributes": {
            "availability_domain": null,
            "cidr_block": "10.0.2.0/24",
            "compartment_id": "ocid1.compartment.oc1..aaaaaaaa3bfgcrogwd3smdq7aeybl3lamkkfvtwmedfkt7whoizspclhghnq",
            "defined_tags": {},
            "dhcp_options_id": "ocid1.dhcpoptions.oc1.ap-sydney-1.aaaaaaaavztauu2w66lgyoxtxvnj75odmcauo2p4644l3ig6b2lugggokbza",
            "display_name": "test-ext-private-subnet",
            "dns_label": "private",
            "freeform_tags": {},
            "id": "ocid1.subnet.oc1.ap-sydney-1.aaaaaaaa3s5t3fb4szto3pp4dy7zden2kh4u4e6655pkvknlnqswae4xzpwa",
            "ipv6cidr_block": null,
            "ipv6cidr_blocks": [],
            "ipv6virtual_router_ip": null,
            "prohibit_internet_ingress": true,
            "prohibit_public_ip_on_vnic": true,
            "route_table_id": "ocid1.routetable.oc1.ap-sydney-1.aaaaaaaa5y625nl2fedfueddd5lncw3t7ezbtaqgj3o4tmrygmjg2axfegwq",
            "security_list_ids": [
              "ocid1.securitylist.oc1.ap-sydney-1.aaaaaaaaerhuikjbmcsz4xurwpu3ltqtzkxngstrjbpaeopvxh2xtt5hmlwa"
            ],
            "state": "AVAILABLE",
            "subnet_domain_name": "private.testextvcn.oraclevcn.com",
            "time_created": "2025-07-22 19:26:42.862 +0000 UTC",
            "timeouts": null,
            "vcn_id": "ocid1.vcn.oc1.ap-sydney-1.amaaaaaauvuxtpqab4murluqq63mfe3zswo6xbz3gwklyaacbzv3ailkgxka",
            "virtual_router_ip": "10.0.2.1",
            "virtual_router_mac": "00:00:17:27:B7:25"
          },
          "sensitive_attributes": [],
          "identity_schema_version": 0,
          "private": "eyJlMmJmYjczMC1lY2FhLTExZTYtOGY4OC0zNDM2M2JjN2M0YzAiOnsiY3JlYXRlIjoxMjAwMDAwMDAwMDAwLCJkZWxldGUiOjEyMDAwMDAwMDAwMDAsInVwZGF0ZSI6MTIwMDAwMDAwMDAwMH19",
          "dependencies": [
            "oci_core_nat_gateway.nat_gateway",
            "oci_core_route_table.private_route_table",
            "oci_core_security_list.private_security_list",
            "oci_core_vcn.vcn"
          ],
          "create_before_destroy": true
        }
      ]
    },
    {
      "mode": "managed",
      "type": "oci_core_subnet",
      "name": "public_subnet",
      "provider": "provider[\"registry.terraform.io/oracle/oci\"]",
      "instances": [
        {
          "schema_version": 0,
          "attributes": {
            "availability_domain": null,
            "cidr_block": "10.0.1.0/24",
            "compartment_id": "ocid1.compartment.oc1..aaaaaaaa3bfgcrogwd3smdq7aeybl3lamkkfvtwmedfkt7whoizspclhghnq",
            "defined_tags": {},
            "dhcp_options_id": "ocid1.dhcpoptions.oc1.ap-sydney-1.aaaaaaaavztauu2w66lgyoxtxvnj75odmcauo2p4644l3ig6b2lugggokbza",
            "display_name": "test-ext-public-subnet",
            "dns_label": "public",
            "freeform_tags": {},
            "id": "ocid1.subnet.oc1.ap-sydney-1.aaaaaaaa5z5hsog6ehfm3lptmxksne5wi5jy5agxd2chpbwgudnoodrwuxqa",
            "ipv6cidr_block": null,
            "ipv6cidr_blocks": [],
            "ipv6virtual_router_ip": null,
            "prohibit_internet_ingress": false,
            "prohibit_public_ip_on_vnic": false,
            "route_table_id": "ocid1.routetable.oc1.ap-sydney-1.aaaaaaaaocet4atgfekra2bq7auhecs33gaus7vw2qd67e2csqcwrkhofd6a",
            "security_list_ids": [
              "ocid1.securitylist.oc1.ap-sydney-1.aaaaaaaajfyczv64mele6mhaysi4akmc6vymplbbt4uzmrwmanqu5pjv3ewq"
            ],
            "state": "AVAILABLE",
            "subnet_domain_name": "public.testextvcn.oraclevcn.com",
            "time_created": "2025-07-22 19:26:42.245 +0000 UTC",
            "timeouts": null,
            "vcn_id": "ocid1.vcn.oc1.ap-sydney-1.amaaaaaauvuxtpqab4murluqq63mfe3zswo6xbz3gwklyaacbzv3ailkgxka",
            "virtual_router_ip": "10.0.1.1",
            "virtual_router_mac": "00:00:17:27:B7:25"
          },
          "sensitive_attributes": [],
          "identity_schema_version": 0,
          "private": "eyJlMmJmYjczMC1lY2FhLTExZTYtOGY4OC0zNDM2M2JjN2M0YzAiOnsiY3JlYXRlIjoxMjAwMDAwMDAwMDAwLCJkZWxldGUiOjEyMDAwMDAwMDAwMDAsInVwZGF0ZSI6MTIwMDAwMDAwMDAwMH19",
          "dependencies": [
            "oci_core_internet_gateway.internet_gateway",
            "oci_core_route_table.public_route_table",
            "oci_core_security_list.public_security_list",
            "oci_core_vcn.vcn"
          ],
          "create_before_destroy": true
        }
      ]
    },
    {
      "mode": "managed",
      "type": "oci_core_vcn",
      "name": "vcn",
      "provider": "provider[\"registry.terraform.io/oracle/oci\"]",
      "instances": [
        {
          "schema_version": 0,
          "attributes": {
            "byoipv6cidr_blocks": [],
            "byoipv6cidr_details": [],
            "cidr_block": "10.0.0.0/16",
            "cidr_blocks": [
              "10.0.0.0/16"
            ],
            "compartment_id": "ocid1.compartment.oc1..aaaaaaaa3bfgcrogwd3smdq7aeybl3lamkkfvtwmedfkt7whoizspclhghnq",
            "default_dhcp_options_id": "ocid1.dhcpoptions.oc1.ap-sydney-1.aaaaaaaavztauu2w66lgyoxtxvnj75odmcauo2p4644l3ig6b2lugggokbza",
            "default_route_table_id": "ocid1.routetable.oc1.ap-sydney-1.aaaaaaaaqkrzeuswl6zv2emgr6pw7z7gays3qn5d2dqrg5iycwu76rk4pzka",
            "default_security_list_id": "ocid1.securitylist.oc1.ap-sydney-1.aaaaaaaas5ilu6rmd5e3ivewhmyrsiq6eq5zfoycrqlfouopkullfg2zlrqa",
            "defined_tags": {},
            "display_name": "test-ext-vcn",
            "dns_label": "testextvcn",
            "freeform_tags": {},
            "id": "ocid1.vcn.oc1.ap-sydney-1.amaaaaaauvuxtpqab4murluqq63mfe3zswo6xbz3gwklyaacbzv3ailkgxka",
            "ipv6cidr_blocks": [],
            "ipv6private_cidr_blocks": [],
            "is_ipv6enabled": false,
            "is_oracle_gua_allocation_enabled": null,
            "security_attributes": {},
            "state": "AVAILABLE",
            "time_created": "2025-07-22 19:26:40.974 +0000 UTC",
            "timeouts": null,
            "vcn_domain_name": "testextvcn.oraclevcn.com"
          },
          "sensitive_attributes": [],
          "identity_schema_version": 0,
          "private": "eyJlMmJmYjczMC1lY2FhLTExZTYtOGY4OC0zNDM2M2JjN2M0YzAiOnsiY3JlYXRlIjoxMjAwMDAwMDAwMDAwLCJkZWxldGUiOjEyMDAwMDAwMDAwMDAsInVwZGF0ZSI6MTIwMDAwMDAwMDAwMH19",
          "create_before_destroy": true
        }
      ]
    },
    {
      "mode": "managed",
      "type": "oci_core_vnic_attachment",
      "name": "bastion_vnic_attachment",
      "provider": "provider[\"registry.terraform.io/oracle/oci\"]",
      "instances": [
        {
          "schema_version": 0,
          "attributes": {
            "availability_domain": "Brdh:AP-SYDNEY-1-AD-1",
            "compartment_id": "ocid1.compartment.oc1..aaaaaaaa3bfgcrogwd3smdq7aeybl3lamkkfvtwmedfkt7whoizspclhghnq",
            "create_vnic_details": [
              {
                "assign_ipv6ip": false,
                "assign_private_dns_record": false,
                "assign_public_ip": "false",
                "defined_tags": {},
                "display_name": "test-ext-bastion-secondary-vnic",
                "freeform_tags": {},
                "hostname_label": "",
                "ipv6address_ipv6subnet_cidr_pair_details": [],
                "nsg_ids": [],
                "private_ip": "10.0.1.91",
                "route_table_id": "",
                "security_attributes": {},
                "skip_source_dest_check": false,
                "subnet_id": "ocid1.subnet.oc1.ap-sydney-1.aaaaaaaa5z5hsog6ehfm3lptmxksne5wi5jy5agxd2chpbwgudnoodrwuxqa",
                "vlan_id": ""
              }
            ],
            "display_name": "test-ext-bastion-secondary-vnic",
            "id": "ocid1.vnicattachment.oc1.ap-sydney-1.anzxsljruvuxtpqcw7wuvy3fipvru2eqwrky45w3emmlk4bwuisctcf7twha",
            "instance_id": "ocid1.instance.oc1.ap-sydney-1.anzxsljruvuxtpqcj3lrot36eyfo4uyl3rqrt7z4u5aoz53mmhpytwrxgk3q",
            "nic_index": 0,
            "state": "ATTACHED",
            "subnet_id": "ocid1.subnet.oc1.ap-sydney-1.aaaaaaaa5z5hsog6ehfm3lptmxksne5wi5jy5agxd2chpbwgudnoodrwuxqa",
            "time_created": "2025-07-22 19:27:42.211 +0000 UTC",
            "timeouts": null,
            "vlan_id": null,
            "vlan_tag": 1628,
            "vnic_id": "ocid1.vnic.oc1.ap-sydney-1.abzxsljr4uluu3fpp326txsrfivp25tczpe5mnkzrtiugofg7xeibgfnlrxa"
          },
          "sensitive_attributes": [],
          "identity_schema_version": 0,
          "private": "eyJlMmJmYjczMC1lY2FhLTExZTYtOGY4OC0zNDM2M2JjN2M0YzAiOnsiY3JlYXRlIjoxMjAwMDAwMDAwMDAwLCJkZWxldGUiOjEyMDAwMDAwMDAwMDAsInVwZGF0ZSI6MTIwMDAwMDAwMDAwMH19",
          "dependencies": [
            "oci_core_instance.bastion",
            "oci_core_internet_gateway.internet_gateway",
            "oci_core_route_table.public_route_table",
            "oci_core_security_list.public_security_list",
            "oci_core_subnet.public_subnet",
            "oci_core_vcn.vcn"
          ],
          "create_before_destroy": true
        }
      ]
    },
    {
      "mode": "managed",
      "type": "oci_core_vnic_attachment",
      "name": "private_instance_secondary_vnic_attachment",
      "provider": "provider[\"registry.terraform.io/oracle/oci\"]",
      "instances": []
    },
    {
      "mode": "managed",
      "type": "oci_core_vnic_attachment",
      "name": "private_instance_vnic_attachment",
      "provider": "provider[\"registry.terraform.io/oracle/oci\"]",
      "instances": [
        {
          "schema_version": 0,
          "attributes": {
            "availability_domain": "Brdh:AP-SYDNEY-1-AD-1",
            "compartment_id": "ocid1.compartment.oc1..aaaaaaaa3bfgcrogwd3smdq7aeybl3lamkkfvtwmedfkt7whoizspclhghnq",
            "create_vnic_details": [
              {
                "assign_ipv6ip": false,
                "assign_private_dns_record": false,
                "assign_public_ip": "false",
                "defined_tags": {},
                "display_name": "test-ext-private-instance-secondary-vnic",
                "freeform_tags": {},
                "hostname_label": "",
                "ipv6address_ipv6subnet_cidr_pair_details": [],
                "nsg_ids": [],
                "private_ip": "10.0.2.114",
                "route_table_id": "",
                "security_attributes": {},
                "skip_source_dest_check": false,
                "subnet_id": "ocid1.subnet.oc1.ap-sydney-1.aaaaaaaa3s5t3fb4szto3pp4dy7zden2kh4u4e6655pkvknlnqswae4xzpwa",
                "vlan_id": ""
              }
            ],
            "display_name": "test-ext-private-instance-secondary-vnic",
            "id": "ocid1.vnicattachment.oc1.ap-sydney-1.anzxsljruvuxtpqcce4yyfiqa47dobiicextv6rzz2qx2ikzcb4de5nbyjnq",
            "instance_id": "ocid1.instance.oc1.ap-sydney-1.anzxsljruvuxtpqceattj43xifaygscmscp6ggxmoehdoy6v5hk3vpdqilvq",
            "nic_index": 0,
            "state": "ATTACHED",
            "subnet_id": "ocid1.subnet.oc1.ap-sydney-1.aaaaaaaa3s5t3fb4szto3pp4dy7zden2kh4u4e6655pkvknlnqswae4xzpwa",
            "time_created": "2025-07-22 19:27:43.55 +0000 UTC",
            "timeouts": null,
            "vlan_id": null,
            "vlan_tag": 567,
            "vnic_id": "ocid1.vnic.oc1.ap-sydney-1.abzxsljrcot4jyk5fpwdtyidzsf3t4rsrzfzwpfyy6b5at2ycr3r2moqvrsa"
          },
          "sensitive_attributes": [],
          "identity_schema_version": 0,
          "private": "eyJlMmJmYjczMC1lY2FhLTExZTYtOGY4OC0zNDM2M2JjN2M0YzAiOnsiY3JlYXRlIjoxMjAwMDAwMDAwMDAwLCJkZWxldGUiOjEyMDAwMDAwMDAwMDAsInVwZGF0ZSI6MTIwMDAwMDAwMDAwMH19",
          "dependencies": [
            "oci_core_instance.private_instance",
            "oci_core_nat_gateway.nat_gateway",
            "oci_core_route_table.private_route_table",
            "oci_core_security_list.private_security_list",
            "oci_core_subnet.private_subnet",
            "oci_core_vcn.vcn"
          ],
          "create_before_destroy": true
        }
      ]
    }
  ],
  "check_results": null
}
