{
  "version": 4,
  "terraform_version": "1.12.1",
  "serial": 130,
  "lineage": "9043d060-ea2d-4cf1-314a-169b4536fb02",
  "outputs": {
    "ansible_inventory_info": {
      "value": {
        "bastion": {
          "private_ip": "10.0.1.208",
          "public_ip": "159.13.46.200"
        },
        "load_balancer": {
          "http_url": "http://192.9.160.81",
          "https_url": "https://192.9.160.81",
          "ip_address": "192.9.160.81"
        },
        "private_instances": [
          {
            "name": "oci-ext-private-instance-1",
            "private_ip": "10.0.2.160",
            "reserved_ip": "10.0.2.10"
          },
          {
            "name": "oci-ext-private-instance-2",
            "private_ip": "10.0.2.53",
            "reserved_ip": "10.0.2.11"
          }
        ]
      },
      "type": [
        "object",
        {
          "bastion": [
            "object",
            {
              "private_ip": "string",
              "public_ip": "string"
            }
          ],
          "load_balancer": [
            "object",
            {
              "http_url": "string",
              "https_url": "string",
              "ip_address": "string"
            }
          ],
          "private_instances": [
            "tuple",
            [
              [
                "object",
                {
                  "name": "string",
                  "private_ip": "string",
                  "reserved_ip": "string"
                }
              ],
              [
                "object",
                {
                  "name": "string",
                  "private_ip": "string",
                  "reserved_ip": "string"
                }
              ]
            ]
          ]
        }
      ]
    },
    "bastion_instance_id": {
      "value": "ocid1.instance.oc1.ap-sydney-1.anzxsljruvuxtpqcqb7nhtfcjkoiz3gnmqaj3stejr6kahkqpm7uvs43wyga",
      "type": "string"
    },
    "bastion_nsg_id": {
      "value": "ocid1.networksecuritygroup.oc1.ap-sydney-1.aaaaaaaalopv5ahmblyl5nfrbdgca3xizboh7i4sb2cv4nrpu3hux35eieka",
      "type": "string"
    },
    "bastion_private_ip": {
      "value": "10.0.1.208",
      "type": "string"
    },
    "bastion_public_ip": {
      "value": "159.13.46.200",
      "type": "string"
    },
    "bastion_reserved_private_ip": {
      "value": "10.0.1.72",
      "type": "string"
    },
    "load_balancer_backend_set": {
      "value": "tomcat-backend-set",
      "type": "string"
    },
    "load_balancer_http_listener": {
      "value": "oci-ext-http-listener",
      "type": "string"
    },
    "load_balancer_https_listener": {
      "value": "oci-ext-https-listener",
      "type": "string"
    },
    "load_balancer_id": {
      "value": "ocid1.loadbalancer.oc1.ap-sydney-1.aaaaaaaatbjqzp57en3ranoju764k72wowwfcvdudqobhfwr62m44xmxdrpq",
      "type": "string"
    },
    "load_balancer_ip": {
      "value": "192.9.160.81",
      "type": "string"
    },
    "load_balancer_nsg_id": {
      "value": "ocid1.networksecuritygroup.oc1.ap-sydney-1.aaaaaaaaccnjie2nit3hnkj57fl262tuwdniohjatudbfk3bpsgnbfcrs6sa",
      "type": "string"
    },
    "private_compute_nsg_id": {
      "value": "ocid1.networksecuritygroup.oc1.ap-sydney-1.aaaaaaaa3bljybrcmxj6vsuo3nlaul2a2p5v5dkesk4n3fu7cytmu75grtsa",
      "type": "string"
    },
    "private_instance_display_names": {
      "value": [
        "oci-ext-private-instance-1",
        "oci-ext-private-instance-2"
      ],
      "type": [
        "tuple",
        [
          "string",
          "string"
        ]
      ]
    },
    "private_instance_ids": {
      "value": [
        "ocid1.instance.oc1.ap-sydney-1.anzxsljruvuxtpqcfnkjjjo33dhfhfliz74jf2ycbe32xrirdblp3x2cpypa",
        "ocid1.instance.oc1.ap-sydney-1.anzxsljruvuxtpqcrgo2jrlircn34ys6cttbtzarlfs6nk5iifzw7f364avq"
      ],
      "type": [
        "tuple",
        [
          "string",
          "string"
        ]
      ]
    },
    "private_instance_private_ips": {
      "value": [
        "10.0.2.160",
        "10.0.2.53"
      ],
      "type": [
        "tuple",
        [
          "string",
          "string"
        ]
      ]
    },
    "private_instance_reserved_private_ips": {
      "value": [
        "10.0.2.10",
        "10.0.2.11"
      ],
      "type": [
        "list",
        "string"
      ]
    },
    "private_subnet_id": {
      "value": "ocid1.subnet.oc1.ap-sydney-1.aaaaaaaaxezjsgdnfjmhuq5witldckpvpko5oztskhochcd4zmktmrqsbvta",
      "type": "string"
    },
    "public_subnet_id": {
      "value": "ocid1.subnet.oc1.ap-sydney-1.aaaaaaaaymymlg5sc6nvf4pfc2aebryfmmhxdlo464vdnc5lm4zs3qmhl7kq",
      "type": "string"
    },
    "ssh_connection_info": {
      "value": {
        "bastion_ssh_command": "ssh -i /Users/damo/.ssh/oci/ga-ops-2025-06-30T03_52_32.238Z.pem opc@159.13.46.200",
        "private_instance_ssh_commands": [
          "ssh -i /Users/damo/.ssh/oci/ga-ops-2025-06-30T03_52_32.238Z.pem -o ProxyCommand='ssh -W %h:%p -i /Users/damo/.ssh/oci/ga-ops-2025-06-30T03_52_32.238Z.pem opc@159.13.46.200' opc@10.0.2.160",
          "ssh -i /Users/damo/.ssh/oci/ga-ops-2025-06-30T03_52_32.238Z.pem -o ProxyCommand='ssh -W %h:%p -i /Users/damo/.ssh/oci/ga-ops-2025-06-30T03_52_32.238Z.pem opc@159.13.46.200' opc@10.0.2.53"
        ]
      },
      "type": [
        "object",
        {
          "bastion_ssh_command": "string",
          "private_instance_ssh_commands": [
            "tuple",
            [
              "string",
              "string"
            ]
          ]
        }
      ]
    },
    "vcn_id": {
      "value": "ocid1.vcn.oc1.ap-sydney-1.amaaaaaauvuxtpqa4i7uuexv2sy7jnjor7rvbd5ws476rgkxys7pxanb6qaa",
      "type": "string"
    },
    "waf_allowed_paths": {
      "value": [
        "/ords/r/marinedataregister",
        "/"
      ],
      "type": [
        "list",
        "string"
      ]
    },
    "waf_enabled": {
      "value": true,
      "type": "bool"
    }
  },
  "resources": [
    {
      "mode": "managed",
      "type": "null_resource",
      "name": "detach_private_instance_secondary_private_ip",
      "provider": "provider[\"registry.terraform.io/hashicorp/null\"]",
      "instances": []
    },
    {
      "mode": "managed",
      "type": "oci_core_instance",
      "name": "bastion",
      "provider": "provider[\"registry.terraform.io/oracle/oci\"]",
      "instances": [
        {
          "schema_version": 0,
          "attributes": {
            "agent_config": [
              {
                "are_all_plugins_disabled": false,
                "is_management_disabled": false,
                "is_monitoring_disabled": false,
                "plugins_config": []
              }
            ],
            "async": null,
            "availability_config": [
              {
                "is_live_migration_preferred": false,
                "recovery_action": "RESTORE_INSTANCE"
              }
            ],
            "availability_domain": "Brdh:AP-SYDNEY-1-AD-1",
            "boot_volume_id": "ocid1.bootvolume.oc1.ap-sydney-1.abzxsljry26mihva3y5krht3sa6ot5ftvixgs7c6nwinw4i2yvpasojuaifq",
            "capacity_reservation_id": null,
            "cluster_placement_group_id": null,
            "compartment_id": "ocid1.compartment.oc1..aaaaaaaa3bfgcrogwd3smdq7aeybl3lamkkfvtwmedfkt7whoizspclhghnq",
            "compute_cluster_id": null,
            "create_vnic_details": [
              {
                "assign_ipv6ip": false,
                "assign_private_dns_record": false,
                "assign_public_ip": "true",
                "defined_tags": {},
                "display_name": "test-ext-bastion-vnic",
                "freeform_tags": {},
                "hostname_label": "ext-bastion",
                "ipv6address_ipv6subnet_cidr_pair_details": [],
                "nsg_ids": [],
                "private_ip": "10.0.1.209",
                "security_attributes": {},
                "skip_source_dest_check": false,
                "subnet_id": "ocid1.subnet.oc1.ap-sydney-1.aaaaaaaa5z5hsog6ehfm3lptmxksne5wi5jy5agxd2chpbwgudnoodrwuxqa",
                "vlan_id": ""
              }
            ],
            "dedicated_vm_host_id": null,
            "defined_tags": {},
            "display_name": "test-ext-bastion",
            "extended_metadata": {},
            "fault_domain": "FAULT-DOMAIN-3",
            "freeform_tags": {},
            "hostname_label": "ext-bastion",
            "id": "ocid1.instance.oc1.ap-sydney-1.anzxsljruvuxtpqcj3lrot36eyfo4uyl3rqrt7z4u5aoz53mmhpytwrxgk3q",
            "image": "ocid1.image.oc1.ap-sydney-1.aaaaaaaa7l5t44goumyeu2ahf6cknh5lkfcetwzdagl5tj6e7gsoyjhdt7sa",
            "instance_configuration_id": null,
            "instance_options": [
              {
                "are_legacy_imds_endpoints_disabled": false
              }
            ],
            "ipxe_script": null,
            "is_cross_numa_node": false,
            "is_pv_encryption_in_transit_enabled": null,
            "launch_mode": "PARAVIRTUALIZED",
            "launch_options": [
              {
                "boot_volume_type": "PARAVIRTUALIZED",
                "firmware": "UEFI_64",
                "is_consistent_volume_naming_enabled": true,
                "is_pv_encryption_in_transit_enabled": false,
                "network_type": "PARAVIRTUALIZED",
                "remote_data_volume_type": "PARAVIRTUALIZED"
              }
            ],
            "launch_volume_attachments": [],
            "licensing_configs": [],
            "metadata": {
              "ssh_authorized_keys": "ssh-rsa AAAAB3NzaC1yc2EAAAADAQABAAABAQC1L8vO5zX7ZnWqoxbHh12KrG8nHxSDU1y+p39A7pm/Xu4Jp1IH8oyvCOhzkO5k8djbDCOo/BKmvKXq3tnKxcjvqSClLufDDQkUdeBa0RIcgvvQEuSNyWcKHPHN47i3vtJQu7ZTUdMMxu1LiaFUxH2Xrzxoeg9kvpqhjheGzgnowpUtAMiEt2welwADTo64888oyo+zv9csiD932I8CyglkxmVG6Jd7+HrmLR2iMPY1u/augi2NbCGIeoek7HeGMMPfXuKadJmRRBXE3tzQrk5nQiHOZYcpISGe9F1A5HXWoHzgtg6oTRP4Yo5gFuoRAxpS/6GsGgB1NP7CtA5dkb27"
            },
            "placement_constraint_details": [],
            "platform_config": [],
            "preemptible_instance_config": [],
            "preserve_boot_volume": null,
            "preserve_data_volumes_created_at_launch": null,
            "private_ip": "10.0.1.209",
            "public_ip": "152.67.114.133",
            "region": "ap-sydney-1",
            "security_attributes": {},
            "security_attributes_state": "STABLE",
            "shape": "VM.Standard.E4.Flex",
            "shape_config": [
              {
                "baseline_ocpu_utilization": "",
                "gpu_description": "",
                "gpus": 0,
                "local_disk_description": "",
                "local_disks": 0,
                "local_disks_total_size_in_gbs": 0,
                "max_vnic_attachments": 2,
                "memory_in_gbs": 16,
                "networking_bandwidth_in_gbps": 1,
                "nvmes": 0,
                "ocpus": 1,
                "processor_description": "2.55 GHz AMD EPYC™ 7J13 (Milan)",
                "vcpus": 2
              }
            ],
            "source_details": [
              {
                "boot_volume_size_in_gbs": "47",
                "boot_volume_vpus_per_gb": "10",
                "instance_source_image_filter_details": [],
                "is_preserve_boot_volume_enabled": false,
                "kms_key_id": "",
                "source_id": "ocid1.image.oc1.ap-sydney-1.aaaaaaaa7l5t44goumyeu2ahf6cknh5lkfcetwzdagl5tj6e7gsoyjhdt7sa",
                "source_type": "image"
              }
            ],
            "state": "RUNNING",
            "subnet_id": "ocid1.subnet.oc1.ap-sydney-1.aaaaaaaa5z5hsog6ehfm3lptmxksne5wi5jy5agxd2chpbwgudnoodrwuxqa",
            "system_tags": {},
            "time_created": "2025-07-22 19:27:07.019 +0000 UTC",
            "time_maintenance_reboot_due": "",
            "timeouts": null,
            "update_operation_constraint": null
          },
          "sensitive_attributes": [],
          "identity_schema_version": 0,
          "private": "eyJlMmJmYjczMC1lY2FhLTExZTYtOGY4OC0zNDM2M2JjN2M0YzAiOnsiY3JlYXRlIjoyNzAwMDAwMDAwMDAwLCJkZWxldGUiOjQ1MDAwMDAwMDAwMDAsInVwZGF0ZSI6MjcwMDAwMDAwMDAwMH19",
          "dependencies": [
            "oci_core_internet_gateway.internet_gateway",
            "oci_core_route_table.public_route_table",
            "oci_core_security_list.public_security_list",
            "oci_core_subnet.public_subnet",
            "oci_core_vcn.vcn"
          ],
          "create_before_destroy": true
        }
      ]
    },
    {
      "mode": "managed",
      "type": "oci_core_instance",
      "name": "private_instance",
      "provider": "provider[\"registry.terraform.io/oracle/oci\"]",
      "instances": [
        {
          "schema_version": 0,
          "attributes": {
            "agent_config": [
              {
                "are_all_plugins_disabled": false,
                "is_management_disabled": false,
                "is_monitoring_disabled": false,
                "plugins_config": []
              }
            ],
            "async": null,
            "availability_config": [
              {
                "is_live_migration_preferred": false,
                "recovery_action": "RESTORE_INSTANCE"
              }
            ],
            "availability_domain": "Brdh:AP-SYDNEY-1-AD-1",
            "boot_volume_id": "ocid1.bootvolume.oc1.ap-sydney-1.abzxsljr2665bolwrc2ov3dwoavpu4hq2ipip6bac7hytn275mrifab4ss3q",
            "capacity_reservation_id": null,
            "cluster_placement_group_id": null,
            "compartment_id": "ocid1.compartment.oc1..aaaaaaaa3bfgcrogwd3smdq7aeybl3lamkkfvtwmedfkt7whoizspclhghnq",
            "compute_cluster_id": null,
            "create_vnic_details": [
              {
                "assign_ipv6ip": false,
                "assign_private_dns_record": false,
                "assign_public_ip": "false",
                "defined_tags": {},
                "display_name": "test-ext-private-instance-vnic",
                "freeform_tags": {},
                "hostname_label": "ext-private",
                "ipv6address_ipv6subnet_cidr_pair_details": [],
                "nsg_ids": [],
                "private_ip": "10.0.2.151",
                "security_attributes": {},
                "skip_source_dest_check": false,
                "subnet_id": "ocid1.subnet.oc1.ap-sydney-1.aaaaaaaa3s5t3fb4szto3pp4dy7zden2kh4u4e6655pkvknlnqswae4xzpwa",
                "vlan_id": ""
              }
            ],
            "dedicated_vm_host_id": null,
            "defined_tags": {},
            "display_name": "test-ext-private-instance",
            "extended_metadata": {},
            "fault_domain": "FAULT-DOMAIN-3",
            "freeform_tags": {},
            "hostname_label": "ext-private",
            "id": "ocid1.instance.oc1.ap-sydney-1.anzxsljruvuxtpqceattj43xifaygscmscp6ggxmoehdoy6v5hk3vpdqilvq",
            "image": "ocid1.image.oc1.ap-sydney-1.aaaaaaaa7l5t44goumyeu2ahf6cknh5lkfcetwzdagl5tj6e7gsoyjhdt7sa",
            "instance_configuration_id": null,
            "instance_options": [
              {
                "are_legacy_imds_endpoints_disabled": false
              }
            ],
            "ipxe_script": null,
            "is_cross_numa_node": false,
            "is_pv_encryption_in_transit_enabled": null,
            "launch_mode": "PARAVIRTUALIZED",
            "launch_options": [
              {
                "boot_volume_type": "PARAVIRTUALIZED",
                "firmware": "UEFI_64",
                "is_consistent_volume_naming_enabled": true,
                "is_pv_encryption_in_transit_enabled": false,
                "network_type": "PARAVIRTUALIZED",
                "remote_data_volume_type": "PARAVIRTUALIZED"
              }
            ],
            "launch_volume_attachments": [],
            "licensing_configs": [],
            "metadata": {
              "ssh_authorized_keys": "ssh-rsa AAAAB3NzaC1yc2EAAAADAQABAAABAQC1L8vO5zX7ZnWqoxbHh12KrG8nHxSDU1y+p39A7pm/Xu4Jp1IH8oyvCOhzkO5k8djbDCOo/BKmvKXq3tnKxcjvqSClLufDDQkUdeBa0RIcgvvQEuSNyWcKHPHN47i3vtJQu7ZTUdMMxu1LiaFUxH2Xrzxoeg9kvpqhjheGzgnowpUtAMiEt2welwADTo64888oyo+zv9csiD932I8CyglkxmVG6Jd7+HrmLR2iMPY1u/augi2NbCGIeoek7HeGMMPfXuKadJmRRBXE3tzQrk5nQiHOZYcpISGe9F1A5HXWoHzgtg6oTRP4Yo5gFuoRAxpS/6GsGgB1NP7CtA5dkb27"
            },
            "placement_constraint_details": [],
            "platform_config": [],
            "preemptible_instance_config": [],
            "preserve_boot_volume": null,
            "preserve_data_volumes_created_at_launch": null,
            "private_ip": "10.0.2.151",
            "public_ip": "",
            "region": "ap-sydney-1",
            "security_attributes": {},
            "security_attributes_state": "STABLE",
            "shape": "VM.Standard.E4.Flex",
            "shape_config": [
              {
                "baseline_ocpu_utilization": "",
                "gpu_description": "",
                "gpus": 0,
                "local_disk_description": "",
                "local_disks": 0,
                "local_disks_total_size_in_gbs": 0,
                "max_vnic_attachments": 2,
                "memory_in_gbs": 16,
                "networking_bandwidth_in_gbps": 2,
                "nvmes": 0,
                "ocpus": 2,
                "processor_description": "2.55 GHz AMD EPYC™ 7J13 (Milan)",
                "vcpus": 4
              }
            ],
            "source_details": [
              {
                "boot_volume_size_in_gbs": "47",
                "boot_volume_vpus_per_gb": "10",
                "instance_source_image_filter_details": [],
                "is_preserve_boot_volume_enabled": false,
                "kms_key_id": "",
                "source_id": "ocid1.image.oc1.ap-sydney-1.aaaaaaaa7l5t44goumyeu2ahf6cknh5lkfcetwzdagl5tj6e7gsoyjhdt7sa",
                "source_type": "image"
              }
            ],
            "state": "RUNNING",
            "subnet_id": "ocid1.subnet.oc1.ap-sydney-1.aaaaaaaa3s5t3fb4szto3pp4dy7zden2kh4u4e6655pkvknlnqswae4xzpwa",
            "system_tags": {},
            "time_created": "2025-07-22 19:27:07.873 +0000 UTC",
            "time_maintenance_reboot_due": "",
            "timeouts": null,
            "update_operation_constraint": null
          },
          "sensitive_attributes": [],
          "identity_schema_version": 0,
          "private": "eyJlMmJmYjczMC1lY2FhLTExZTYtOGY4OC0zNDM2M2JjN2M0YzAiOnsiY3JlYXRlIjoyNzAwMDAwMDAwMDAwLCJkZWxldGUiOjQ1MDAwMDAwMDAwMDAsInVwZGF0ZSI6MjcwMDAwMDAwMDAwMH19",
          "dependencies": [
            "oci_core_nat_gateway.nat_gateway",
            "oci_core_route_table.private_route_table",
            "oci_core_security_list.private_security_list",
            "oci_core_subnet.private_subnet",
            "oci_core_vcn.vcn"
          ],
          "create_before_destroy": true
        }
      ]
    },
    {
      "mode": "managed",
      "type": "oci_core_instance",
      "name": "private_instance_secondary",
      "provider": "provider[\"registry.terraform.io/oracle/oci\"]",
      "instances": []
    },
    {
      "mode": "managed",
      "type": "oci_core_internet_gateway",
      "name": "internet_gateway",
      "provider": "provider[\"registry.terraform.io/oracle/oci\"]",
      "instances": [
        {
          "schema_version": 0,
          "attributes": {
            "compartment_id": "ocid1.compartment.oc1..aaaaaaaa3bfgcrogwd3smdq7aeybl3lamkkfvtwmedfkt7whoizspclhghnq",
            "defined_tags": {},
            "display_name": "test-ext-internet-gateway",
            "enabled": true,
            "freeform_tags": {},
            "id": "ocid1.internetgateway.oc1.ap-sydney-1.aaaaaaaaxeqjh4tie4ktlamsez5htaliqnwqo7ovcmqafghmv2klqatxvauq",
            "route_table_id": null,
            "state": "AVAILABLE",
            "time_created": "2025-07-22 19:26:41.456 +0000 UTC",
            "timeouts": null,
            "vcn_id": "ocid1.vcn.oc1.ap-sydney-1.amaaaaaauvuxtpqab4murluqq63mfe3zswo6xbz3gwklyaacbzv3ailkgxka"
          },
          "sensitive_attributes": [],
          "identity_schema_version": 0,
          "private": "eyJlMmJmYjczMC1lY2FhLTExZTYtOGY4OC0zNDM2M2JjN2M0YzAiOnsiY3JlYXRlIjoxMjAwMDAwMDAwMDAwLCJkZWxldGUiOjEyMDAwMDAwMDAwMDAsInVwZGF0ZSI6MTIwMDAwMDAwMDAwMH19",
          "dependencies": [
            "oci_core_vcn.vcn"
          ],
          "create_before_destroy": true
        }
      ]
    },
    {
      "mode": "managed",
      "type": "oci_core_nat_gateway",
      "name": "nat_gateway",
      "provider": "provider[\"registry.terraform.io/oracle/oci\"]",
      "instances": [
        {
          "schema_version": 0,
          "attributes": {
            "block_traffic": false,
            "compartment_id": "ocid1.compartment.oc1..aaaaaaaa3bfgcrogwd3smdq7aeybl3lamkkfvtwmedfkt7whoizspclhghnq",
            "defined_tags": {},
            "display_name": "test-ext-nat-gateway",
            "freeform_tags": {},
            "id": "ocid1.natgateway.oc1.ap-sydney-1.aaaaaaaa4k6hgpmhvcxnrhof3snmhbic4ynwjlupnuubyvppl2xwnf2a2xaa",
            "nat_ip": "192.9.168.232",
            "public_ip_id": "ocid1.publicip.oc1.ap-sydney-1.aaaaaaaax4qpqyxhds4dlfvkbbx3jfktxemewq6gwcqj25ipbrmp5djdexiq",
            "route_table_id": null,
            "state": "AVAILABLE",
            "time_created": "2025-07-22 19:26:41.69 +0000 UTC",
            "timeouts": null,
            "vcn_id": "ocid1.vcn.oc1.ap-sydney-1.amaaaaaauvuxtpqab4murluqq63mfe3zswo6xbz3gwklyaacbzv3ailkgxka"
          },
          "sensitive_attributes": [],
          "identity_schema_version": 0,
          "private": "eyJlMmJmYjczMC1lY2FhLTExZTYtOGY4OC0zNDM2M2JjN2M0YzAiOnsiY3JlYXRlIjoxMjAwMDAwMDAwMDAwLCJkZWxldGUiOjEyMDAwMDAwMDAwMDAsInVwZGF0ZSI6MTIwMDAwMDAwMDAwMH19",
          "dependencies": [
            "oci_core_vcn.vcn"
          ],
          "create_before_destroy": true
        }
      ]
    },
    {
      "mode": "managed",
      "type": "oci_core_private_ip",
      "name": "private_instance_secondary_private_ip",
      "provider": "provider[\"registry.terraform.io/oracle/oci\"]",
      "instances": []
    },
    {
      "mode": "managed",
      "type": "oci_core_route_table",
      "name": "private_route_table",
      "provider": "provider[\"registry.terraform.io/oracle/oci\"]",
      "instances": [
        {
          "schema_version": 0,
          "attributes": {
            "compartment_id": "ocid1.compartment.oc1..aaaaaaaa3bfgcrogwd3smdq7aeybl3lamkkfvtwmedfkt7whoizspclhghnq",
            "defined_tags": {},
            "display_name": "test-ext-private-route-table",
            "freeform_tags": {},
            "id": "ocid1.routetable.oc1.ap-sydney-1.aaaaaaaa5y625nl2fedfueddd5lncw3t7ezbtaqgj3o4tmrygmjg2axfegwq",
            "route_rules": [
              {
                "cidr_block": "",
                "description": "",
                "destination": "0.0.0.0/0",
                "destination_type": "CIDR_BLOCK",
                "network_entity_id": "ocid1.natgateway.oc1.ap-sydney-1.aaaaaaaa4k6hgpmhvcxnrhof3snmhbic4ynwjlupnuubyvppl2xwnf2a2xaa",
                "route_type": ""
              }
            ],
            "state": "AVAILABLE",
            "time_created": "2025-07-22 19:26:42.486 +0000 UTC",
            "timeouts": null,
            "vcn_id": "ocid1.vcn.oc1.ap-sydney-1.amaaaaaauvuxtpqab4murluqq63mfe3zswo6xbz3gwklyaacbzv3ailkgxka"
          },
          "sensitive_attributes": [],
          "identity_schema_version": 0,
          "private": "eyJlMmJmYjczMC1lY2FhLTExZTYtOGY4OC0zNDM2M2JjN2M0YzAiOnsiY3JlYXRlIjoxMjAwMDAwMDAwMDAwLCJkZWxldGUiOjEyMDAwMDAwMDAwMDAsInVwZGF0ZSI6MTIwMDAwMDAwMDAwMH19",
          "dependencies": [
            "oci_core_nat_gateway.nat_gateway",
            "oci_core_vcn.vcn"
          ],
          "create_before_destroy": true
        }
      ]
    },
    {
      "mode": "managed",
      "type": "oci_core_route_table",
      "name": "public_route_table",
      "provider": "provider[\"registry.terraform.io/oracle/oci\"]",
      "instances": [
        {
          "schema_version": 0,
          "attributes": {
            "compartment_id": "ocid1.compartment.oc1..aaaaaaaa3bfgcrogwd3smdq7aeybl3lamkkfvtwmedfkt7whoizspclhghnq",
            "defined_tags": {},
            "display_name": "test-ext-public-route-table",
            "freeform_tags": {},
            "id": "ocid1.routetable.oc1.ap-sydney-1.aaaaaaaaocet4atgfekra2bq7auhecs33gaus7vw2qd67e2csqcwrkhofd6a",
            "route_rules": [
              {
                "cidr_block": "",
                "description": "",
                "destination": "0.0.0.0/0",
                "destination_type": "CIDR_BLOCK",
                "network_entity_id": "ocid1.internetgateway.oc1.ap-sydney-1.aaaaaaaaxeqjh4tie4ktlamsez5htaliqnwqo7ovcmqafghmv2klqatxvauq",
                "route_type": ""
              }
            ],
            "state": "AVAILABLE",
            "time_created": "2025-07-22 19:26:41.886 +0000 UTC",
            "timeouts": null,
            "vcn_id": "ocid1.vcn.oc1.ap-sydney-1.amaaaaaauvuxtpqab4murluqq63mfe3zswo6xbz3gwklyaacbzv3ailkgxka"
          },
          "sensitive_attributes": [],
          "identity_schema_version": 0,
          "private": "eyJlMmJmYjczMC1lY2FhLTExZTYtOGY4OC0zNDM2M2JjN2M0YzAiOnsiY3JlYXRlIjoxMjAwMDAwMDAwMDAwLCJkZWxldGUiOjEyMDAwMDAwMDAwMDAsInVwZGF0ZSI6MTIwMDAwMDAwMDAwMH19",
          "dependencies": [
            "oci_core_internet_gateway.internet_gateway",
            "oci_core_vcn.vcn"
          ],
          "create_before_destroy": true
        }
      ]
    },
    {
      "mode": "managed",
      "type": "oci_core_security_list",
      "name": "private_security_list",
      "provider": "provider[\"registry.terraform.io/oracle/oci\"]",
      "instances": [
        {
          "schema_version": 0,
          "attributes": {
            "compartment_id": "ocid1.compartment.oc1..aaaaaaaa3bfgcrogwd3smdq7aeybl3lamkkfvtwmedfkt7whoizspclhghnq",
            "defined_tags": {},
            "display_name": "test-ext-private-security-list",
            "egress_security_rules": [
              {
                "description": "",
                "destination": "0.0.0.0/0",
                "destination_type": "CIDR_BLOCK",
                "icmp_options": [],
                "protocol": "all",
                "stateless": false,
                "tcp_options": [],
                "udp_options": []
              }
            ],
            "freeform_tags": {},
            "id": "ocid1.securitylist.oc1.ap-sydney-1.aaaaaaaaerhuikjbmcsz4xurwpu3ltqtzkxngstrjbpaeopvxh2xtt5hmlwa",
            "ingress_security_rules": [
              {
                "description": "",
                "icmp_options": [],
                "protocol": "6",
                "source": "10.0.1.0/24",
                "source_type": "CIDR_BLOCK",
                "stateless": false,
                "tcp_options": [
                  {
                    "max": 22,
                    "min": 22,
                    "source_port_range": []
                  }
                ],
                "udp_options": []
              }
            ],
            "state": "AVAILABLE",
            "time_created": "2025-07-22 19:26:41.551 +0000 UTC",
            "timeouts": null,
            "vcn_id": "ocid1.vcn.oc1.ap-sydney-1.amaaaaaauvuxtpqab4murluqq63mfe3zswo6xbz3gwklyaacbzv3ailkgxka"
          },
          "sensitive_attributes": [],
          "identity_schema_version": 0,
          "private": "eyJlMmJmYjczMC1lY2FhLTExZTYtOGY4OC0zNDM2M2JjN2M0YzAiOnsiY3JlYXRlIjoxMjAwMDAwMDAwMDAwLCJkZWxldGUiOjEyMDAwMDAwMDAwMDAsInVwZGF0ZSI6MTIwMDAwMDAwMDAwMH19",
          "dependencies": [
            "oci_core_vcn.vcn"
          ],
          "create_before_destroy": true
        }
      ]
    },
    {
      "mode": "managed",
      "type": "oci_core_security_list",
      "name": "public_security_list",
      "provider": "provider[\"registry.terraform.io/oracle/oci\"]",
      "instances": [
        {
          "schema_version": 0,
          "attributes": {
            "compartment_id": "ocid1.compartment.oc1..aaaaaaaa3bfgcrogwd3smdq7aeybl3lamkkfvtwmedfkt7whoizspclhghnq",
            "defined_tags": {},
            "display_name": "test-ext-public-security-list",
            "egress_security_rules": [
              {
                "description": "",
                "destination": "0.0.0.0/0",
                "destination_type": "CIDR_BLOCK",
                "icmp_options": [],
                "protocol": "all",
                "stateless": false,
                "tcp_options": [],
                "udp_options": []
              }
            ],
            "freeform_tags": {},
            "id": "ocid1.securitylist.oc1.ap-sydney-1.aaaaaaaajfyczv64mele6mhaysi4akmc6vymplbbt4uzmrwmanqu5pjv3ewq",
            "ingress_security_rules": [
              {
                "description": "",
                "icmp_options": [],
                "protocol": "6",
                "source": "0.0.0.0/0",
                "source_type": "CIDR_BLOCK",
                "stateless": false,
                "tcp_options": [
                  {
                    "max": 22,
                    "min": 22,
                    "source_port_range": []
                  }
                ],
                "udp_options": []
              }
            ],
            "state": "AVAILABLE",
            "time_created": "2025-07-22 19:26:41.559 +0000 UTC",
            "timeouts": null,
            "vcn_id": "ocid1.vcn.oc1.ap-sydney-1.amaaaaaauvuxtpqab4murluqq63mfe3zswo6xbz3gwklyaacbzv3ailkgxka"
          },
          "sensitive_attributes": [],
          "identity_schema_version": 0,
          "private": "eyJlMmJmYjczMC1lY2FhLTExZTYtOGY4OC0zNDM2M2JjN2M0YzAiOnsiY3JlYXRlIjoxMjAwMDAwMDAwMDAwLCJkZWxldGUiOjEyMDAwMDAwMDAwMDAsInVwZGF0ZSI6MTIwMDAwMDAwMDAwMH19",
          "dependencies": [
            "oci_core_vcn.vcn"
          ],
          "create_before_destroy": true
        }
      ]
    },
    {
      "mode": "managed",
      "type": "oci_core_subnet",
      "name": "private_subnet",
      "provider": "provider[\"registry.terraform.io/oracle/oci\"]",
      "instances": [
        {
          "schema_version": 0,
          "attributes": {
            "availability_domain": null,
            "cidr_block": "10.0.2.0/24",
            "compartment_id": "ocid1.compartment.oc1..aaaaaaaa3bfgcrogwd3smdq7aeybl3lamkkfvtwmedfkt7whoizspclhghnq",
            "defined_tags": {},
            "dhcp_options_id": "ocid1.dhcpoptions.oc1.ap-sydney-1.aaaaaaaavztauu2w66lgyoxtxvnj75odmcauo2p4644l3ig6b2lugggokbza",
            "display_name": "test-ext-private-subnet",
            "dns_label": "private",
            "freeform_tags": {},
            "id": "ocid1.subnet.oc1.ap-sydney-1.aaaaaaaa3s5t3fb4szto3pp4dy7zden2kh4u4e6655pkvknlnqswae4xzpwa",
            "ipv6cidr_block": null,
            "ipv6cidr_blocks": [],
            "ipv6virtual_router_ip": null,
            "prohibit_internet_ingress": true,
            "prohibit_public_ip_on_vnic": true,
            "route_table_id": "ocid1.routetable.oc1.ap-sydney-1.aaaaaaaa5y625nl2fedfueddd5lncw3t7ezbtaqgj3o4tmrygmjg2axfegwq",
            "security_list_ids": [
              "ocid1.securitylist.oc1.ap-sydney-1.aaaaaaaaerhuikjbmcsz4xurwpu3ltqtzkxngstrjbpaeopvxh2xtt5hmlwa"
            ],
            "state": "AVAILABLE",
            "subnet_domain_name": "private.testextvcn.oraclevcn.com",
            "time_created": "2025-07-22 19:26:42.862 +0000 UTC",
            "timeouts": null,
            "vcn_id": "ocid1.vcn.oc1.ap-sydney-1.amaaaaaauvuxtpqab4murluqq63mfe3zswo6xbz3gwklyaacbzv3ailkgxka",
            "virtual_router_ip": "10.0.2.1",
            "virtual_router_mac": "00:00:17:27:B7:25"
          },
          "sensitive_attributes": [],
          "identity_schema_version": 0,
          "private": "eyJlMmJmYjczMC1lY2FhLTExZTYtOGY4OC0zNDM2M2JjN2M0YzAiOnsiY3JlYXRlIjoxMjAwMDAwMDAwMDAwLCJkZWxldGUiOjEyMDAwMDAwMDAwMDAsInVwZGF0ZSI6MTIwMDAwMDAwMDAwMH19",
          "dependencies": [
            "oci_core_nat_gateway.nat_gateway",
            "oci_core_route_table.private_route_table",
            "oci_core_security_list.private_security_list",
            "oci_core_vcn.vcn"
          ],
          "create_before_destroy": true
        }
      ]
    },
    {
      "mode": "managed",
      "type": "oci_core_subnet",
      "name": "public_subnet",
      "provider": "provider[\"registry.terraform.io/oracle/oci\"]",
      "instances": [
        {
          "schema_version": 0,
          "attributes": {
            "availability_domain": null,
            "cidr_block": "10.0.1.0/24",
            "compartment_id": "ocid1.compartment.oc1..aaaaaaaa3bfgcrogwd3smdq7aeybl3lamkkfvtwmedfkt7whoizspclhghnq",
            "defined_tags": {},
            "dhcp_options_id": "ocid1.dhcpoptions.oc1.ap-sydney-1.aaaaaaaavztauu2w66lgyoxtxvnj75odmcauo2p4644l3ig6b2lugggokbza",
            "display_name": "test-ext-public-subnet",
            "dns_label": "public",
            "freeform_tags": {},
            "id": "ocid1.subnet.oc1.ap-sydney-1.aaaaaaaa5z5hsog6ehfm3lptmxksne5wi5jy5agxd2chpbwgudnoodrwuxqa",
            "ipv6cidr_block": null,
            "ipv6cidr_blocks": [],
            "ipv6virtual_router_ip": null,
            "prohibit_internet_ingress": false,
            "prohibit_public_ip_on_vnic": false,
            "route_table_id": "ocid1.routetable.oc1.ap-sydney-1.aaaaaaaaocet4atgfekra2bq7auhecs33gaus7vw2qd67e2csqcwrkhofd6a",
            "security_list_ids": [
              "ocid1.securitylist.oc1.ap-sydney-1.aaaaaaaajfyczv64mele6mhaysi4akmc6vymplbbt4uzmrwmanqu5pjv3ewq"
            ],
            "state": "AVAILABLE",
            "subnet_domain_name": "public.testextvcn.oraclevcn.com",
            "time_created": "2025-07-22 19:26:42.245 +0000 UTC",
            "timeouts": null,
            "vcn_id": "ocid1.vcn.oc1.ap-sydney-1.amaaaaaauvuxtpqab4murluqq63mfe3zswo6xbz3gwklyaacbzv3ailkgxka",
            "virtual_router_ip": "10.0.1.1",
            "virtual_router_mac": "00:00:17:27:B7:25"
          },
          "sensitive_attributes": [],
          "identity_schema_version": 0,
          "private": "eyJlMmJmYjczMC1lY2FhLTExZTYtOGY4OC0zNDM2M2JjN2M0YzAiOnsiY3JlYXRlIjoxMjAwMDAwMDAwMDAwLCJkZWxldGUiOjEyMDAwMDAwMDAwMDAsInVwZGF0ZSI6MTIwMDAwMDAwMDAwMH19",
          "dependencies": [
            "oci_core_internet_gateway.internet_gateway",
            "oci_core_route_table.public_route_table",
            "oci_core_security_list.public_security_list",
            "oci_core_vcn.vcn"
          ],
          "create_before_destroy": true
        }
      ]
    },
    {
      "mode": "managed",
      "type": "oci_core_vcn",
      "name": "vcn",
      "provider": "provider[\"registry.terraform.io/oracle/oci\"]",
      "instances": [
        {
          "schema_version": 0,
          "attributes": {
            "byoipv6cidr_blocks": [],
            "byoipv6cidr_details": [],
            "cidr_block": "10.0.0.0/16",
            "cidr_blocks": [
              "10.0.0.0/16"
            ],
            "compartment_id": "ocid1.compartment.oc1..aaaaaaaa3bfgcrogwd3smdq7aeybl3lamkkfvtwmedfkt7whoizspclhghnq",
            "default_dhcp_options_id": "ocid1.dhcpoptions.oc1.ap-sydney-1.aaaaaaaavztauu2w66lgyoxtxvnj75odmcauo2p4644l3ig6b2lugggokbza",
            "default_route_table_id": "ocid1.routetable.oc1.ap-sydney-1.aaaaaaaaqkrzeuswl6zv2emgr6pw7z7gays3qn5d2dqrg5iycwu76rk4pzka",
            "default_security_list_id": "ocid1.securitylist.oc1.ap-sydney-1.aaaaaaaas5ilu6rmd5e3ivewhmyrsiq6eq5zfoycrqlfouopkullfg2zlrqa",
            "defined_tags": {},
            "display_name": "test-ext-vcn",
            "dns_label": "testextvcn",
            "freeform_tags": {},
            "id": "ocid1.vcn.oc1.ap-sydney-1.amaaaaaauvuxtpqab4murluqq63mfe3zswo6xbz3gwklyaacbzv3ailkgxka",
            "ipv6cidr_blocks": [],
            "ipv6private_cidr_blocks": [],
            "is_ipv6enabled": false,
            "is_oracle_gua_allocation_enabled": null,
            "security_attributes": {},
            "state": "AVAILABLE",
            "time_created": "2025-07-22 19:26:40.974 +0000 UTC",
            "timeouts": null,
            "vcn_domain_name": "testextvcn.oraclevcn.com"
          },
          "sensitive_attributes": [],
          "identity_schema_version": 0,
          "private": "eyJlMmJmYjczMC1lY2FhLTExZTYtOGY4OC0zNDM2M2JjN2M0YzAiOnsiY3JlYXRlIjoxMjAwMDAwMDAwMDAwLCJkZWxldGUiOjEyMDAwMDAwMDAwMDAsInVwZGF0ZSI6MTIwMDAwMDAwMDAwMH19",
          "create_before_destroy": true
        }
      ]
    },
    {
      "mode": "managed",
      "type": "oci_core_vnic_attachment",
      "name": "private_instance_secondary_vnic_attachment",
      "provider": "provider[\"registry.terraform.io/oracle/oci\"]",
      "instances": []
    },
    {
      "module": "module.bastion",
      "mode": "data",
      "type": "oci_core_vnic_attachments",
      "name": "bastion_vnic_attachments",
      "provider": "provider[\"registry.terraform.io/hashicorp/oci\"]",
      "instances": [
        {
          "schema_version": 0,
          "attributes": {
            "availability_domain": null,
            "compartment_id": "ocid1.compartment.oc1..aaaaaaaa3bfgcrogwd3smdq7aeybl3lamkkfvtwmedfkt7whoizspclhghnq",
            "filter": null,
            "id": "CoreVnicAttachmentsDataSource-3177957890",
            "instance_id": "ocid1.instance.oc1.ap-sydney-1.anzxsljruvuxtpqcqb7nhtfcjkoiz3gnmqaj3stejr6kahkqpm7uvs43wyga",
            "vnic_attachments": [
              {
                "availability_domain": "Brdh:AP-SYDNEY-1-AD-1",
                "compartment_id": "ocid1.compartment.oc1..aaaaaaaa3bfgcrogwd3smdq7aeybl3lamkkfvtwmedfkt7whoizspclhghnq",
                "create_vnic_details": [],
                "display_name": "",
                "id": "ocid1.vnicattachment.oc1.ap-sydney-1.anzxsljruvuxtpqcf7x4uyd7c2l5zgqofr3nsgppk5dprnskzvlgw4ldahdq",
                "instance_id": "ocid1.instance.oc1.ap-sydney-1.anzxsljruvuxtpqcqb7nhtfcjkoiz3gnmqaj3stejr6kahkqpm7uvs43wyga",
                "nic_index": 0,
                "state": "ATTACHED",
                "subnet_id": "ocid1.subnet.oc1.ap-sydney-1.aaaaaaaaymymlg5sc6nvf4pfc2aebryfmmhxdlo464vdnc5lm4zs3qmhl7kq",
                "time_created": "2025-07-23 04:12:24.782 +0000 UTC",
                "vlan_id": "",
                "vlan_tag": 2361,
                "vnic_id": "ocid1.vnic.oc1.ap-sydney-1.abzxsljre2dsaeg7q3xcwn7yycq5ahaeqrggggyu77vyuthk563l6swd3lpa"
              }
            ],
            "vnic_id": null
          },
          "sensitive_attributes": [],
          "identity_schema_version": 0
        }
      ]
    },
    {
      "module": "module.bastion",
      "mode": "managed",
      "type": "null_resource",
      "name": "detach_bastion_private_ip",
      "provider": "provider[\"registry.terraform.io/hashicorp/null\"]",
      "instances": [
        {
          "index_key": 0,
          "schema_version": 0,
          "attributes": {
            "id": "1674250485091074662",
            "triggers": {
              "private_ip_id": "ocid1.privateip.oc1.ap-sydney-1.aaaaaaaagfdkqhmygzu2p2fx66gy2nrssqlfy54eoguq3andtweua74x2hxa"
            }
          },
          "sensitive_attributes": [],
          "identity_schema_version": 0,
          "dependencies": [
            "module.bastion.oci_core_instance.bastion",
            "module.bastion.oci_core_private_ip.bastion_private_ip",
            "module.bastion.oci_core_vnic_attachment.bastion_vnic_attachment",
            "module.network.oci_core_internet_gateway.internet_gateway",
            "module.network.oci_core_nat_gateway.nat_gateway",
            "module.network.oci_core_network_security_group.bastion_nsg",
            "module.network.oci_core_network_security_group.load_balancer_nsg",
            "module.network.oci_core_network_security_group.private_compute_nsg",
            "module.network.oci_core_network_security_group_security_rule.bastion_egress_all",
            "module.network.oci_core_network_security_group_security_rule.bastion_ssh_ingress",
            "module.network.oci_core_network_security_group_security_rule.lb_egress_to_private",
            "module.network.oci_core_network_security_group_security_rule.lb_http_ingress",
            "module.network.oci_core_network_security_group_security_rule.lb_https_ingress",
            "module.network.oci_core_network_security_group_security_rule.private_app_ports",
            "module.network.oci_core_network_security_group_security_rule.private_egress_all",
            "module.network.oci_core_network_security_group_security_rule.private_ssh_from_bastion",
            "module.network.oci_core_route_table.private_route_table",
            "module.network.oci_core_route_table.public_route_table",
            "module.network.oci_core_security_list.private_security_list",
            "module.network.oci_core_security_list.public_security_list",
            "module.network.oci_core_subnet.private_subnet",
            "module.network.oci_core_subnet.public_subnet",
            "module.network.oci_core_vcn.vcn"
          ]
        }
      ]
    },
    {
      "module": "module.bastion",
      "mode": "managed",
      "type": "oci_core_instance",
      "name": "bastion",
      "provider": "provider[\"registry.terraform.io/hashicorp/oci\"]",
      "instances": [
        {
          "schema_version": 0,
          "attributes": {
            "agent_config": [
              {
                "are_all_plugins_disabled": false,
                "is_management_disabled": false,
                "is_monitoring_disabled": false,
                "plugins_config": []
              }
            ],
            "async": null,
            "availability_config": [
              {
                "is_live_migration_preferred": false,
                "recovery_action": "RESTORE_INSTANCE"
              }
            ],
            "availability_domain": "Brdh:AP-SYDNEY-1-AD-1",
            "boot_volume_id": "ocid1.bootvolume.oc1.ap-sydney-1.abzxsljrs4ygygqtjyhkjcjqwz5pcsowsklt2hd5lnuvjbqtfq7xsspaw6kq",
            "capacity_reservation_id": null,
            "cluster_placement_group_id": null,
            "compartment_id": "ocid1.compartment.oc1..aaaaaaaa3bfgcrogwd3smdq7aeybl3lamkkfvtwmedfkt7whoizspclhghnq",
            "compute_cluster_id": null,
            "create_vnic_details": [
              {
                "assign_ipv6ip": false,
                "assign_private_dns_record": false,
                "assign_public_ip": "true",
                "defined_tags": {},
                "display_name": "oci-ext-bastion-vnic",
                "freeform_tags": {
                  "Environment": "development",
                  "Project": "oci-terraform-ansible"
                },
                "hostname_label": "bastion",
                "ipv6address_ipv6subnet_cidr_pair_details": [],
                "nsg_ids": [
                  "ocid1.networksecuritygroup.oc1.ap-sydney-1.aaaaaaaalopv5ahmblyl5nfrbdgca3xizboh7i4sb2cv4nrpu3hux35eieka"
                ],
                "private_ip": "10.0.1.208",
                "security_attributes": {},
                "skip_source_dest_check": false,
                "subnet_id": "ocid1.subnet.oc1.ap-sydney-1.aaaaaaaaymymlg5sc6nvf4pfc2aebryfmmhxdlo464vdnc5lm4zs3qmhl7kq",
                "vlan_id": ""
              }
            ],
            "dedicated_vm_host_id": null,
            "defined_tags": {},
            "display_name": "oci-ext-bastion",
            "extended_metadata": {},
            "fault_domain": "FAULT-DOMAIN-2",
            "freeform_tags": {
              "Environment": "development",
              "Project": "oci-terraform-ansible"
            },
            "hostname_label": "bastion",
            "id": "ocid1.instance.oc1.ap-sydney-1.anzxsljruvuxtpqcqb7nhtfcjkoiz3gnmqaj3stejr6kahkqpm7uvs43wyga",
            "image": "ocid1.image.oc1.ap-sydney-1.aaaaaaaa7l5t44goumyeu2ahf6cknh5lkfcetwzdagl5tj6e7gsoyjhdt7sa",
            "instance_configuration_id": null,
            "instance_options": [
              {
                "are_legacy_imds_endpoints_disabled": false
              }
            ],
            "ipxe_script": null,
            "is_cross_numa_node": false,
            "is_pv_encryption_in_transit_enabled": null,
            "launch_mode": "PARAVIRTUALIZED",
            "launch_options": [
              {
                "boot_volume_type": "PARAVIRTUALIZED",
                "firmware": "UEFI_64",
                "is_consistent_volume_naming_enabled": true,
                "is_pv_encryption_in_transit_enabled": false,
                "network_type": "PARAVIRTUALIZED",
                "remote_data_volume_type": "PARAVIRTUALIZED"
              }
            ],
            "launch_volume_attachments": null,
            "licensing_configs": [],
            "metadata": {
              "ssh_authorized_keys": "ssh-rsa AAAAB3NzaC1yc2EAAAADAQABAAABAQC1L8vO5zX7ZnWqoxbHh12KrG8nHxSDU1y+p39A7pm/Xu4Jp1IH8oyvCOhzkO5k8djbDCOo/BKmvKXq3tnKxcjvqSClLufDDQkUdeBa0RIcgvvQEuSNyWcKHPHN47i3vtJQu7ZTUdMMxu1LiaFUxH2Xrzxoeg9kvpqhjheGzgnowpUtAMiEt2welwADTo64888oyo+zv9csiD932I8CyglkxmVG6Jd7+HrmLR2iMPY1u/augi2NbCGIeoek7HeGMMPfXuKadJmRRBXE3tzQrk5nQiHOZYcpISGe9F1A5HXWoHzgtg6oTRP4Yo5gFuoRAxpS/6GsGgB1NP7CtA5dkb27"
            },
            "placement_constraint_details": [],
            "platform_config": [],
            "preemptible_instance_config": [],
            "preserve_boot_volume": null,
            "preserve_data_volumes_created_at_launch": null,
            "private_ip": "10.0.1.208",
            "public_ip": "159.13.46.200",
            "region": "ap-sydney-1",
            "security_attributes": {},
            "security_attributes_state": "STABLE",
            "shape": "VM.Standard.E4.Flex",
            "shape_config": [
              {
                "baseline_ocpu_utilization": "",
                "gpu_description": "",
                "gpus": 0,
                "local_disk_description": "",
                "local_disks": 0,
                "local_disks_total_size_in_gbs": 0,
                "max_vnic_attachments": 2,
                "memory_in_gbs": 16,
                "networking_bandwidth_in_gbps": 1,
                "nvmes": 0,
                "ocpus": 1,
                "processor_description": "2.55 GHz AMD EPYC™ 7J13 (Milan)",
                "vcpus": 2
              }
            ],
            "source_details": [
              {
                "boot_volume_size_in_gbs": "47",
                "boot_volume_vpus_per_gb": "10",
                "instance_source_image_filter_details": [],
                "is_preserve_boot_volume_enabled": false,
                "kms_key_id": "",
                "source_id": "ocid1.image.oc1.ap-sydney-1.aaaaaaaa7l5t44goumyeu2ahf6cknh5lkfcetwzdagl5tj6e7gsoyjhdt7sa",
                "source_type": "image"
              }
            ],
            "state": "RUNNING",
            "subnet_id": "ocid1.subnet.oc1.ap-sydney-1.aaaaaaaaymymlg5sc6nvf4pfc2aebryfmmhxdlo464vdnc5lm4zs3qmhl7kq",
            "system_tags": {},
            "time_created": "2025-07-23 04:12:21.275 +0000 UTC",
            "time_maintenance_reboot_due": "",
            "timeouts": null,
            "update_operation_constraint": null
          },
          "sensitive_attributes": [],
          "identity_schema_version": 0,
          "private": "eyJlMmJmYjczMC1lY2FhLTExZTYtOGY4OC0zNDM2M2JjN2M0YzAiOnsiY3JlYXRlIjoyNzAwMDAwMDAwMDAwLCJkZWxldGUiOjQ1MDAwMDAwMDAwMDAsInVwZGF0ZSI6MjcwMDAwMDAwMDAwMH19",
          "dependencies": [
            "module.network.oci_core_internet_gateway.internet_gateway",
            "module.network.oci_core_nat_gateway.nat_gateway",
            "module.network.oci_core_network_security_group.bastion_nsg",
            "module.network.oci_core_network_security_group.load_balancer_nsg",
            "module.network.oci_core_network_security_group.private_compute_nsg",
            "module.network.oci_core_network_security_group_security_rule.bastion_egress_all",
            "module.network.oci_core_network_security_group_security_rule.bastion_ssh_ingress",
            "module.network.oci_core_network_security_group_security_rule.lb_egress_to_private",
            "module.network.oci_core_network_security_group_security_rule.lb_http_ingress",
            "module.network.oci_core_network_security_group_security_rule.lb_https_ingress",
            "module.network.oci_core_network_security_group_security_rule.private_app_ports",
            "module.network.oci_core_network_security_group_security_rule.private_egress_all",
            "module.network.oci_core_network_security_group_security_rule.private_ssh_from_bastion",
            "module.network.oci_core_route_table.private_route_table",
            "module.network.oci_core_route_table.public_route_table",
            "module.network.oci_core_security_list.private_security_list",
            "module.network.oci_core_security_list.public_security_list",
            "module.network.oci_core_subnet.private_subnet",
            "module.network.oci_core_subnet.public_subnet",
            "module.network.oci_core_vcn.vcn"
          ],
          "create_before_destroy": true
        }
      ]
    },
    {
      "module": "module.bastion",
      "mode": "managed",
      "type": "oci_core_private_ip",
      "name": "bastion_private_ip",
      "provider": "provider[\"registry.terraform.io/hashicorp/oci\"]",
      "instances": [
        {
          "index_key": 0,
          "schema_version": 0,
          "attributes": {
            "availability_domain": null,
            "compartment_id": "ocid1.compartment.oc1..aaaaaaaa3bfgcrogwd3smdq7aeybl3lamkkfvtwmedfkt7whoizspclhghnq",
            "defined_tags": {},
            "display_name": "oci-ext-bastion-private-ip",
            "freeform_tags": {},
            "hostname_label": "bastion-private-ip",
            "id": "ocid1.privateip.oc1.ap-sydney-1.aaaaaaaagfdkqhmygzu2p2fx66gy2nrssqlfy54eoguq3andtweua74x2hxa",
            "ip_address": "10.0.1.72",
            "ip_state": "ASSIGNED",
            "is_primary": false,
            "is_reserved": null,
            "lifetime": "EPHEMERAL",
            "route_table_id": null,
            "subnet_id": "ocid1.subnet.oc1.ap-sydney-1.aaaaaaaaymymlg5sc6nvf4pfc2aebryfmmhxdlo464vdnc5lm4zs3qmhl7kq",
            "time_created": "2025-07-23 04:13:03.127 +0000 UTC",
            "timeouts": null,
            "vlan_id": null,
            "vnic_id": "ocid1.vnic.oc1.ap-sydney-1.abzxsljryeyenwf55d76izkin6mwh46slrilmgl5bk7bv6xkk4tksbuh5e7a"
          },
          "sensitive_attributes": [],
          "identity_schema_version": 0,
          "private": "eyJlMmJmYjczMC1lY2FhLTExZTYtOGY4OC0zNDM2M2JjN2M0YzAiOnsiY3JlYXRlIjoxMjAwMDAwMDAwMDAwLCJkZWxldGUiOjEyMDAwMDAwMDAwMDAsInVwZGF0ZSI6MTIwMDAwMDAwMDAwMH19",
          "dependencies": [
            "module.bastion.oci_core_instance.bastion",
            "module.bastion.oci_core_vnic_attachment.bastion_vnic_attachment",
            "module.network.oci_core_internet_gateway.internet_gateway",
            "module.network.oci_core_nat_gateway.nat_gateway",
            "module.network.oci_core_network_security_group.bastion_nsg",
            "module.network.oci_core_network_security_group.load_balancer_nsg",
            "module.network.oci_core_network_security_group.private_compute_nsg",
            "module.network.oci_core_network_security_group_security_rule.bastion_egress_all",
            "module.network.oci_core_network_security_group_security_rule.bastion_ssh_ingress",
            "module.network.oci_core_network_security_group_security_rule.lb_egress_to_private",
            "module.network.oci_core_network_security_group_security_rule.lb_http_ingress",
            "module.network.oci_core_network_security_group_security_rule.lb_https_ingress",
            "module.network.oci_core_network_security_group_security_rule.private_app_ports",
            "module.network.oci_core_network_security_group_security_rule.private_egress_all",
            "module.network.oci_core_network_security_group_security_rule.private_ssh_from_bastion",
            "module.network.oci_core_route_table.private_route_table",
            "module.network.oci_core_route_table.public_route_table",
            "module.network.oci_core_security_list.private_security_list",
            "module.network.oci_core_security_list.public_security_list",
            "module.network.oci_core_subnet.private_subnet",
            "module.network.oci_core_subnet.public_subnet",
            "module.network.oci_core_vcn.vcn"
          ],
          "create_before_destroy": true
        }
      ]
    },
    {
      "module": "module.bastion",
      "mode": "managed",
      "type": "oci_core_vnic_attachment",
      "name": "bastion_vnic_attachment",
      "provider": "provider[\"registry.terraform.io/hashicorp/oci\"]",
      "instances": [
        {
          "index_key": 0,
          "schema_version": 0,
          "attributes": {
            "availability_domain": "Brdh:AP-SYDNEY-1-AD-1",
            "compartment_id": "ocid1.compartment.oc1..aaaaaaaa3bfgcrogwd3smdq7aeybl3lamkkfvtwmedfkt7whoizspclhghnq",
            "create_vnic_details": [
              {
                "assign_ipv6ip": false,
                "assign_private_dns_record": false,
                "assign_public_ip": "false",
                "defined_tags": {},
                "display_name": "oci-ext-bastion-secondary-vnic",
                "freeform_tags": {},
                "hostname_label": "",
                "ipv6address_ipv6subnet_cidr_pair_details": [],
                "nsg_ids": null,
                "private_ip": "10.0.1.54",
                "route_table_id": "",
                "security_attributes": {},
                "skip_source_dest_check": false,
                "subnet_id": "ocid1.subnet.oc1.ap-sydney-1.aaaaaaaaymymlg5sc6nvf4pfc2aebryfmmhxdlo464vdnc5lm4zs3qmhl7kq",
                "vlan_id": ""
              }
            ],
            "display_name": "oci-ext-bastion-secondary-vnic",
            "id": "ocid1.vnicattachment.oc1.ap-sydney-1.anzxsljruvuxtpqc5yptimkdgd6x4lfse3u3hbiswnkiots6xbdp3j7hntfa",
            "instance_id": "ocid1.instance.oc1.ap-sydney-1.anzxsljruvuxtpqcqb7nhtfcjkoiz3gnmqaj3stejr6kahkqpm7uvs43wyga",
            "nic_index": 0,
            "state": "ATTACHED",
            "subnet_id": "ocid1.subnet.oc1.ap-sydney-1.aaaaaaaaymymlg5sc6nvf4pfc2aebryfmmhxdlo464vdnc5lm4zs3qmhl7kq",
            "time_created": "2025-07-23 04:12:56.13 +0000 UTC",
            "timeouts": null,
            "vlan_id": null,
            "vlan_tag": 2933,
            "vnic_id": "ocid1.vnic.oc1.ap-sydney-1.abzxsljryeyenwf55d76izkin6mwh46slrilmgl5bk7bv6xkk4tksbuh5e7a"
          },
          "sensitive_attributes": [],
          "identity_schema_version": 0,
          "private": "eyJlMmJmYjczMC1lY2FhLTExZTYtOGY4OC0zNDM2M2JjN2M0YzAiOnsiY3JlYXRlIjoxMjAwMDAwMDAwMDAwLCJkZWxldGUiOjEyMDAwMDAwMDAwMDAsInVwZGF0ZSI6MTIwMDAwMDAwMDAwMH19",
          "dependencies": [
            "module.bastion.oci_core_instance.bastion",
            "module.network.oci_core_internet_gateway.internet_gateway",
            "module.network.oci_core_nat_gateway.nat_gateway",
            "module.network.oci_core_network_security_group.bastion_nsg",
            "module.network.oci_core_network_security_group.load_balancer_nsg",
            "module.network.oci_core_network_security_group.private_compute_nsg",
            "module.network.oci_core_network_security_group_security_rule.bastion_egress_all",
            "module.network.oci_core_network_security_group_security_rule.bastion_ssh_ingress",
            "module.network.oci_core_network_security_group_security_rule.lb_egress_to_private",
            "module.network.oci_core_network_security_group_security_rule.lb_http_ingress",
            "module.network.oci_core_network_security_group_security_rule.lb_https_ingress",
            "module.network.oci_core_network_security_group_security_rule.private_app_ports",
            "module.network.oci_core_network_security_group_security_rule.private_egress_all",
            "module.network.oci_core_network_security_group_security_rule.private_ssh_from_bastion",
            "module.network.oci_core_route_table.private_route_table",
            "module.network.oci_core_route_table.public_route_table",
            "module.network.oci_core_security_list.private_security_list",
            "module.network.oci_core_security_list.public_security_list",
            "module.network.oci_core_subnet.private_subnet",
            "module.network.oci_core_subnet.public_subnet",
            "module.network.oci_core_vcn.vcn"
          ],
          "create_before_destroy": true
        }
      ]
    },
    {
      "module": "module.load_balancer",
      "mode": "managed",
      "type": "oci_load_balancer_backend",
      "name": "tomcat_backends",
      "provider": "provider[\"registry.terraform.io/hashicorp/oci\"]",
      "instances": [
        {
          "index_key": 0,
          "schema_version": 0,
          "attributes": {
            "backendset_name": "tomcat-backend-set",
            "backup": false,
            "drain": false,
            "id": "loadBalancers/ocid1.loadbalancer.oc1.ap-sydney-1.aaaaaaaatbjqzp57en3ranoju764k72wowwfcvdudqobhfwr62m44xmxdrpq/backendSets/tomcat-backend-set/backends/10.0.2.160:8080",
            "ip_address": "10.0.2.160",
            "load_balancer_id": "ocid1.loadbalancer.oc1.ap-sydney-1.aaaaaaaatbjqzp57en3ranoju764k72wowwfcvdudqobhfwr62m44xmxdrpq",
            "max_connections": null,
            "name": "10.0.2.160:8080",
            "offline": false,
            "port": 8080,
            "state": "SUCCEEDED",
            "timeouts": null,
            "weight": 1
          },
          "sensitive_attributes": [],
          "identity_schema_version": 0,
          "private": "eyJlMmJmYjczMC1lY2FhLTExZTYtOGY4OC0zNDM2M2JjN2M0YzAiOnsiY3JlYXRlIjoxMjAwMDAwMDAwMDAwLCJkZWxldGUiOjEyMDAwMDAwMDAwMDAsInVwZGF0ZSI6MTIwMDAwMDAwMDAwMH19",
          "dependencies": [
            "module.load_balancer.oci_load_balancer_backend_set.tomcat_backend_set",
            "module.load_balancer.oci_load_balancer_load_balancer.lb",
            "module.network.oci_core_internet_gateway.internet_gateway",
            "module.network.oci_core_nat_gateway.nat_gateway",
            "module.network.oci_core_network_security_group.bastion_nsg",
            "module.network.oci_core_network_security_group.load_balancer_nsg",
            "module.network.oci_core_network_security_group.private_compute_nsg",
            "module.network.oci_core_network_security_group_security_rule.bastion_egress_all",
            "module.network.oci_core_network_security_group_security_rule.bastion_ssh_ingress",
            "module.network.oci_core_network_security_group_security_rule.lb_egress_to_private",
            "module.network.oci_core_network_security_group_security_rule.lb_http_ingress",
            "module.network.oci_core_network_security_group_security_rule.lb_https_ingress",
            "module.network.oci_core_network_security_group_security_rule.private_app_ports",
            "module.network.oci_core_network_security_group_security_rule.private_egress_all",
            "module.network.oci_core_network_security_group_security_rule.private_ssh_from_bastion",
            "module.network.oci_core_route_table.private_route_table",
            "module.network.oci_core_route_table.public_route_table",
            "module.network.oci_core_security_list.private_security_list",
            "module.network.oci_core_security_list.public_security_list",
            "module.network.oci_core_subnet.private_subnet",
            "module.network.oci_core_subnet.public_subnet",
            "module.network.oci_core_vcn.vcn",
            "module.private_compute.data.oci_core_vnic_attachments.private_instance_vnic_attachments",
            "module.private_compute.null_resource.detach_private_instance_private_ip",
            "module.private_compute.oci_core_instance.private_instance",
            "module.private_compute.oci_core_private_ip.private_instance_private_ip",
            "module.private_compute.oci_core_vnic_attachment.private_instance_vnic_attachment"
          ]
        },
        {
          "index_key": 1,
          "schema_version": 0,
          "attributes": {
            "backendset_name": "tomcat-backend-set",
            "backup": false,
            "drain": false,
            "id": "loadBalancers/ocid1.loadbalancer.oc1.ap-sydney-1.aaaaaaaatbjqzp57en3ranoju764k72wowwfcvdudqobhfwr62m44xmxdrpq/backendSets/tomcat-backend-set/backends/10.0.2.53:8080",
            "ip_address": "10.0.2.53",
            "load_balancer_id": "ocid1.loadbalancer.oc1.ap-sydney-1.aaaaaaaatbjqzp57en3ranoju764k72wowwfcvdudqobhfwr62m44xmxdrpq",
            "max_connections": null,
            "name": "10.0.2.53:8080",
            "offline": false,
            "port": 8080,
            "state": "SUCCEEDED",
            "timeouts": null,
            "weight": 1
          },
          "sensitive_attributes": [],
          "identity_schema_version": 0,
          "private": "eyJlMmJmYjczMC1lY2FhLTExZTYtOGY4OC0zNDM2M2JjN2M0YzAiOnsiY3JlYXRlIjoxMjAwMDAwMDAwMDAwLCJkZWxldGUiOjEyMDAwMDAwMDAwMDAsInVwZGF0ZSI6MTIwMDAwMDAwMDAwMH19",
          "dependencies": [
            "module.load_balancer.oci_load_balancer_backend_set.tomcat_backend_set",
            "module.load_balancer.oci_load_balancer_load_balancer.lb",
            "module.network.oci_core_internet_gateway.internet_gateway",
            "module.network.oci_core_nat_gateway.nat_gateway",
            "module.network.oci_core_network_security_group.bastion_nsg",
            "module.network.oci_core_network_security_group.load_balancer_nsg",
            "module.network.oci_core_network_security_group.private_compute_nsg",
            "module.network.oci_core_network_security_group_security_rule.bastion_egress_all",
            "module.network.oci_core_network_security_group_security_rule.bastion_ssh_ingress",
            "module.network.oci_core_network_security_group_security_rule.lb_egress_to_private",
            "module.network.oci_core_network_security_group_security_rule.lb_http_ingress",
            "module.network.oci_core_network_security_group_security_rule.lb_https_ingress",
            "module.network.oci_core_network_security_group_security_rule.private_app_ports",
            "module.network.oci_core_network_security_group_security_rule.private_egress_all",
            "module.network.oci_core_network_security_group_security_rule.private_ssh_from_bastion",
            "module.network.oci_core_route_table.private_route_table",
            "module.network.oci_core_route_table.public_route_table",
            "module.network.oci_core_security_list.private_security_list",
            "module.network.oci_core_security_list.public_security_list",
            "module.network.oci_core_subnet.private_subnet",
            "module.network.oci_core_subnet.public_subnet",
            "module.network.oci_core_vcn.vcn",
            "module.private_compute.data.oci_core_vnic_attachments.private_instance_vnic_attachments",
            "module.private_compute.null_resource.detach_private_instance_private_ip",
            "module.private_compute.oci_core_instance.private_instance",
            "module.private_compute.oci_core_private_ip.private_instance_private_ip",
            "module.private_compute.oci_core_vnic_attachment.private_instance_vnic_attachment"
          ]
        }
      ]
    },
    {
      "module": "module.load_balancer",
      "mode": "managed",
      "type": "oci_load_balancer_backend_set",
      "name": "tomcat_backend_set",
      "provider": "provider[\"registry.terraform.io/hashicorp/oci\"]",
      "instances": [
        {
          "schema_version": 0,
          "attributes": {
            "backend": [],
            "backend_max_connections": null,
            "health_checker": [
              {
                "interval_ms": 10000,
                "is_force_plain_text": false,
                "port": 8080,
                "protocol": "HTTP",
                "response_body_regex": ".*",
                "retries": 3,
                "return_code": 200,
                "timeout_in_millis": 3000,
                "url_path": "/"
              }
            ],
            "id": "loadBalancers/ocid1.loadbalancer.oc1.ap-sydney-1.aaaaaaaatbjqzp57en3ranoju764k72wowwfcvdudqobhfwr62m44xmxdrpq/backendSets/tomcat-backend-set",
            "lb_cookie_session_persistence_configuration": [],
            "load_balancer_id": "ocid1.loadbalancer.oc1.ap-sydney-1.aaaaaaaatbjqzp57en3ranoju764k72wowwfcvdudqobhfwr62m44xmxdrpq",
            "name": "tomcat-backend-set",
            "policy": "ROUND_ROBIN",
            "session_persistence_configuration": [
              {
                "cookie_name": "X-Oracle-BMC-LBS-Route",
                "disable_fallback": false
              }
            ],
            "ssl_configuration": [],
            "state": "SUCCEEDED",
            "timeouts": null
          },
          "sensitive_attributes": [],
          "identity_schema_version": 0,
          "private": "eyJlMmJmYjczMC1lY2FhLTExZTYtOGY4OC0zNDM2M2JjN2M0YzAiOnsiY3JlYXRlIjoxMjAwMDAwMDAwMDAwLCJkZWxldGUiOjEyMDAwMDAwMDAwMDAsInVwZGF0ZSI6MTIwMDAwMDAwMDAwMH19",
          "dependencies": [
            "module.load_balancer.oci_load_balancer_load_balancer.lb",
            "module.network.oci_core_internet_gateway.internet_gateway",
            "module.network.oci_core_nat_gateway.nat_gateway",
            "module.network.oci_core_network_security_group.bastion_nsg",
            "module.network.oci_core_network_security_group.load_balancer_nsg",
            "module.network.oci_core_network_security_group.private_compute_nsg",
            "module.network.oci_core_network_security_group_security_rule.bastion_egress_all",
            "module.network.oci_core_network_security_group_security_rule.bastion_ssh_ingress",
            "module.network.oci_core_network_security_group_security_rule.lb_egress_to_private",
            "module.network.oci_core_network_security_group_security_rule.lb_http_ingress",
            "module.network.oci_core_network_security_group_security_rule.lb_https_ingress",
            "module.network.oci_core_network_security_group_security_rule.private_app_ports",
            "module.network.oci_core_network_security_group_security_rule.private_egress_all",
            "module.network.oci_core_network_security_group_security_rule.private_ssh_from_bastion",
            "module.network.oci_core_route_table.private_route_table",
            "module.network.oci_core_route_table.public_route_table",
            "module.network.oci_core_security_list.private_security_list",
            "module.network.oci_core_security_list.public_security_list",
            "module.network.oci_core_subnet.private_subnet",
            "module.network.oci_core_subnet.public_subnet",
            "module.network.oci_core_vcn.vcn",
            "module.private_compute.data.oci_core_vnic_attachments.private_instance_vnic_attachments",
            "module.private_compute.null_resource.detach_private_instance_private_ip",
            "module.private_compute.oci_core_instance.private_instance",
            "module.private_compute.oci_core_private_ip.private_instance_private_ip",
            "module.private_compute.oci_core_vnic_attachment.private_instance_vnic_attachment"
          ]
        }
      ]
    },
    {
      "module": "module.load_balancer",
      "mode": "managed",
      "type": "oci_load_balancer_listener",
      "name": "https_listener",
      "provider": "provider[\"registry.terraform.io/hashicorp/oci\"]",
      "instances": [
        {
          "schema_version": 0,
          "attributes": {
            "connection_configuration": [
              {
                "backend_tcp_proxy_protocol_options": [],
                "backend_tcp_proxy_protocol_version": 0,
                "idle_timeout_in_seconds": "60"
              }
            ],
            "default_backend_set_name": "tomcat-backend-set",
            "hostname_names": [],
            "id": "loadBalancers/ocid1.loadbalancer.oc1.ap-sydney-1.aaaaaaaatbjqzp57en3ranoju764k72wowwfcvdudqobhfwr62m44xmxdrpq/listeners/oci-ext-https-listener",
            "load_balancer_id": "ocid1.loadbalancer.oc1.ap-sydney-1.aaaaaaaatbjqzp57en3ranoju764k72wowwfcvdudqobhfwr62m44xmxdrpq",
            "name": "oci-ext-https-listener",
            "path_route_set_name": null,
            "port": 443,
            "protocol": "HTTP",
            "routing_policy_name": null,
            "rule_set_names": [],
            "ssl_configuration": [
              {
                "certificate_ids": [
                  "ocid1.certificate.oc1.ap-sydney-1.amaaaaaauvuxtpqavipyy4kzf6dtloospnhtfqmq42fkhbneskpxjuwyzs5q"
                ],
                "certificate_name": "",
                "cipher_suite_name": "oci-default-ssl-cipher-suite-v1",
                "has_session_resumption": false,
                "protocols": [
                  "TLSv1.2"
                ],
                "server_order_preference": "ENABLED",
                "trusted_certificate_authority_ids": null,
                "verify_depth": 5,
                "verify_peer_certificate": false
              }
            ],
            "state": "SUCCEEDED",
            "timeouts": null
          },
          "sensitive_attributes": [],
          "identity_schema_version": 0,
          "private": "eyJlMmJmYjczMC1lY2FhLTExZTYtOGY4OC0zNDM2M2JjN2M0YzAiOnsiY3JlYXRlIjoxMjAwMDAwMDAwMDAwLCJkZWxldGUiOjEyMDAwMDAwMDAwMDAsInVwZGF0ZSI6MTIwMDAwMDAwMDAwMH19",
          "dependencies": [
            "module.load_balancer.oci_load_balancer_backend_set.tomcat_backend_set",
            "module.load_balancer.oci_load_balancer_load_balancer.lb",
            "module.network.oci_core_internet_gateway.internet_gateway",
            "module.network.oci_core_nat_gateway.nat_gateway",
            "module.network.oci_core_network_security_group.bastion_nsg",
            "module.network.oci_core_network_security_group.load_balancer_nsg",
            "module.network.oci_core_network_security_group.private_compute_nsg",
            "module.network.oci_core_network_security_group_security_rule.bastion_egress_all",
            "module.network.oci_core_network_security_group_security_rule.bastion_ssh_ingress",
            "module.network.oci_core_network_security_group_security_rule.lb_egress_to_private",
            "module.network.oci_core_network_security_group_security_rule.lb_http_ingress",
            "module.network.oci_core_network_security_group_security_rule.lb_https_ingress",
            "module.network.oci_core_network_security_group_security_rule.private_app_ports",
            "module.network.oci_core_network_security_group_security_rule.private_egress_all",
            "module.network.oci_core_network_security_group_security_rule.private_ssh_from_bastion",
            "module.network.oci_core_route_table.private_route_table",
            "module.network.oci_core_route_table.public_route_table",
            "module.network.oci_core_security_list.private_security_list",
            "module.network.oci_core_security_list.public_security_list",
            "module.network.oci_core_subnet.private_subnet",
            "module.network.oci_core_subnet.public_subnet",
            "module.network.oci_core_vcn.vcn",
            "module.private_compute.data.oci_core_vnic_attachments.private_instance_vnic_attachments",
            "module.private_compute.null_resource.detach_private_instance_private_ip",
            "module.private_compute.oci_core_instance.private_instance",
            "module.private_compute.oci_core_private_ip.private_instance_private_ip",
            "module.private_compute.oci_core_vnic_attachment.private_instance_vnic_attachment"
          ]
        }
      ]
    },
    {
      "module": "module.load_balancer",
      "mode": "managed",
      "type": "oci_load_balancer_load_balancer",
      "name": "lb",
      "provider": "provider[\"registry.terraform.io/hashicorp/oci\"]",
      "instances": [
        {
          "schema_version": 0,
          "attributes": {
            "compartment_id": "ocid1.compartment.oc1..aaaaaaaa3bfgcrogwd3smdq7aeybl3lamkkfvtwmedfkt7whoizspclhghnq",
            "defined_tags": {},
            "display_name": "oci-ext-tomcat-lb",
            "freeform_tags": {
              "Environment": "development",
              "Project": "oci-terraform-ansible"
            },
            "id": "ocid1.loadbalancer.oc1.ap-sydney-1.aaaaaaaatbjqzp57en3ranoju764k72wowwfcvdudqobhfwr62m44xmxdrpq",
            "ip_address_details": [
              {
                "ip_address": "192.9.160.81",
                "is_public": true,
                "reserved_ip": []
              }
            ],
            "ip_addresses": [
              "192.9.160.81"
            ],
            "ip_mode": "IPV4",
            "ipv6subnet_cidr": null,
            "is_delete_protection_enabled": null,
            "is_private": false,
            "is_request_id_enabled": null,
            "network_security_group_ids": [
              "ocid1.networksecuritygroup.oc1.ap-sydney-1.aaaaaaaaccnjie2nit3hnkj57fl262tuwdniohjatudbfk3bpsgnbfcrs6sa"
            ],
            "request_id_header": null,
            "reserved_ips": [],
            "security_attributes": {},
            "shape": "flexible",
            "shape_details": [
              {
                "maximum_bandwidth_in_mbps": 100,
                "minimum_bandwidth_in_mbps": 10
              }
            ],
            "state": "ACTIVE",
            "subnet_ids": [
              "ocid1.subnet.oc1.ap-sydney-1.aaaaaaaaymymlg5sc6nvf4pfc2aebryfmmhxdlo464vdnc5lm4zs3qmhl7kq"
            ],
            "system_tags": {},
            "time_created": "2025-07-23 04:13:03.973 +0000 UTC",
            "timeouts": null
          },
          "sensitive_attributes": [],
          "identity_schema_version": 0,
          "private": "eyJlMmJmYjczMC1lY2FhLTExZTYtOGY4OC0zNDM2M2JjN2M0YzAiOnsiY3JlYXRlIjoxMjAwMDAwMDAwMDAwLCJkZWxldGUiOjEyMDAwMDAwMDAwMDAsInVwZGF0ZSI6MTIwMDAwMDAwMDAwMH19",
          "dependencies": [
            "module.network.oci_core_internet_gateway.internet_gateway",
            "module.network.oci_core_nat_gateway.nat_gateway",
            "module.network.oci_core_network_security_group.bastion_nsg",
            "module.network.oci_core_network_security_group.load_balancer_nsg",
            "module.network.oci_core_network_security_group.private_compute_nsg",
            "module.network.oci_core_network_security_group_security_rule.bastion_egress_all",
            "module.network.oci_core_network_security_group_security_rule.bastion_ssh_ingress",
            "module.network.oci_core_network_security_group_security_rule.lb_egress_to_private",
            "module.network.oci_core_network_security_group_security_rule.lb_http_ingress",
            "module.network.oci_core_network_security_group_security_rule.lb_https_ingress",
            "module.network.oci_core_network_security_group_security_rule.private_app_ports",
            "module.network.oci_core_network_security_group_security_rule.private_egress_all",
            "module.network.oci_core_network_security_group_security_rule.private_ssh_from_bastion",
            "module.network.oci_core_route_table.private_route_table",
            "module.network.oci_core_route_table.public_route_table",
            "module.network.oci_core_security_list.private_security_list",
            "module.network.oci_core_security_list.public_security_list",
            "module.network.oci_core_subnet.private_subnet",
            "module.network.oci_core_subnet.public_subnet",
            "module.network.oci_core_vcn.vcn",
            "module.private_compute.data.oci_core_vnic_attachments.private_instance_vnic_attachments",
            "module.private_compute.null_resource.detach_private_instance_private_ip",
            "module.private_compute.oci_core_instance.private_instance",
            "module.private_compute.oci_core_private_ip.private_instance_private_ip",
            "module.private_compute.oci_core_vnic_attachment.private_instance_vnic_attachment"
          ]
        }
      ]
    },
    {
      "module": "module.network",
      "mode": "managed",
      "type": "oci_core_internet_gateway",
      "name": "internet_gateway",
      "provider": "provider[\"registry.terraform.io/hashicorp/oci\"]",
      "instances": [
        {
          "schema_version": 0,
          "attributes": {
            "compartment_id": "ocid1.compartment.oc1..aaaaaaaa3bfgcrogwd3smdq7aeybl3lamkkfvtwmedfkt7whoizspclhghnq",
            "defined_tags": {},
            "display_name": "oci-ext-internet-gateway",
            "enabled": true,
            "freeform_tags": {},
            "id": "ocid1.internetgateway.oc1.ap-sydney-1.aaaaaaaalyu42swiv7bxmqb3bpvisw42uui75ioig6nhyfh5e75rfl3r5thq",
            "route_table_id": null,
            "state": "AVAILABLE",
            "time_created": "2025-07-23 04:12:05.27 +0000 UTC",
            "timeouts": null,
            "vcn_id": "ocid1.vcn.oc1.ap-sydney-1.amaaaaaauvuxtpqa4i7uuexv2sy7jnjor7rvbd5ws476rgkxys7pxanb6qaa"
          },
          "sensitive_attributes": [],
          "identity_schema_version": 0,
          "private": "eyJlMmJmYjczMC1lY2FhLTExZTYtOGY4OC0zNDM2M2JjN2M0YzAiOnsiY3JlYXRlIjoxMjAwMDAwMDAwMDAwLCJkZWxldGUiOjEyMDAwMDAwMDAwMDAsInVwZGF0ZSI6MTIwMDAwMDAwMDAwMH19",
          "dependencies": [
            "module.network.oci_core_vcn.vcn"
          ],
          "create_before_destroy": true
        }
      ]
    },
    {
      "module": "module.network",
      "mode": "managed",
      "type": "oci_core_nat_gateway",
      "name": "nat_gateway",
      "provider": "provider[\"registry.terraform.io/hashicorp/oci\"]",
      "instances": [
        {
          "schema_version": 0,
          "attributes": {
            "block_traffic": false,
            "compartment_id": "ocid1.compartment.oc1..aaaaaaaa3bfgcrogwd3smdq7aeybl3lamkkfvtwmedfkt7whoizspclhghnq",
            "defined_tags": {},
            "display_name": "oci-ext-nat-gateway",
            "freeform_tags": {},
            "id": "ocid1.natgateway.oc1.ap-sydney-1.aaaaaaaahkkgpv7rqw6h4ubs2ub6xktttvqm6it5d5wb5bfzghadrkpnb6oa",
            "nat_ip": "159.13.54.249",
            "public_ip_id": "ocid1.publicip.oc1.ap-sydney-1.aaaaaaaacpkt3o5vxk2ya4xl7hz6odyag2kdwti4ngrgywhobofpc6bmkuaa",
            "route_table_id": null,
            "state": "AVAILABLE",
            "time_created": "2025-07-23 04:12:05.535 +0000 UTC",
            "timeouts": null,
            "vcn_id": "ocid1.vcn.oc1.ap-sydney-1.amaaaaaauvuxtpqa4i7uuexv2sy7jnjor7rvbd5ws476rgkxys7pxanb6qaa"
          },
          "sensitive_attributes": [],
          "identity_schema_version": 0,
          "private": "eyJlMmJmYjczMC1lY2FhLTExZTYtOGY4OC0zNDM2M2JjN2M0YzAiOnsiY3JlYXRlIjoxMjAwMDAwMDAwMDAwLCJkZWxldGUiOjEyMDAwMDAwMDAwMDAsInVwZGF0ZSI6MTIwMDAwMDAwMDAwMH19",
          "dependencies": [
            "module.network.oci_core_vcn.vcn"
          ],
          "create_before_destroy": true
        }
      ]
    },
    {
      "module": "module.network",
      "mode": "managed",
      "type": "oci_core_network_security_group",
      "name": "bastion_nsg",
      "provider": "provider[\"registry.terraform.io/hashicorp/oci\"]",
      "instances": [
        {
          "schema_version": 0,
          "attributes": {
            "compartment_id": "ocid1.compartment.oc1..aaaaaaaa3bfgcrogwd3smdq7aeybl3lamkkfvtwmedfkt7whoizspclhghnq",
            "defined_tags": {},
            "display_name": "oci-ext-bastion-nsg",
            "freeform_tags": {
              "Environment": "development",
              "Project": "oci-terraform-ansible"
            },
            "id": "ocid1.networksecuritygroup.oc1.ap-sydney-1.aaaaaaaalopv5ahmblyl5nfrbdgca3xizboh7i4sb2cv4nrpu3hux35eieka",
            "state": "AVAILABLE",
            "time_created": "2025-07-23 04:12:05.254 +0000 UTC",
            "timeouts": null,
            "vcn_id": "ocid1.vcn.oc1.ap-sydney-1.amaaaaaauvuxtpqa4i7uuexv2sy7jnjor7rvbd5ws476rgkxys7pxanb6qaa"
          },
          "sensitive_attributes": [],
          "identity_schema_version": 0,
          "private": "eyJlMmJmYjczMC1lY2FhLTExZTYtOGY4OC0zNDM2M2JjN2M0YzAiOnsiY3JlYXRlIjoxMjAwMDAwMDAwMDAwLCJkZWxldGUiOjEyMDAwMDAwMDAwMDAsInVwZGF0ZSI6MTIwMDAwMDAwMDAwMH19",
          "dependencies": [
            "module.network.oci_core_vcn.vcn"
          ],
          "create_before_destroy": true
        }
      ]
    },
    {
      "module": "module.network",
      "mode": "managed",
      "type": "oci_core_network_security_group",
      "name": "load_balancer_nsg",
      "provider": "provider[\"registry.terraform.io/hashicorp/oci\"]",
      "instances": [
        {
          "schema_version": 0,
          "attributes": {
            "compartment_id": "ocid1.compartment.oc1..aaaaaaaa3bfgcrogwd3smdq7aeybl3lamkkfvtwmedfkt7whoizspclhghnq",
            "defined_tags": {},
            "display_name": "oci-ext-load-balancer-nsg",
            "freeform_tags": {
              "Environment": "development",
              "Project": "oci-terraform-ansible"
            },
            "id": "ocid1.networksecuritygroup.oc1.ap-sydney-1.aaaaaaaaccnjie2nit3hnkj57fl262tuwdniohjatudbfk3bpsgnbfcrs6sa",
            "state": "AVAILABLE",
            "time_created": "2025-07-23 04:12:05.245 +0000 UTC",
            "timeouts": null,
            "vcn_id": "ocid1.vcn.oc1.ap-sydney-1.amaaaaaauvuxtpqa4i7uuexv2sy7jnjor7rvbd5ws476rgkxys7pxanb6qaa"
          },
          "sensitive_attributes": [],
          "identity_schema_version": 0,
          "private": "eyJlMmJmYjczMC1lY2FhLTExZTYtOGY4OC0zNDM2M2JjN2M0YzAiOnsiY3JlYXRlIjoxMjAwMDAwMDAwMDAwLCJkZWxldGUiOjEyMDAwMDAwMDAwMDAsInVwZGF0ZSI6MTIwMDAwMDAwMDAwMH19",
          "dependencies": [
            "module.network.oci_core_vcn.vcn"
          ],
          "create_before_destroy": true
        }
      ]
    },
    {
      "module": "module.network",
      "mode": "managed",
      "type": "oci_core_network_security_group",
      "name": "private_compute_nsg",
      "provider": "provider[\"registry.terraform.io/hashicorp/oci\"]",
      "instances": [
        {
          "schema_version": 0,
          "attributes": {
            "compartment_id": "ocid1.compartment.oc1..aaaaaaaa3bfgcrogwd3smdq7aeybl3lamkkfvtwmedfkt7whoizspclhghnq",
            "defined_tags": {},
            "display_name": "oci-ext-private-compute-nsg",
            "freeform_tags": {
              "Environment": "development",
              "Project": "oci-terraform-ansible"
            },
            "id": "ocid1.networksecuritygroup.oc1.ap-sydney-1.aaaaaaaa3bljybrcmxj6vsuo3nlaul2a2p5v5dkesk4n3fu7cytmu75grtsa",
            "state": "AVAILABLE",
            "time_created": "2025-07-23 04:12:05.227 +0000 UTC",
            "timeouts": null,
            "vcn_id": "ocid1.vcn.oc1.ap-sydney-1.amaaaaaauvuxtpqa4i7uuexv2sy7jnjor7rvbd5ws476rgkxys7pxanb6qaa"
          },
          "sensitive_attributes": [],
          "identity_schema_version": 0,
          "private": "eyJlMmJmYjczMC1lY2FhLTExZTYtOGY4OC0zNDM2M2JjN2M0YzAiOnsiY3JlYXRlIjoxMjAwMDAwMDAwMDAwLCJkZWxldGUiOjEyMDAwMDAwMDAwMDAsInVwZGF0ZSI6MTIwMDAwMDAwMDAwMH19",
          "dependencies": [
            "module.network.oci_core_vcn.vcn"
          ],
          "create_before_destroy": true
        }
      ]
    },
    {
      "module": "module.network",
      "mode": "managed",
      "type": "oci_core_network_security_group_security_rule",
      "name": "bastion_egress_all",
      "provider": "provider[\"registry.terraform.io/hashicorp/oci\"]",
      "instances": [
        {
          "schema_version": 0,
          "attributes": {
            "description": "Allow all outbound traffic",
            "destination": "0.0.0.0/0",
            "destination_type": "CIDR_BLOCK",
            "direction": "EGRESS",
            "icmp_options": [],
            "id": "0D18C8",
            "is_valid": true,
            "network_security_group_id": "ocid1.networksecuritygroup.oc1.ap-sydney-1.aaaaaaaalopv5ahmblyl5nfrbdgca3xizboh7i4sb2cv4nrpu3hux35eieka",
            "protocol": "all",
            "source": null,
            "source_type": "",
            "stateless": false,
            "tcp_options": [],
            "time_created": "2025-07-23 04:12:05.721 +0000 UTC",
            "timeouts": null,
            "udp_options": []
          },
          "sensitive_attributes": [],
          "identity_schema_version": 0,
          "private": "eyJlMmJmYjczMC1lY2FhLTExZTYtOGY4OC0zNDM2M2JjN2M0YzAiOnsiY3JlYXRlIjoxMjAwMDAwMDAwMDAwLCJkZWxldGUiOjEyMDAwMDAwMDAwMDAsInVwZGF0ZSI6MTIwMDAwMDAwMDAwMH19",
          "dependencies": [
            "module.network.oci_core_network_security_group.bastion_nsg",
            "module.network.oci_core_vcn.vcn"
          ],
          "create_before_destroy": true
        }
      ]
    },
    {
      "module": "module.network",
      "mode": "managed",
      "type": "oci_core_network_security_group_security_rule",
      "name": "bastion_ssh_ingress",
      "provider": "provider[\"registry.terraform.io/hashicorp/oci\"]",
      "instances": [
        {
          "index_key": "0.0.0.0/0",
          "schema_version": 0,
          "attributes": {
            "description": "Allow SSH access from 0.0.0.0/0",
            "destination": null,
            "destination_type": "",
            "direction": "INGRESS",
            "icmp_options": [],
            "id": "FCA718",
            "is_valid": true,
            "network_security_group_id": "ocid1.networksecuritygroup.oc1.ap-sydney-1.aaaaaaaalopv5ahmblyl5nfrbdgca3xizboh7i4sb2cv4nrpu3hux35eieka",
            "protocol": "6",
            "source": "0.0.0.0/0",
            "source_type": "CIDR_BLOCK",
            "stateless": false,
            "tcp_options": [
              {
                "destination_port_range": [
                  {
                    "max": 22,
                    "min": 22
                  }
                ],
                "source_port_range": []
              }
            ],
            "time_created": "2025-07-23 04:12:05.61 +0000 UTC",
            "timeouts": null,
            "udp_options": []
          },
          "sensitive_attributes": [],
          "identity_schema_version": 0,
          "private": "eyJlMmJmYjczMC1lY2FhLTExZTYtOGY4OC0zNDM2M2JjN2M0YzAiOnsiY3JlYXRlIjoxMjAwMDAwMDAwMDAwLCJkZWxldGUiOjEyMDAwMDAwMDAwMDAsInVwZGF0ZSI6MTIwMDAwMDAwMDAwMH19",
          "dependencies": [
            "module.network.oci_core_network_security_group.bastion_nsg",
            "module.network.oci_core_vcn.vcn"
          ],
          "create_before_destroy": true
        }
      ]
    },
    {
      "module": "module.network",
      "mode": "managed",
      "type": "oci_core_network_security_group_security_rule",
      "name": "lb_egress_to_private",
      "provider": "provider[\"registry.terraform.io/hashicorp/oci\"]",
      "instances": [
        {
          "index_key": "8080",
          "schema_version": 0,
          "attributes": {
            "description": "Allow outbound traffic to private instances on port 8080",
            "destination": "10.0.2.0/24",
            "destination_type": "CIDR_BLOCK",
            "direction": "EGRESS",
            "icmp_options": [],
            "id": "D23C68",
            "is_valid": true,
            "network_security_group_id": "ocid1.networksecuritygroup.oc1.ap-sydney-1.aaaaaaaaccnjie2nit3hnkj57fl262tuwdniohjatudbfk3bpsgnbfcrs6sa",
            "protocol": "6",
            "source": null,
            "source_type": "",
            "stateless": false,
            "tcp_options": [
              {
                "destination_port_range": [
                  {
                    "max": 8080,
                    "min": 8080
                  }
                ],
                "source_port_range": []
              }
            ],
            "time_created": "2025-07-23 04:12:07.448 +0000 UTC",
            "timeouts": null,
            "udp_options": []
          },
          "sensitive_attributes": [],
          "identity_schema_version": 0,
          "private": "eyJlMmJmYjczMC1lY2FhLTExZTYtOGY4OC0zNDM2M2JjN2M0YzAiOnsiY3JlYXRlIjoxMjAwMDAwMDAwMDAwLCJkZWxldGUiOjEyMDAwMDAwMDAwMDAsInVwZGF0ZSI6MTIwMDAwMDAwMDAwMH19",
          "dependencies": [
            "module.network.oci_core_network_security_group.load_balancer_nsg",
            "module.network.oci_core_vcn.vcn"
          ],
          "create_before_destroy": true
        },
        {
          "index_key": "8443",
          "schema_version": 0,
          "attributes": {
            "description": "Allow outbound traffic to private instances on port 8443",
            "destination": "10.0.2.0/24",
            "destination_type": "CIDR_BLOCK",
            "direction": "EGRESS",
            "icmp_options": [],
            "id": "0B5A28",
            "is_valid": true,
            "network_security_group_id": "ocid1.networksecuritygroup.oc1.ap-sydney-1.aaaaaaaaccnjie2nit3hnkj57fl262tuwdniohjatudbfk3bpsgnbfcrs6sa",
            "protocol": "6",
            "source": null,
            "source_type": "",
            "stateless": false,
            "tcp_options": [
              {
                "destination_port_range": [
                  {
                    "max": 8443,
                    "min": 8443
                  }
                ],
                "source_port_range": []
              }
            ],
            "time_created": "2025-07-23 04:12:05.796 +0000 UTC",
            "timeouts": null,
            "udp_options": []
          },
          "sensitive_attributes": [],
          "identity_schema_version": 0,
          "private": "eyJlMmJmYjczMC1lY2FhLTExZTYtOGY4OC0zNDM2M2JjN2M0YzAiOnsiY3JlYXRlIjoxMjAwMDAwMDAwMDAwLCJkZWxldGUiOjEyMDAwMDAwMDAwMDAsInVwZGF0ZSI6MTIwMDAwMDAwMDAwMH19",
          "dependencies": [
            "module.network.oci_core_network_security_group.load_balancer_nsg",
            "module.network.oci_core_vcn.vcn"
          ],
          "create_before_destroy": true
        },
        {
          "index_key": "9090",
          "schema_version": 0,
          "attributes": {
            "description": "Allow outbound traffic to private instances on port 9090",
            "destination": "10.0.2.0/24",
            "destination_type": "CIDR_BLOCK",
            "direction": "EGRESS",
            "icmp_options": [],
            "id": "E21B34",
            "is_valid": true,
            "network_security_group_id": "ocid1.networksecuritygroup.oc1.ap-sydney-1.aaaaaaaaccnjie2nit3hnkj57fl262tuwdniohjatudbfk3bpsgnbfcrs6sa",
            "protocol": "6",
            "source": null,
            "source_type": "",
            "stateless": false,
            "tcp_options": [
              {
                "destination_port_range": [
                  {
                    "max": 9090,
                    "min": 9090
                  }
                ],
                "source_port_range": []
              }
            ],
            "time_created": "2025-07-23 04:12:05.908 +0000 UTC",
            "timeouts": null,
            "udp_options": []
          },
          "sensitive_attributes": [],
          "identity_schema_version": 0,
          "private": "eyJlMmJmYjczMC1lY2FhLTExZTYtOGY4OC0zNDM2M2JjN2M0YzAiOnsiY3JlYXRlIjoxMjAwMDAwMDAwMDAwLCJkZWxldGUiOjEyMDAwMDAwMDAwMDAsInVwZGF0ZSI6MTIwMDAwMDAwMDAwMH19",
          "dependencies": [
            "module.network.oci_core_network_security_group.load_balancer_nsg",
            "module.network.oci_core_vcn.vcn"
          ],
          "create_before_destroy": true
        }
      ]
    },
    {
      "module": "module.network",
      "mode": "managed",
      "type": "oci_core_network_security_group_security_rule",
      "name": "lb_http_ingress",
      "provider": "provider[\"registry.terraform.io/hashicorp/oci\"]",
      "instances": []
    },
    {
      "module": "module.network",
      "mode": "managed",
      "type": "oci_core_network_security_group_security_rule",
      "name": "lb_https_ingress",
      "provider": "provider[\"registry.terraform.io/hashicorp/oci\"]",
      "instances": []
    },
    {
      "module": "module.network",
      "mode": "managed",
      "type": "oci_core_network_security_group_security_rule",
      "name": "private_app_ports",
      "provider": "provider[\"registry.terraform.io/hashicorp/oci\"]",
      "instances": [
        {
          "index_key": "8080",
          "schema_version": 0,
          "attributes": {
            "description": "Allow application traffic on port 8080 from load balancer subnet",
            "destination": null,
            "destination_type": "",
            "direction": "INGRESS",
            "icmp_options": [],
            "id": "6E8889",
            "is_valid": true,
            "network_security_group_id": "ocid1.networksecuritygroup.oc1.ap-sydney-1.aaaaaaaa3bljybrcmxj6vsuo3nlaul2a2p5v5dkesk4n3fu7cytmu75grtsa",
            "protocol": "6",
            "source": "10.0.1.0/24",
            "source_type": "CIDR_BLOCK",
            "stateless": false,
            "tcp_options": [
              {
                "destination_port_range": [
                  {
                    "max": 8080,
                    "min": 8080
                  }
                ],
                "source_port_range": []
              }
            ],
            "time_created": "2025-07-23 04:12:05.72 +0000 UTC",
            "timeouts": null,
            "udp_options": []
          },
          "sensitive_attributes": [],
          "identity_schema_version": 0,
          "private": "eyJlMmJmYjczMC1lY2FhLTExZTYtOGY4OC0zNDM2M2JjN2M0YzAiOnsiY3JlYXRlIjoxMjAwMDAwMDAwMDAwLCJkZWxldGUiOjEyMDAwMDAwMDAwMDAsInVwZGF0ZSI6MTIwMDAwMDAwMDAwMH19",
          "dependencies": [
            "module.network.oci_core_network_security_group.private_compute_nsg",
            "module.network.oci_core_vcn.vcn"
          ],
          "create_before_destroy": true
        },
        {
          "index_key": "8443",
          "schema_version": 0,
          "attributes": {
            "description": "Allow application traffic on port 8443 from load balancer subnet",
            "destination": null,
            "destination_type": "",
            "direction": "INGRESS",
            "icmp_options": [],
            "id": "F1B596",
            "is_valid": true,
            "network_security_group_id": "ocid1.networksecuritygroup.oc1.ap-sydney-1.aaaaaaaa3bljybrcmxj6vsuo3nlaul2a2p5v5dkesk4n3fu7cytmu75grtsa",
            "protocol": "6",
            "source": "10.0.1.0/24",
            "source_type": "CIDR_BLOCK",
            "stateless": false,
            "tcp_options": [
              {
                "destination_port_range": [
                  {
                    "max": 8443,
                    "min": 8443
                  }
                ],
                "source_port_range": []
              }
            ],
            "time_created": "2025-07-23 04:12:06.029 +0000 UTC",
            "timeouts": null,
            "udp_options": []
          },
          "sensitive_attributes": [],
          "identity_schema_version": 0,
          "private": "eyJlMmJmYjczMC1lY2FhLTExZTYtOGY4OC0zNDM2M2JjN2M0YzAiOnsiY3JlYXRlIjoxMjAwMDAwMDAwMDAwLCJkZWxldGUiOjEyMDAwMDAwMDAwMDAsInVwZGF0ZSI6MTIwMDAwMDAwMDAwMH19",
          "dependencies": [
            "module.network.oci_core_network_security_group.private_compute_nsg",
            "module.network.oci_core_vcn.vcn"
          ],
          "create_before_destroy": true
        },
        {
          "index_key": "9090",
          "schema_version": 0,
          "attributes": {
            "description": "Allow application traffic on port 9090 from load balancer subnet",
            "destination": null,
            "destination_type": "",
            "direction": "INGRESS",
            "icmp_options": [],
            "id": "BCE6C2",
            "is_valid": true,
            "network_security_group_id": "ocid1.networksecuritygroup.oc1.ap-sydney-1.aaaaaaaa3bljybrcmxj6vsuo3nlaul2a2p5v5dkesk4n3fu7cytmu75grtsa",
            "protocol": "6",
            "source": "10.0.1.0/24",
            "source_type": "CIDR_BLOCK",
            "stateless": false,
            "tcp_options": [
              {
                "destination_port_range": [
                  {
                    "max": 9090,
                    "min": 9090
                  }
                ],
                "source_port_range": []
              }
            ],
            "time_created": "2025-07-23 04:12:05.804 +0000 UTC",
            "timeouts": null,
            "udp_options": []
          },
          "sensitive_attributes": [],
          "identity_schema_version": 0,
          "private": "eyJlMmJmYjczMC1lY2FhLTExZTYtOGY4OC0zNDM2M2JjN2M0YzAiOnsiY3JlYXRlIjoxMjAwMDAwMDAwMDAwLCJkZWxldGUiOjEyMDAwMDAwMDAwMDAsInVwZGF0ZSI6MTIwMDAwMDAwMDAwMH19",
          "dependencies": [
            "module.network.oci_core_network_security_group.private_compute_nsg",
            "module.network.oci_core_vcn.vcn"
          ],
          "create_before_destroy": true
        }
      ]
    },
    {
      "module": "module.network",
      "mode": "managed",
      "type": "oci_core_network_security_group_security_rule",
      "name": "private_egress_all",
      "provider": "provider[\"registry.terraform.io/hashicorp/oci\"]",
      "instances": [
        {
          "schema_version": 0,
          "attributes": {
            "description": "Allow all outbound traffic",
            "destination": "0.0.0.0/0",
            "destination_type": "CIDR_BLOCK",
            "direction": "EGRESS",
            "icmp_options": [],
            "id": "357752",
            "is_valid": true,
            "network_security_group_id": "ocid1.networksecuritygroup.oc1.ap-sydney-1.aaaaaaaa3bljybrcmxj6vsuo3nlaul2a2p5v5dkesk4n3fu7cytmu75grtsa",
            "protocol": "all",
            "source": null,
            "source_type": "",
            "stateless": false,
            "tcp_options": [],
            "time_created": "2025-07-23 04:12:05.595 +0000 UTC",
            "timeouts": null,
            "udp_options": []
          },
          "sensitive_attributes": [],
          "identity_schema_version": 0,
          "private": "eyJlMmJmYjczMC1lY2FhLTExZTYtOGY4OC0zNDM2M2JjN2M0YzAiOnsiY3JlYXRlIjoxMjAwMDAwMDAwMDAwLCJkZWxldGUiOjEyMDAwMDAwMDAwMDAsInVwZGF0ZSI6MTIwMDAwMDAwMDAwMH19",
          "dependencies": [
            "module.network.oci_core_network_security_group.private_compute_nsg",
            "module.network.oci_core_vcn.vcn"
          ],
          "create_before_destroy": true
        }
      ]
    },
    {
      "module": "module.network",
      "mode": "managed",
      "type": "oci_core_network_security_group_security_rule",
      "name": "private_ssh_from_bastion",
      "provider": "provider[\"registry.terraform.io/hashicorp/oci\"]",
      "instances": [
        {
          "schema_version": 0,
          "attributes": {
            "description": "Allow SSH access from bastion host",
            "destination": null,
            "destination_type": "",
            "direction": "INGRESS",
            "icmp_options": [],
            "id": "497A18",
            "is_valid": true,
            "network_security_group_id": "ocid1.networksecuritygroup.oc1.ap-sydney-1.aaaaaaaa3bljybrcmxj6vsuo3nlaul2a2p5v5dkesk4n3fu7cytmu75grtsa",
            "protocol": "6",
            "source": "ocid1.networksecuritygroup.oc1.ap-sydney-1.aaaaaaaalopv5ahmblyl5nfrbdgca3xizboh7i4sb2cv4nrpu3hux35eieka",
            "source_type": "NETWORK_SECURITY_GROUP",
            "stateless": false,
            "tcp_options": [
              {
                "destination_port_range": [
                  {
                    "max": 22,
                    "min": 22
                  }
                ],
                "source_port_range": []
              }
            ],
            "time_created": "2025-07-23 04:12:06.187 +0000 UTC",
            "timeouts": null,
            "udp_options": []
          },
          "sensitive_attributes": [],
          "identity_schema_version": 0,
          "private": "eyJlMmJmYjczMC1lY2FhLTExZTYtOGY4OC0zNDM2M2JjN2M0YzAiOnsiY3JlYXRlIjoxMjAwMDAwMDAwMDAwLCJkZWxldGUiOjEyMDAwMDAwMDAwMDAsInVwZGF0ZSI6MTIwMDAwMDAwMDAwMH19",
          "dependencies": [
            "module.network.oci_core_network_security_group.bastion_nsg",
            "module.network.oci_core_network_security_group.private_compute_nsg",
            "module.network.oci_core_vcn.vcn"
          ],
          "create_before_destroy": true
        }
      ]
    },
    {
      "module": "module.network",
      "mode": "managed",
      "type": "oci_core_route_table",
      "name": "private_route_table",
      "provider": "provider[\"registry.terraform.io/hashicorp/oci\"]",
      "instances": [
        {
          "schema_version": 0,
          "attributes": {
            "compartment_id": "ocid1.compartment.oc1..aaaaaaaa3bfgcrogwd3smdq7aeybl3lamkkfvtwmedfkt7whoizspclhghnq",
            "defined_tags": {},
            "display_name": "oci-ext-private-route-table",
            "freeform_tags": {},
            "id": "ocid1.routetable.oc1.ap-sydney-1.aaaaaaaa3xt2d6onq4aaatxegsi2dotofckhm4jrzr4w5glrgngqrr5fn45a",
            "route_rules": [
              {
                "cidr_block": "",
                "description": "",
                "destination": "0.0.0.0/0",
                "destination_type": "CIDR_BLOCK",
                "network_entity_id": "ocid1.natgateway.oc1.ap-sydney-1.aaaaaaaahkkgpv7rqw6h4ubs2ub6xktttvqm6it5d5wb5bfzghadrkpnb6oa",
                "route_type": ""
              }
            ],
            "state": "AVAILABLE",
            "time_created": "2025-07-23 04:12:06.446 +0000 UTC",
            "timeouts": null,
            "vcn_id": "ocid1.vcn.oc1.ap-sydney-1.amaaaaaauvuxtpqa4i7uuexv2sy7jnjor7rvbd5ws476rgkxys7pxanb6qaa"
          },
          "sensitive_attributes": [],
          "identity_schema_version": 0,
          "private": "eyJlMmJmYjczMC1lY2FhLTExZTYtOGY4OC0zNDM2M2JjN2M0YzAiOnsiY3JlYXRlIjoxMjAwMDAwMDAwMDAwLCJkZWxldGUiOjEyMDAwMDAwMDAwMDAsInVwZGF0ZSI6MTIwMDAwMDAwMDAwMH19",
          "dependencies": [
            "module.network.oci_core_nat_gateway.nat_gateway",
            "module.network.oci_core_vcn.vcn"
          ],
          "create_before_destroy": true
        }
      ]
    },
    {
      "module": "module.network",
      "mode": "managed",
      "type": "oci_core_route_table",
      "name": "public_route_table",
      "provider": "provider[\"registry.terraform.io/hashicorp/oci\"]",
      "instances": [
        {
          "schema_version": 0,
          "attributes": {
            "compartment_id": "ocid1.compartment.oc1..aaaaaaaa3bfgcrogwd3smdq7aeybl3lamkkfvtwmedfkt7whoizspclhghnq",
            "defined_tags": {},
            "display_name": "oci-ext-public-route-table",
            "freeform_tags": {},
            "id": "ocid1.routetable.oc1.ap-sydney-1.aaaaaaaa4uwhd4euxcxd5lafkcf4v35kzl5dtcyeun37gv3s735pvaemabnq",
            "route_rules": [
              {
                "cidr_block": "",
                "description": "",
                "destination": "0.0.0.0/0",
                "destination_type": "CIDR_BLOCK",
                "network_entity_id": "ocid1.internetgateway.oc1.ap-sydney-1.aaaaaaaalyu42swiv7bxmqb3bpvisw42uui75ioig6nhyfh5e75rfl3r5thq",
                "route_type": ""
              }
            ],
            "state": "AVAILABLE",
            "time_created": "2025-07-23 04:12:05.91 +0000 UTC",
            "timeouts": null,
            "vcn_id": "ocid1.vcn.oc1.ap-sydney-1.amaaaaaauvuxtpqa4i7uuexv2sy7jnjor7rvbd5ws476rgkxys7pxanb6qaa"
          },
          "sensitive_attributes": [],
          "identity_schema_version": 0,
          "private": "eyJlMmJmYjczMC1lY2FhLTExZTYtOGY4OC0zNDM2M2JjN2M0YzAiOnsiY3JlYXRlIjoxMjAwMDAwMDAwMDAwLCJkZWxldGUiOjEyMDAwMDAwMDAwMDAsInVwZGF0ZSI6MTIwMDAwMDAwMDAwMH19",
          "dependencies": [
            "module.network.oci_core_internet_gateway.internet_gateway",
            "module.network.oci_core_vcn.vcn"
          ],
          "create_before_destroy": true
        }
      ]
    },
    {
      "module": "module.network",
      "mode": "managed",
      "type": "oci_core_security_list",
      "name": "private_security_list",
      "provider": "provider[\"registry.terraform.io/hashicorp/oci\"]",
      "instances": [
        {
          "schema_version": 0,
          "attributes": {
            "compartment_id": "ocid1.compartment.oc1..aaaaaaaa3bfgcrogwd3smdq7aeybl3lamkkfvtwmedfkt7whoizspclhghnq",
            "defined_tags": {},
            "display_name": "oci-ext-private-security-list",
            "egress_security_rules": [
              {
                "description": "",
                "destination": "0.0.0.0/0",
                "destination_type": "CIDR_BLOCK",
                "icmp_options": [],
                "protocol": "all",
                "stateless": false,
                "tcp_options": [],
                "udp_options": []
              }
            ],
            "freeform_tags": {},
            "id": "ocid1.securitylist.oc1.ap-sydney-1.aaaaaaaa4qw7rsrjuzbzfgzclwx2ashugw7zgw7parunbsge4qfalpj6jsna",
            "ingress_security_rules": [
              {
                "description": "",
                "icmp_options": [],
                "protocol": "6",
                "source": "10.0.1.0/24",
                "source_type": "CIDR_BLOCK",
                "stateless": false,
                "tcp_options": [
                  {
                    "max": 22,
                    "min": 22,
                    "source_port_range": []
                  }
                ],
                "udp_options": []
              },
              {
                "description": "",
                "icmp_options": [],
                "protocol": "6",
                "source": "10.0.1.0/24",
                "source_type": "CIDR_BLOCK",
                "stateless": false,
                "tcp_options": [
                  {
                    "max": 8080,
                    "min": 8080,
                    "source_port_range": []
                  }
                ],
                "udp_options": []
              },
              {
                "description": "",
                "icmp_options": [],
                "protocol": "6",
                "source": "10.0.1.0/24",
                "source_type": "CIDR_BLOCK",
                "stateless": false,
                "tcp_options": [
                  {
                    "max": 8443,
                    "min": 8443,
                    "source_port_range": []
                  }
                ],
                "udp_options": []
              },
              {
                "description": "",
                "icmp_options": [],
                "protocol": "6",
                "source": "10.0.1.0/24",
                "source_type": "CIDR_BLOCK",
                "stateless": false,
                "tcp_options": [
                  {
                    "max": 9090,
                    "min": 9090,
                    "source_port_range": []
                  }
                ],
                "udp_options": []
              }
            ],
            "state": "AVAILABLE",
            "time_created": "2025-07-23 04:12:05.235 +0000 UTC",
            "timeouts": null,
            "vcn_id": "ocid1.vcn.oc1.ap-sydney-1.amaaaaaauvuxtpqa4i7uuexv2sy7jnjor7rvbd5ws476rgkxys7pxanb6qaa"
          },
          "sensitive_attributes": [],
          "identity_schema_version": 0,
          "private": "eyJlMmJmYjczMC1lY2FhLTExZTYtOGY4OC0zNDM2M2JjN2M0YzAiOnsiY3JlYXRlIjoxMjAwMDAwMDAwMDAwLCJkZWxldGUiOjEyMDAwMDAwMDAwMDAsInVwZGF0ZSI6MTIwMDAwMDAwMDAwMH19",
          "dependencies": [
            "module.network.oci_core_vcn.vcn"
          ],
          "create_before_destroy": true
        }
      ]
    },
    {
      "module": "module.network",
      "mode": "managed",
      "type": "oci_core_security_list",
      "name": "public_security_list",
      "provider": "provider[\"registry.terraform.io/hashicorp/oci\"]",
      "instances": [
        {
          "schema_version": 0,
          "attributes": {
            "compartment_id": "ocid1.compartment.oc1..aaaaaaaa3bfgcrogwd3smdq7aeybl3lamkkfvtwmedfkt7whoizspclhghnq",
            "defined_tags": {},
            "display_name": "oci-ext-public-security-list",
            "egress_security_rules": [
              {
                "description": "",
                "destination": "0.0.0.0/0",
                "destination_type": "CIDR_BLOCK",
                "icmp_options": [],
                "protocol": "all",
                "stateless": false,
                "tcp_options": [],
                "udp_options": []
              }
            ],
            "freeform_tags": {},
            "id": "ocid1.securitylist.oc1.ap-sydney-1.aaaaaaaaqye5vm5t3imngy2wtvznzzaqnkgiakblfonrmejtnzd7tcmgc6ua",
            "ingress_security_rules": [
              {
                "description": "",
                "icmp_options": [],
                "protocol": "6",
                "source": "0.0.0.0/0",
                "source_type": "CIDR_BLOCK",
                "stateless": false,
                "tcp_options": [
                  {
                    "max": 22,
                    "min": 22,
                    "source_port_range": []
                  }
                ],
                "udp_options": []
              }
            ],
            "state": "AVAILABLE",
            "time_created": "2025-07-23 04:12:05.224 +0000 UTC",
            "timeouts": null,
            "vcn_id": "ocid1.vcn.oc1.ap-sydney-1.amaaaaaauvuxtpqa4i7uuexv2sy7jnjor7rvbd5ws476rgkxys7pxanb6qaa"
          },
          "sensitive_attributes": [],
          "identity_schema_version": 0,
          "private": "eyJlMmJmYjczMC1lY2FhLTExZTYtOGY4OC0zNDM2M2JjN2M0YzAiOnsiY3JlYXRlIjoxMjAwMDAwMDAwMDAwLCJkZWxldGUiOjEyMDAwMDAwMDAwMDAsInVwZGF0ZSI6MTIwMDAwMDAwMDAwMH19",
          "dependencies": [
            "module.network.oci_core_vcn.vcn"
          ],
          "create_before_destroy": true
        }
      ]
    },
    {
      "module": "module.network",
      "mode": "managed",
      "type": "oci_core_subnet",
      "name": "private_subnet",
      "provider": "provider[\"registry.terraform.io/hashicorp/oci\"]",
      "instances": [
        {
          "schema_version": 0,
          "attributes": {
            "availability_domain": null,
            "cidr_block": "10.0.2.0/24",
            "compartment_id": "ocid1.compartment.oc1..aaaaaaaa3bfgcrogwd3smdq7aeybl3lamkkfvtwmedfkt7whoizspclhghnq",
            "defined_tags": {},
            "dhcp_options_id": "ocid1.dhcpoptions.oc1.ap-sydney-1.aaaaaaaakjmoilqlpagto5pddyxw2iflxt7baagohchf6qhdkquixh6wsrqa",
            "display_name": "oci-ext-private-subnet",
            "dns_label": "private",
            "freeform_tags": {},
            "id": "ocid1.subnet.oc1.ap-sydney-1.aaaaaaaaxezjsgdnfjmhuq5witldckpvpko5oztskhochcd4zmktmrqsbvta",
            "ipv6cidr_block": null,
            "ipv6cidr_blocks": [],
            "ipv6virtual_router_ip": null,
            "prohibit_internet_ingress": true,
            "prohibit_public_ip_on_vnic": true,
            "route_table_id": "ocid1.routetable.oc1.ap-sydney-1.aaaaaaaa3xt2d6onq4aaatxegsi2dotofckhm4jrzr4w5glrgngqrr5fn45a",
            "security_list_ids": [
              "ocid1.securitylist.oc1.ap-sydney-1.aaaaaaaa4qw7rsrjuzbzfgzclwx2ashugw7zgw7parunbsge4qfalpj6jsna"
            ],
            "state": "AVAILABLE",
            "subnet_domain_name": "private.ociextvcn.oraclevcn.com",
            "time_created": "2025-07-23 04:12:06.837 +0000 UTC",
            "timeouts": null,
            "vcn_id": "ocid1.vcn.oc1.ap-sydney-1.amaaaaaauvuxtpqa4i7uuexv2sy7jnjor7rvbd5ws476rgkxys7pxanb6qaa",
            "virtual_router_ip": "10.0.2.1",
            "virtual_router_mac": "00:00:17:BE:53:8E"
          },
          "sensitive_attributes": [],
          "identity_schema_version": 0,
          "private": "eyJlMmJmYjczMC1lY2FhLTExZTYtOGY4OC0zNDM2M2JjN2M0YzAiOnsiY3JlYXRlIjoxMjAwMDAwMDAwMDAwLCJkZWxldGUiOjEyMDAwMDAwMDAwMDAsInVwZGF0ZSI6MTIwMDAwMDAwMDAwMH19",
          "dependencies": [
            "module.network.oci_core_nat_gateway.nat_gateway",
            "module.network.oci_core_route_table.private_route_table",
            "module.network.oci_core_security_list.private_security_list",
            "module.network.oci_core_vcn.vcn"
          ],
          "create_before_destroy": true
        }
      ]
    },
    {
      "module": "module.network",
      "mode": "managed",
      "type": "oci_core_subnet",
      "name": "public_subnet",
      "provider": "provider[\"registry.terraform.io/hashicorp/oci\"]",
      "instances": [
        {
          "schema_version": 0,
          "attributes": {
            "availability_domain": null,
            "cidr_block": "10.0.1.0/24",
            "compartment_id": "ocid1.compartment.oc1..aaaaaaaa3bfgcrogwd3smdq7aeybl3lamkkfvtwmedfkt7whoizspclhghnq",
            "defined_tags": {},
            "dhcp_options_id": "ocid1.dhcpoptions.oc1.ap-sydney-1.aaaaaaaakjmoilqlpagto5pddyxw2iflxt7baagohchf6qhdkquixh6wsrqa",
            "display_name": "oci-ext-public-subnet",
            "dns_label": "public",
            "freeform_tags": {},
            "id": "ocid1.subnet.oc1.ap-sydney-1.aaaaaaaaymymlg5sc6nvf4pfc2aebryfmmhxdlo464vdnc5lm4zs3qmhl7kq",
            "ipv6cidr_block": null,
            "ipv6cidr_blocks": [],
            "ipv6virtual_router_ip": null,
            "prohibit_internet_ingress": false,
            "prohibit_public_ip_on_vnic": false,
            "route_table_id": "ocid1.routetable.oc1.ap-sydney-1.aaaaaaaa4uwhd4euxcxd5lafkcf4v35kzl5dtcyeun37gv3s735pvaemabnq",
            "security_list_ids": [
              "ocid1.securitylist.oc1.ap-sydney-1.aaaaaaaaqye5vm5t3imngy2wtvznzzaqnkgiakblfonrmejtnzd7tcmgc6ua"
            ],
            "state": "AVAILABLE",
            "subnet_domain_name": "public.ociextvcn.oraclevcn.com",
            "time_created": "2025-07-23 04:12:06.31 +0000 UTC",
            "timeouts": null,
            "vcn_id": "ocid1.vcn.oc1.ap-sydney-1.amaaaaaauvuxtpqa4i7uuexv2sy7jnjor7rvbd5ws476rgkxys7pxanb6qaa",
            "virtual_router_ip": "10.0.1.1",
            "virtual_router_mac": "00:00:17:BE:53:8E"
          },
          "sensitive_attributes": [],
          "identity_schema_version": 0,
          "private": "eyJlMmJmYjczMC1lY2FhLTExZTYtOGY4OC0zNDM2M2JjN2M0YzAiOnsiY3JlYXRlIjoxMjAwMDAwMDAwMDAwLCJkZWxldGUiOjEyMDAwMDAwMDAwMDAsInVwZGF0ZSI6MTIwMDAwMDAwMDAwMH19",
          "dependencies": [
            "module.network.oci_core_internet_gateway.internet_gateway",
            "module.network.oci_core_route_table.public_route_table",
            "module.network.oci_core_security_list.public_security_list",
            "module.network.oci_core_vcn.vcn"
          ],
          "create_before_destroy": true
        }
      ]
    },
    {
      "module": "module.network",
      "mode": "managed",
      "type": "oci_core_vcn",
      "name": "vcn",
      "provider": "provider[\"registry.terraform.io/hashicorp/oci\"]",
      "instances": [
        {
          "schema_version": 0,
          "attributes": {
            "byoipv6cidr_blocks": [],
            "byoipv6cidr_details": null,
            "cidr_block": "10.0.0.0/16",
            "cidr_blocks": [
              "10.0.0.0/16"
            ],
            "compartment_id": "ocid1.compartment.oc1..aaaaaaaa3bfgcrogwd3smdq7aeybl3lamkkfvtwmedfkt7whoizspclhghnq",
            "default_dhcp_options_id": "ocid1.dhcpoptions.oc1.ap-sydney-1.aaaaaaaakjmoilqlpagto5pddyxw2iflxt7baagohchf6qhdkquixh6wsrqa",
            "default_route_table_id": "ocid1.routetable.oc1.ap-sydney-1.aaaaaaaaamnlciomaynwron4x5lgbx6ft3dset6g2brqd5f7hcgb25feuzcq",
            "default_security_list_id": "ocid1.securitylist.oc1.ap-sydney-1.aaaaaaaab5hildypil6dtjqyld3x5jfzzfbbxiqlpnf4umdp5ftpzoa3vk6q",
            "defined_tags": {},
            "display_name": "oci-ext-vcn",
            "dns_label": "ociextvcn",
            "freeform_tags": {},
            "id": "ocid1.vcn.oc1.ap-sydney-1.amaaaaaauvuxtpqa4i7uuexv2sy7jnjor7rvbd5ws476rgkxys7pxanb6qaa",
            "ipv6cidr_blocks": [],
            "ipv6private_cidr_blocks": [],
            "is_ipv6enabled": false,
            "is_oracle_gua_allocation_enabled": null,
            "security_attributes": {},
            "state": "AVAILABLE",
            "time_created": "2025-07-23 04:12:04.629 +0000 UTC",
            "timeouts": null,
            "vcn_domain_name": "ociextvcn.oraclevcn.com"
          },
          "sensitive_attributes": [],
          "identity_schema_version": 0,
          "private": "eyJlMmJmYjczMC1lY2FhLTExZTYtOGY4OC0zNDM2M2JjN2M0YzAiOnsiY3JlYXRlIjoxMjAwMDAwMDAwMDAwLCJkZWxldGUiOjEyMDAwMDAwMDAwMDAsInVwZGF0ZSI6MTIwMDAwMDAwMDAwMH19",
          "create_before_destroy": true
        }
      ]
    },
    {
      "module": "module.private_compute",
      "mode": "data",
      "type": "oci_core_vnic_attachments",
      "name": "private_instance_vnic_attachments",
      "provider": "provider[\"registry.terraform.io/hashicorp/oci\"]",
      "instances": [
        {
          "index_key": 0,
          "schema_version": 0,
          "attributes": {
            "availability_domain": null,
            "compartment_id": "ocid1.compartment.oc1..aaaaaaaa3bfgcrogwd3smdq7aeybl3lamkkfvtwmedfkt7whoizspclhghnq",
            "filter": null,
            "id": "CoreVnicAttachmentsDataSource-1157551358",
            "instance_id": "ocid1.instance.oc1.ap-sydney-1.anzxsljruvuxtpqcfnkjjjo33dhfhfliz74jf2ycbe32xrirdblp3x2cpypa",
            "vnic_attachments": [
              {
                "availability_domain": "Brdh:AP-SYDNEY-1-AD-1",
                "compartment_id": "ocid1.compartment.oc1..aaaaaaaa3bfgcrogwd3smdq7aeybl3lamkkfvtwmedfkt7whoizspclhghnq",
                "create_vnic_details": [],
                "display_name": "",
                "id": "ocid1.vnicattachment.oc1.ap-sydney-1.anzxsljruvuxtpqcibhaev2fecw7idcx6nnwunom4kkbvhohylk73bh6akra",
                "instance_id": "ocid1.instance.oc1.ap-sydney-1.anzxsljruvuxtpqcfnkjjjo33dhfhfliz74jf2ycbe32xrirdblp3x2cpypa",
                "nic_index": 0,
                "state": "ATTACHED",
                "subnet_id": "ocid1.subnet.oc1.ap-sydney-1.aaaaaaaaxezjsgdnfjmhuq5witldckpvpko5oztskhochcd4zmktmrqsbvta",
                "time_created": "2025-07-23 04:12:24.091 +0000 UTC",
                "vlan_id": "",
                "vlan_tag": 914,
                "vnic_id": "ocid1.vnic.oc1.ap-sydney-1.abzxsljrfnng3tt5gwzk7ssa325aaay5wij4tcln6cfymwbr3hsrtaex3ksq"
              }
            ],
            "vnic_id": null
          },
          "sensitive_attributes": [],
          "identity_schema_version": 0
        },
        {
          "index_key": 1,
          "schema_version": 0,
          "attributes": {
            "availability_domain": null,
            "compartment_id": "ocid1.compartment.oc1..aaaaaaaa3bfgcrogwd3smdq7aeybl3lamkkfvtwmedfkt7whoizspclhghnq",
            "filter": null,
            "id": "CoreVnicAttachmentsDataSource-999836289",
            "instance_id": "ocid1.instance.oc1.ap-sydney-1.anzxsljruvuxtpqcrgo2jrlircn34ys6cttbtzarlfs6nk5iifzw7f364avq",
            "vnic_attachments": [
              {
                "availability_domain": "Brdh:AP-SYDNEY-1-AD-1",
                "compartment_id": "ocid1.compartment.oc1..aaaaaaaa3bfgcrogwd3smdq7aeybl3lamkkfvtwmedfkt7whoizspclhghnq",
                "create_vnic_details": [],
                "display_name": "",
                "id": "ocid1.vnicattachment.oc1.ap-sydney-1.anzxsljruvuxtpqc32qhr2oowsubz3gt6w5el6gorrxvj3cnpgfvcor77bua",
                "instance_id": "ocid1.instance.oc1.ap-sydney-1.anzxsljruvuxtpqcrgo2jrlircn34ys6cttbtzarlfs6nk5iifzw7f364avq",
                "nic_index": 0,
                "state": "ATTACHED",
                "subnet_id": "ocid1.subnet.oc1.ap-sydney-1.aaaaaaaaxezjsgdnfjmhuq5witldckpvpko5oztskhochcd4zmktmrqsbvta",
                "time_created": "2025-07-23 04:12:23.96 +0000 UTC",
                "vlan_id": "",
                "vlan_tag": 1654,
                "vnic_id": "ocid1.vnic.oc1.ap-sydney-1.abzxsljroibb63lsgstfezpj5q5o2c4zz5kuqpmg7el53ej6g2iezdpddgpq"
              }
            ],
            "vnic_id": null
          },
          "sensitive_attributes": [],
          "identity_schema_version": 0
        }
      ]
    },
    {
      "module": "module.private_compute",
      "mode": "managed",
      "type": "null_resource",
      "name": "detach_private_instance_private_ip",
      "provider": "provider[\"registry.terraform.io/hashicorp/null\"]",
      "instances": [
        {
          "index_key": 0,
          "schema_version": 0,
          "attributes": {
            "id": "7181860876174918922",
            "triggers": {
              "private_ip_id": "ocid1.privateip.oc1.ap-sydney-1.aaaaaaaax64mmifzzoznat5qdtuygkrb7lsgnnhx2adjfqvulqmdbapcvr7q"
            }
          },
          "sensitive_attributes": [],
          "identity_schema_version": 0,
          "dependencies": [
            "module.network.oci_core_internet_gateway.internet_gateway",
            "module.network.oci_core_nat_gateway.nat_gateway",
            "module.network.oci_core_network_security_group.bastion_nsg",
            "module.network.oci_core_network_security_group.load_balancer_nsg",
            "module.network.oci_core_network_security_group.private_compute_nsg",
            "module.network.oci_core_network_security_group_security_rule.bastion_egress_all",
            "module.network.oci_core_network_security_group_security_rule.bastion_ssh_ingress",
            "module.network.oci_core_network_security_group_security_rule.lb_egress_to_private",
            "module.network.oci_core_network_security_group_security_rule.lb_http_ingress",
            "module.network.oci_core_network_security_group_security_rule.lb_https_ingress",
            "module.network.oci_core_network_security_group_security_rule.private_app_ports",
            "module.network.oci_core_network_security_group_security_rule.private_egress_all",
            "module.network.oci_core_network_security_group_security_rule.private_ssh_from_bastion",
            "module.network.oci_core_route_table.private_route_table",
            "module.network.oci_core_route_table.public_route_table",
            "module.network.oci_core_security_list.private_security_list",
            "module.network.oci_core_security_list.public_security_list",
            "module.network.oci_core_subnet.private_subnet",
            "module.network.oci_core_subnet.public_subnet",
            "module.network.oci_core_vcn.vcn",
            "module.private_compute.oci_core_instance.private_instance",
            "module.private_compute.oci_core_private_ip.private_instance_private_ip",
            "module.private_compute.oci_core_vnic_attachment.private_instance_vnic_attachment"
          ]
        },
        {
          "index_key": 1,
          "schema_version": 0,
          "attributes": {
            "id": "5783761637654743218",
            "triggers": {
              "private_ip_id": "ocid1.privateip.oc1.ap-sydney-1.aaaaaaaayeqe37fivkbp6rs3cqd4jd7czjgoojnnt4wpr365nz2f3qhgqtsa"
            }
          },
          "sensitive_attributes": [],
          "identity_schema_version": 0,
          "dependencies": [
            "module.network.oci_core_internet_gateway.internet_gateway",
            "module.network.oci_core_nat_gateway.nat_gateway",
            "module.network.oci_core_network_security_group.bastion_nsg",
            "module.network.oci_core_network_security_group.load_balancer_nsg",
            "module.network.oci_core_network_security_group.private_compute_nsg",
            "module.network.oci_core_network_security_group_security_rule.bastion_egress_all",
            "module.network.oci_core_network_security_group_security_rule.bastion_ssh_ingress",
            "module.network.oci_core_network_security_group_security_rule.lb_egress_to_private",
            "module.network.oci_core_network_security_group_security_rule.lb_http_ingress",
            "module.network.oci_core_network_security_group_security_rule.lb_https_ingress",
            "module.network.oci_core_network_security_group_security_rule.private_app_ports",
            "module.network.oci_core_network_security_group_security_rule.private_egress_all",
            "module.network.oci_core_network_security_group_security_rule.private_ssh_from_bastion",
            "module.network.oci_core_route_table.private_route_table",
            "module.network.oci_core_route_table.public_route_table",
            "module.network.oci_core_security_list.private_security_list",
            "module.network.oci_core_security_list.public_security_list",
            "module.network.oci_core_subnet.private_subnet",
            "module.network.oci_core_subnet.public_subnet",
            "module.network.oci_core_vcn.vcn",
            "module.private_compute.oci_core_instance.private_instance",
            "module.private_compute.oci_core_private_ip.private_instance_private_ip",
            "module.private_compute.oci_core_vnic_attachment.private_instance_vnic_attachment"
          ]
        }
      ]
    },
    {
      "module": "module.private_compute",
      "mode": "managed",
      "type": "oci_core_instance",
      "name": "private_instance",
      "provider": "provider[\"registry.terraform.io/hashicorp/oci\"]",
      "instances": [
        {
          "index_key": 0,
          "schema_version": 0,
          "attributes": {
            "agent_config": [
              {
                "are_all_plugins_disabled": false,
                "is_management_disabled": false,
                "is_monitoring_disabled": false,
                "plugins_config": []
              }
            ],
            "async": null,
            "availability_config": [
              {
                "is_live_migration_preferred": false,
                "recovery_action": "RESTORE_INSTANCE"
              }
            ],
            "availability_domain": "Brdh:AP-SYDNEY-1-AD-1",
            "boot_volume_id": "ocid1.bootvolume.oc1.ap-sydney-1.abzxsljrjcon3pnunttwsbsuzarolmbgv6k5cg6lxhm2jvsm3t5ndi5bcdlq",
            "capacity_reservation_id": null,
            "cluster_placement_group_id": null,
            "compartment_id": "ocid1.compartment.oc1..aaaaaaaa3bfgcrogwd3smdq7aeybl3lamkkfvtwmedfkt7whoizspclhghnq",
            "compute_cluster_id": null,
            "create_vnic_details": [
              {
                "assign_ipv6ip": false,
                "assign_private_dns_record": false,
                "assign_public_ip": "false",
                "defined_tags": {},
                "display_name": "oci-ext-private-instance-1-vnic",
                "freeform_tags": {
                  "Environment": "development",
                  "Instance": "oci-ext-private-instance-1",
                  "Project": "oci-terraform-ansible"
                },
                "hostname_label": "private1",
                "ipv6address_ipv6subnet_cidr_pair_details": [],
                "nsg_ids": [
                  "ocid1.networksecuritygroup.oc1.ap-sydney-1.aaaaaaaa3bljybrcmxj6vsuo3nlaul2a2p5v5dkesk4n3fu7cytmu75grtsa"
                ],
                "private_ip": "10.0.2.160",
                "security_attributes": {},
                "skip_source_dest_check": false,
                "subnet_id": "ocid1.subnet.oc1.ap-sydney-1.aaaaaaaaxezjsgdnfjmhuq5witldckpvpko5oztskhochcd4zmktmrqsbvta",
                "vlan_id": ""
              }
            ],
            "dedicated_vm_host_id": null,
            "defined_tags": {},
            "display_name": "oci-ext-private-instance-1",
            "extended_metadata": {},
            "fault_domain": "FAULT-DOMAIN-2",
            "freeform_tags": {
              "Environment": "development",
              "Instance": "oci-ext-private-instance-1",
              "Project": "oci-terraform-ansible"
            },
            "hostname_label": "private1",
            "id": "ocid1.instance.oc1.ap-sydney-1.anzxsljruvuxtpqcfnkjjjo33dhfhfliz74jf2ycbe32xrirdblp3x2cpypa",
            "image": "ocid1.image.oc1.ap-sydney-1.aaaaaaaa7l5t44goumyeu2ahf6cknh5lkfcetwzdagl5tj6e7gsoyjhdt7sa",
            "instance_configuration_id": null,
            "instance_options": [
              {
                "are_legacy_imds_endpoints_disabled": false
              }
            ],
            "ipxe_script": null,
            "is_cross_numa_node": false,
            "is_pv_encryption_in_transit_enabled": null,
            "launch_mode": "PARAVIRTUALIZED",
            "launch_options": [
              {
                "boot_volume_type": "PARAVIRTUALIZED",
                "firmware": "UEFI_64",
                "is_consistent_volume_naming_enabled": true,
                "is_pv_encryption_in_transit_enabled": false,
                "network_type": "PARAVIRTUALIZED",
                "remote_data_volume_type": "PARAVIRTUALIZED"
              }
            ],
            "launch_volume_attachments": null,
            "licensing_configs": [],
            "metadata": {
              "ssh_authorized_keys": "ssh-rsa AAAAB3NzaC1yc2EAAAADAQABAAABAQC1L8vO5zX7ZnWqoxbHh12KrG8nHxSDU1y+p39A7pm/Xu4Jp1IH8oyvCOhzkO5k8djbDCOo/BKmvKXq3tnKxcjvqSClLufDDQkUdeBa0RIcgvvQEuSNyWcKHPHN47i3vtJQu7ZTUdMMxu1LiaFUxH2Xrzxoeg9kvpqhjheGzgnowpUtAMiEt2welwADTo64888oyo+zv9csiD932I8CyglkxmVG6Jd7+HrmLR2iMPY1u/augi2NbCGIeoek7HeGMMPfXuKadJmRRBXE3tzQrk5nQiHOZYcpISGe9F1A5HXWoHzgtg6oTRP4Yo5gFuoRAxpS/6GsGgB1NP7CtA5dkb27"
            },
            "placement_constraint_details": [],
            "platform_config": [],
            "preemptible_instance_config": [],
            "preserve_boot_volume": null,
            "preserve_data_volumes_created_at_launch": null,
            "private_ip": "10.0.2.160",
            "public_ip": "",
            "region": "ap-sydney-1",
            "security_attributes": {},
            "security_attributes_state": "STABLE",
            "shape": "VM.Standard.E4.Flex",
            "shape_config": [
              {
                "baseline_ocpu_utilization": "",
                "gpu_description": "",
                "gpus": 0,
                "local_disk_description": "",
                "local_disks": 0,
                "local_disks_total_size_in_gbs": 0,
                "max_vnic_attachments": 2,
                "memory_in_gbs": 16,
                "networking_bandwidth_in_gbps": 2,
                "nvmes": 0,
                "ocpus": 2,
                "processor_description": "2.55 GHz AMD EPYC™ 7J13 (Milan)",
                "vcpus": 4
              }
            ],
            "source_details": [
              {
                "boot_volume_size_in_gbs": "47",
                "boot_volume_vpus_per_gb": "10",
                "instance_source_image_filter_details": [],
                "is_preserve_boot_volume_enabled": false,
                "kms_key_id": "",
                "source_id": "ocid1.image.oc1.ap-sydney-1.aaaaaaaa7l5t44goumyeu2ahf6cknh5lkfcetwzdagl5tj6e7gsoyjhdt7sa",
                "source_type": "image"
              }
            ],
            "state": "RUNNING",
            "subnet_id": "ocid1.subnet.oc1.ap-sydney-1.aaaaaaaaxezjsgdnfjmhuq5witldckpvpko5oztskhochcd4zmktmrqsbvta",
            "system_tags": {},
            "time_created": "2025-07-23 04:12:21.31 +0000 UTC",
            "time_maintenance_reboot_due": "",
            "timeouts": null,
            "update_operation_constraint": null
          },
          "sensitive_attributes": [],
          "identity_schema_version": 0,
          "private": "eyJlMmJmYjczMC1lY2FhLTExZTYtOGY4OC0zNDM2M2JjN2M0YzAiOnsiY3JlYXRlIjoyNzAwMDAwMDAwMDAwLCJkZWxldGUiOjQ1MDAwMDAwMDAwMDAsInVwZGF0ZSI6MjcwMDAwMDAwMDAwMH19",
          "dependencies": [
            "module.network.oci_core_internet_gateway.internet_gateway",
            "module.network.oci_core_nat_gateway.nat_gateway",
            "module.network.oci_core_network_security_group.bastion_nsg",
            "module.network.oci_core_network_security_group.load_balancer_nsg",
            "module.network.oci_core_network_security_group.private_compute_nsg",
            "module.network.oci_core_network_security_group_security_rule.bastion_egress_all",
            "module.network.oci_core_network_security_group_security_rule.bastion_ssh_ingress",
            "module.network.oci_core_network_security_group_security_rule.lb_egress_to_private",
            "module.network.oci_core_network_security_group_security_rule.lb_http_ingress",
            "module.network.oci_core_network_security_group_security_rule.lb_https_ingress",
            "module.network.oci_core_network_security_group_security_rule.private_app_ports",
            "module.network.oci_core_network_security_group_security_rule.private_egress_all",
            "module.network.oci_core_network_security_group_security_rule.private_ssh_from_bastion",
            "module.network.oci_core_route_table.private_route_table",
            "module.network.oci_core_route_table.public_route_table",
            "module.network.oci_core_security_list.private_security_list",
            "module.network.oci_core_security_list.public_security_list",
            "module.network.oci_core_subnet.private_subnet",
            "module.network.oci_core_subnet.public_subnet",
            "module.network.oci_core_vcn.vcn"
          ],
          "create_before_destroy": true
        },
        {
          "index_key": 1,
          "schema_version": 0,
          "attributes": {
            "agent_config": [
              {
                "are_all_plugins_disabled": false,
                "is_management_disabled": false,
                "is_monitoring_disabled": false,
                "plugins_config": []
              }
            ],
            "async": null,
            "availability_config": [
              {
                "is_live_migration_preferred": false,
                "recovery_action": "RESTORE_INSTANCE"
              }
            ],
            "availability_domain": "Brdh:AP-SYDNEY-1-AD-1",
            "boot_volume_id": "ocid1.bootvolume.oc1.ap-sydney-1.abzxsljrznr5vej4upj22mdl7fysdd42t5pgyfnlcuzqken47ehwydjy2pgq",
            "capacity_reservation_id": null,
            "cluster_placement_group_id": null,
            "compartment_id": "ocid1.compartment.oc1..aaaaaaaa3bfgcrogwd3smdq7aeybl3lamkkfvtwmedfkt7whoizspclhghnq",
            "compute_cluster_id": null,
            "create_vnic_details": [
              {
                "assign_ipv6ip": false,
                "assign_private_dns_record": false,
                "assign_public_ip": "false",
                "defined_tags": {},
                "display_name": "oci-ext-private-instance-2-vnic",
                "freeform_tags": {
                  "Environment": "development",
                  "Instance": "oci-ext-private-instance-2",
                  "Project": "oci-terraform-ansible"
                },
                "hostname_label": "private2",
                "ipv6address_ipv6subnet_cidr_pair_details": [],
                "nsg_ids": [
                  "ocid1.networksecuritygroup.oc1.ap-sydney-1.aaaaaaaa3bljybrcmxj6vsuo3nlaul2a2p5v5dkesk4n3fu7cytmu75grtsa"
                ],
                "private_ip": "10.0.2.53",
                "security_attributes": {},
                "skip_source_dest_check": false,
                "subnet_id": "ocid1.subnet.oc1.ap-sydney-1.aaaaaaaaxezjsgdnfjmhuq5witldckpvpko5oztskhochcd4zmktmrqsbvta",
                "vlan_id": ""
              }
            ],
            "dedicated_vm_host_id": null,
            "defined_tags": {},
            "display_name": "oci-ext-private-instance-2",
            "extended_metadata": {},
            "fault_domain": "FAULT-DOMAIN-2",
            "freeform_tags": {
              "Environment": "development",
              "Instance": "oci-ext-private-instance-2",
              "Project": "oci-terraform-ansible"
            },
            "hostname_label": "private2",
            "id": "ocid1.instance.oc1.ap-sydney-1.anzxsljruvuxtpqcrgo2jrlircn34ys6cttbtzarlfs6nk5iifzw7f364avq",
            "image": "ocid1.image.oc1.ap-sydney-1.aaaaaaaa7l5t44goumyeu2ahf6cknh5lkfcetwzdagl5tj6e7gsoyjhdt7sa",
            "instance_configuration_id": null,
            "instance_options": [
              {
                "are_legacy_imds_endpoints_disabled": false
              }
            ],
            "ipxe_script": null,
            "is_cross_numa_node": false,
            "is_pv_encryption_in_transit_enabled": null,
            "launch_mode": "PARAVIRTUALIZED",
            "launch_options": [
              {
                "boot_volume_type": "PARAVIRTUALIZED",
                "firmware": "UEFI_64",
                "is_consistent_volume_naming_enabled": true,
                "is_pv_encryption_in_transit_enabled": false,
                "network_type": "PARAVIRTUALIZED",
                "remote_data_volume_type": "PARAVIRTUALIZED"
              }
            ],
            "launch_volume_attachments": null,
            "licensing_configs": [],
            "metadata": {
              "ssh_authorized_keys": "ssh-rsa AAAAB3NzaC1yc2EAAAADAQABAAABAQC1L8vO5zX7ZnWqoxbHh12KrG8nHxSDU1y+p39A7pm/Xu4Jp1IH8oyvCOhzkO5k8djbDCOo/BKmvKXq3tnKxcjvqSClLufDDQkUdeBa0RIcgvvQEuSNyWcKHPHN47i3vtJQu7ZTUdMMxu1LiaFUxH2Xrzxoeg9kvpqhjheGzgnowpUtAMiEt2welwADTo64888oyo+zv9csiD932I8CyglkxmVG6Jd7+HrmLR2iMPY1u/augi2NbCGIeoek7HeGMMPfXuKadJmRRBXE3tzQrk5nQiHOZYcpISGe9F1A5HXWoHzgtg6oTRP4Yo5gFuoRAxpS/6GsGgB1NP7CtA5dkb27"
            },
            "placement_constraint_details": [],
            "platform_config": [],
            "preemptible_instance_config": [],
            "preserve_boot_volume": null,
            "preserve_data_volumes_created_at_launch": null,
            "private_ip": "10.0.2.53",
            "public_ip": "",
            "region": "ap-sydney-1",
            "security_attributes": {},
            "security_attributes_state": "STABLE",
            "shape": "VM.Standard.E4.Flex",
            "shape_config": [
              {
                "baseline_ocpu_utilization": "",
                "gpu_description": "",
                "gpus": 0,
                "local_disk_description": "",
                "local_disks": 0,
                "local_disks_total_size_in_gbs": 0,
                "max_vnic_attachments": 2,
                "memory_in_gbs": 16,
                "networking_bandwidth_in_gbps": 2,
                "nvmes": 0,
                "ocpus": 2,
                "processor_description": "2.55 GHz AMD EPYC™ 7J13 (Milan)",
                "vcpus": 4
              }
            ],
            "source_details": [
              {
                "boot_volume_size_in_gbs": "47",
                "boot_volume_vpus_per_gb": "10",
                "instance_source_image_filter_details": [],
                "is_preserve_boot_volume_enabled": false,
                "kms_key_id": "",
                "source_id": "ocid1.image.oc1.ap-sydney-1.aaaaaaaa7l5t44goumyeu2ahf6cknh5lkfcetwzdagl5tj6e7gsoyjhdt7sa",
                "source_type": "image"
              }
            ],
            "state": "RUNNING",
            "subnet_id": "ocid1.subnet.oc1.ap-sydney-1.aaaaaaaaxezjsgdnfjmhuq5witldckpvpko5oztskhochcd4zmktmrqsbvta",
            "system_tags": {},
            "time_created": "2025-07-23 04:12:21.213 +0000 UTC",
            "time_maintenance_reboot_due": "",
            "timeouts": null,
            "update_operation_constraint": null
          },
          "sensitive_attributes": [],
          "identity_schema_version": 0,
          "private": "eyJlMmJmYjczMC1lY2FhLTExZTYtOGY4OC0zNDM2M2JjN2M0YzAiOnsiY3JlYXRlIjoyNzAwMDAwMDAwMDAwLCJkZWxldGUiOjQ1MDAwMDAwMDAwMDAsInVwZGF0ZSI6MjcwMDAwMDAwMDAwMH19",
          "dependencies": [
            "module.network.oci_core_internet_gateway.internet_gateway",
            "module.network.oci_core_nat_gateway.nat_gateway",
            "module.network.oci_core_network_security_group.bastion_nsg",
            "module.network.oci_core_network_security_group.load_balancer_nsg",
            "module.network.oci_core_network_security_group.private_compute_nsg",
            "module.network.oci_core_network_security_group_security_rule.bastion_egress_all",
            "module.network.oci_core_network_security_group_security_rule.bastion_ssh_ingress",
            "module.network.oci_core_network_security_group_security_rule.lb_egress_to_private",
            "module.network.oci_core_network_security_group_security_rule.lb_http_ingress",
            "module.network.oci_core_network_security_group_security_rule.lb_https_ingress",
            "module.network.oci_core_network_security_group_security_rule.private_app_ports",
            "module.network.oci_core_network_security_group_security_rule.private_egress_all",
            "module.network.oci_core_network_security_group_security_rule.private_ssh_from_bastion",
            "module.network.oci_core_route_table.private_route_table",
            "module.network.oci_core_route_table.public_route_table",
            "module.network.oci_core_security_list.private_security_list",
            "module.network.oci_core_security_list.public_security_list",
            "module.network.oci_core_subnet.private_subnet",
            "module.network.oci_core_subnet.public_subnet",
            "module.network.oci_core_vcn.vcn"
          ],
          "create_before_destroy": true
        }
      ]
    },
    {
      "module": "module.private_compute",
      "mode": "managed",
      "type": "oci_core_private_ip",
      "name": "private_instance_private_ip",
      "provider": "provider[\"registry.terraform.io/hashicorp/oci\"]",
      "instances": [
        {
          "index_key": 0,
          "schema_version": 0,
          "attributes": {
            "availability_domain": null,
            "compartment_id": "ocid1.compartment.oc1..aaaaaaaa3bfgcrogwd3smdq7aeybl3lamkkfvtwmedfkt7whoizspclhghnq",
            "defined_tags": {},
            "display_name": "oci-ext-private-instance-1-private-ip",
            "freeform_tags": {},
            "hostname_label": "private1-private-ip",
            "id": "ocid1.privateip.oc1.ap-sydney-1.aaaaaaaax64mmifzzoznat5qdtuygkrb7lsgnnhx2adjfqvulqmdbapcvr7q",
            "ip_address": "10.0.2.10",
            "ip_state": "ASSIGNED",
            "is_primary": false,
            "is_reserved": null,
            "lifetime": "EPHEMERAL",
            "route_table_id": null,
            "subnet_id": "ocid1.subnet.oc1.ap-sydney-1.aaaaaaaaxezjsgdnfjmhuq5witldckpvpko5oztskhochcd4zmktmrqsbvta",
            "time_created": "2025-07-23 04:13:03.12 +0000 UTC",
            "timeouts": null,
            "vlan_id": null,
            "vnic_id": "ocid1.vnic.oc1.ap-sydney-1.abzxsljro3nu2d7vkzcsqicgfl2pvaijjs6fmnl4xo3mr4fpejyuqzcfvu5a"
          },
          "sensitive_attributes": [],
          "identity_schema_version": 0,
          "private": "eyJlMmJmYjczMC1lY2FhLTExZTYtOGY4OC0zNDM2M2JjN2M0YzAiOnsiY3JlYXRlIjoxMjAwMDAwMDAwMDAwLCJkZWxldGUiOjEyMDAwMDAwMDAwMDAsInVwZGF0ZSI6MTIwMDAwMDAwMDAwMH19",
          "dependencies": [
            "module.network.oci_core_internet_gateway.internet_gateway",
            "module.network.oci_core_nat_gateway.nat_gateway",
            "module.network.oci_core_network_security_group.bastion_nsg",
            "module.network.oci_core_network_security_group.load_balancer_nsg",
            "module.network.oci_core_network_security_group.private_compute_nsg",
            "module.network.oci_core_network_security_group_security_rule.bastion_egress_all",
            "module.network.oci_core_network_security_group_security_rule.bastion_ssh_ingress",
            "module.network.oci_core_network_security_group_security_rule.lb_egress_to_private",
            "module.network.oci_core_network_security_group_security_rule.lb_http_ingress",
            "module.network.oci_core_network_security_group_security_rule.lb_https_ingress",
            "module.network.oci_core_network_security_group_security_rule.private_app_ports",
            "module.network.oci_core_network_security_group_security_rule.private_egress_all",
            "module.network.oci_core_network_security_group_security_rule.private_ssh_from_bastion",
            "module.network.oci_core_route_table.private_route_table",
            "module.network.oci_core_route_table.public_route_table",
            "module.network.oci_core_security_list.private_security_list",
            "module.network.oci_core_security_list.public_security_list",
            "module.network.oci_core_subnet.private_subnet",
            "module.network.oci_core_subnet.public_subnet",
            "module.network.oci_core_vcn.vcn",
            "module.private_compute.oci_core_instance.private_instance",
            "module.private_compute.oci_core_vnic_attachment.private_instance_vnic_attachment"
          ],
          "create_before_destroy": true
        },
        {
          "index_key": 1,
          "schema_version": 0,
          "attributes": {
            "availability_domain": null,
            "compartment_id": "ocid1.compartment.oc1..aaaaaaaa3bfgcrogwd3smdq7aeybl3lamkkfvtwmedfkt7whoizspclhghnq",
            "defined_tags": {},
            "display_name": "oci-ext-private-instance-2-private-ip",
            "freeform_tags": {},
            "hostname_label": "private2-private-ip",
            "id": "ocid1.privateip.oc1.ap-sydney-1.aaaaaaaayeqe37fivkbp6rs3cqd4jd7czjgoojnnt4wpr365nz2f3qhgqtsa",
            "ip_address": "10.0.2.11",
            "ip_state": "ASSIGNED",
            "is_primary": false,
            "is_reserved": null,
            "lifetime": "EPHEMERAL",
            "route_table_id": null,
            "subnet_id": "ocid1.subnet.oc1.ap-sydney-1.aaaaaaaaxezjsgdnfjmhuq5witldckpvpko5oztskhochcd4zmktmrqsbvta",
            "time_created": "2025-07-23 04:13:03.198 +0000 UTC",
            "timeouts": null,
            "vlan_id": null,
            "vnic_id": "ocid1.vnic.oc1.ap-sydney-1.abzxsljrlr3eauqvrk3bnt6cvxr2x3fwzuepy454wqsdyjdzi5qoiq6xd67q"
          },
          "sensitive_attributes": [],
          "identity_schema_version": 0,
          "private": "eyJlMmJmYjczMC1lY2FhLTExZTYtOGY4OC0zNDM2M2JjN2M0YzAiOnsiY3JlYXRlIjoxMjAwMDAwMDAwMDAwLCJkZWxldGUiOjEyMDAwMDAwMDAwMDAsInVwZGF0ZSI6MTIwMDAwMDAwMDAwMH19",
          "dependencies": [
            "module.network.oci_core_internet_gateway.internet_gateway",
            "module.network.oci_core_nat_gateway.nat_gateway",
            "module.network.oci_core_network_security_group.bastion_nsg",
            "module.network.oci_core_network_security_group.load_balancer_nsg",
            "module.network.oci_core_network_security_group.private_compute_nsg",
            "module.network.oci_core_network_security_group_security_rule.bastion_egress_all",
            "module.network.oci_core_network_security_group_security_rule.bastion_ssh_ingress",
            "module.network.oci_core_network_security_group_security_rule.lb_egress_to_private",
            "module.network.oci_core_network_security_group_security_rule.lb_http_ingress",
            "module.network.oci_core_network_security_group_security_rule.lb_https_ingress",
            "module.network.oci_core_network_security_group_security_rule.private_app_ports",
            "module.network.oci_core_network_security_group_security_rule.private_egress_all",
            "module.network.oci_core_network_security_group_security_rule.private_ssh_from_bastion",
            "module.network.oci_core_route_table.private_route_table",
            "module.network.oci_core_route_table.public_route_table",
            "module.network.oci_core_security_list.private_security_list",
            "module.network.oci_core_security_list.public_security_list",
            "module.network.oci_core_subnet.private_subnet",
            "module.network.oci_core_subnet.public_subnet",
            "module.network.oci_core_vcn.vcn",
            "module.private_compute.oci_core_instance.private_instance",
            "module.private_compute.oci_core_vnic_attachment.private_instance_vnic_attachment"
          ],
          "create_before_destroy": true
        }
      ]
    },
    {
      "module": "module.private_compute",
      "mode": "managed",
      "type": "oci_core_vnic_attachment",
      "name": "private_instance_vnic_attachment",
      "provider": "provider[\"registry.terraform.io/hashicorp/oci\"]",
      "instances": [
        {
          "index_key": 0,
          "schema_version": 0,
          "attributes": {
            "availability_domain": "Brdh:AP-SYDNEY-1-AD-1",
            "compartment_id": "ocid1.compartment.oc1..aaaaaaaa3bfgcrogwd3smdq7aeybl3lamkkfvtwmedfkt7whoizspclhghnq",
            "create_vnic_details": [
              {
                "assign_ipv6ip": false,
                "assign_private_dns_record": false,
                "assign_public_ip": "false",
                "defined_tags": {},
                "display_name": "oci-ext-private-instance-1-secondary-vnic",
                "freeform_tags": {},
                "hostname_label": "",
                "ipv6address_ipv6subnet_cidr_pair_details": [],
                "nsg_ids": null,
                "private_ip": "10.0.2.245",
                "route_table_id": "",
                "security_attributes": {},
                "skip_source_dest_check": false,
                "subnet_id": "ocid1.subnet.oc1.ap-sydney-1.aaaaaaaaxezjsgdnfjmhuq5witldckpvpko5oztskhochcd4zmktmrqsbvta",
                "vlan_id": ""
              }
            ],
            "display_name": "oci-ext-private-instance-1-secondary-vnic",
            "id": "ocid1.vnicattachment.oc1.ap-sydney-1.anzxsljruvuxtpqc4ui7vvet5qwmkoth2vguk5vhnbc4vayytvcygd7uwroa",
            "instance_id": "ocid1.instance.oc1.ap-sydney-1.anzxsljruvuxtpqcfnkjjjo33dhfhfliz74jf2ycbe32xrirdblp3x2cpypa",
            "nic_index": 0,
            "state": "ATTACHED",
            "subnet_id": "ocid1.subnet.oc1.ap-sydney-1.aaaaaaaaxezjsgdnfjmhuq5witldckpvpko5oztskhochcd4zmktmrqsbvta",
            "time_created": "2025-07-23 04:12:55.84 +0000 UTC",
            "timeouts": null,
            "vlan_id": null,
            "vlan_tag": 3553,
            "vnic_id": "ocid1.vnic.oc1.ap-sydney-1.abzxsljro3nu2d7vkzcsqicgfl2pvaijjs6fmnl4xo3mr4fpejyuqzcfvu5a"
          },
          "sensitive_attributes": [],
          "identity_schema_version": 0,
          "private": "eyJlMmJmYjczMC1lY2FhLTExZTYtOGY4OC0zNDM2M2JjN2M0YzAiOnsiY3JlYXRlIjoxMjAwMDAwMDAwMDAwLCJkZWxldGUiOjEyMDAwMDAwMDAwMDAsInVwZGF0ZSI6MTIwMDAwMDAwMDAwMH19",
          "dependencies": [
            "module.network.oci_core_internet_gateway.internet_gateway",
            "module.network.oci_core_nat_gateway.nat_gateway",
            "module.network.oci_core_network_security_group.bastion_nsg",
            "module.network.oci_core_network_security_group.load_balancer_nsg",
            "module.network.oci_core_network_security_group.private_compute_nsg",
            "module.network.oci_core_network_security_group_security_rule.bastion_egress_all",
            "module.network.oci_core_network_security_group_security_rule.bastion_ssh_ingress",
            "module.network.oci_core_network_security_group_security_rule.lb_egress_to_private",
            "module.network.oci_core_network_security_group_security_rule.lb_http_ingress",
            "module.network.oci_core_network_security_group_security_rule.lb_https_ingress",
            "module.network.oci_core_network_security_group_security_rule.private_app_ports",
            "module.network.oci_core_network_security_group_security_rule.private_egress_all",
            "module.network.oci_core_network_security_group_security_rule.private_ssh_from_bastion",
            "module.network.oci_core_route_table.private_route_table",
            "module.network.oci_core_route_table.public_route_table",
            "module.network.oci_core_security_list.private_security_list",
            "module.network.oci_core_security_list.public_security_list",
            "module.network.oci_core_subnet.private_subnet",
            "module.network.oci_core_subnet.public_subnet",
            "module.network.oci_core_vcn.vcn",
            "module.private_compute.oci_core_instance.private_instance"
          ],
          "create_before_destroy": true
        },
        {
          "index_key": 1,
          "schema_version": 0,
          "attributes": {
            "availability_domain": "Brdh:AP-SYDNEY-1-AD-1",
            "compartment_id": "ocid1.compartment.oc1..aaaaaaaa3bfgcrogwd3smdq7aeybl3lamkkfvtwmedfkt7whoizspclhghnq",
            "create_vnic_details": [
              {
                "assign_ipv6ip": false,
                "assign_private_dns_record": false,
                "assign_public_ip": "false",
                "defined_tags": {},
                "display_name": "oci-ext-private-instance-2-secondary-vnic",
                "freeform_tags": {},
                "hostname_label": "",
                "ipv6address_ipv6subnet_cidr_pair_details": [],
                "nsg_ids": null,
                "private_ip": "10.0.2.232",
                "route_table_id": "",
                "security_attributes": {},
                "skip_source_dest_check": false,
                "subnet_id": "ocid1.subnet.oc1.ap-sydney-1.aaaaaaaaxezjsgdnfjmhuq5witldckpvpko5oztskhochcd4zmktmrqsbvta",
                "vlan_id": ""
              }
            ],
            "display_name": "oci-ext-private-instance-2-secondary-vnic",
            "id": "ocid1.vnicattachment.oc1.ap-sydney-1.anzxsljruvuxtpqcucowx5mceesg3mrc4zgsvmoum7ziusqq24bj2crn4acq",
            "instance_id": "ocid1.instance.oc1.ap-sydney-1.anzxsljruvuxtpqcrgo2jrlircn34ys6cttbtzarlfs6nk5iifzw7f364avq",
            "nic_index": 0,
            "state": "ATTACHED",
            "subnet_id": "ocid1.subnet.oc1.ap-sydney-1.aaaaaaaaxezjsgdnfjmhuq5witldckpvpko5oztskhochcd4zmktmrqsbvta",
            "time_created": "2025-07-23 04:12:56.044 +0000 UTC",
            "timeouts": null,
            "vlan_id": null,
            "vlan_tag": 1292,
            "vnic_id": "ocid1.vnic.oc1.ap-sydney-1.abzxsljrlr3eauqvrk3bnt6cvxr2x3fwzuepy454wqsdyjdzi5qoiq6xd67q"
          },
          "sensitive_attributes": [],
          "identity_schema_version": 0,
          "private": "eyJlMmJmYjczMC1lY2FhLTExZTYtOGY4OC0zNDM2M2JjN2M0YzAiOnsiY3JlYXRlIjoxMjAwMDAwMDAwMDAwLCJkZWxldGUiOjEyMDAwMDAwMDAwMDAsInVwZGF0ZSI6MTIwMDAwMDAwMDAwMH19",
          "dependencies": [
            "module.network.oci_core_internet_gateway.internet_gateway",
            "module.network.oci_core_nat_gateway.nat_gateway",
            "module.network.oci_core_network_security_group.bastion_nsg",
            "module.network.oci_core_network_security_group.load_balancer_nsg",
            "module.network.oci_core_network_security_group.private_compute_nsg",
            "module.network.oci_core_network_security_group_security_rule.bastion_egress_all",
            "module.network.oci_core_network_security_group_security_rule.bastion_ssh_ingress",
            "module.network.oci_core_network_security_group_security_rule.lb_egress_to_private",
            "module.network.oci_core_network_security_group_security_rule.lb_http_ingress",
            "module.network.oci_core_network_security_group_security_rule.lb_https_ingress",
            "module.network.oci_core_network_security_group_security_rule.private_app_ports",
            "module.network.oci_core_network_security_group_security_rule.private_egress_all",
            "module.network.oci_core_network_security_group_security_rule.private_ssh_from_bastion",
            "module.network.oci_core_route_table.private_route_table",
            "module.network.oci_core_route_table.public_route_table",
            "module.network.oci_core_security_list.private_security_list",
            "module.network.oci_core_security_list.public_security_list",
            "module.network.oci_core_subnet.private_subnet",
            "module.network.oci_core_subnet.public_subnet",
            "module.network.oci_core_vcn.vcn",
            "module.private_compute.oci_core_instance.private_instance"
          ],
          "create_before_destroy": true
        }
      ]
    }
  ],
  "check_results": null
}
